
Microsoft Visual Studio Solution File, Format Version 12.00
# Visual Studio 15
VisualStudioVersion = 15.0.26730.16
MinimumVisualStudioVersion = 10.0.40219.1
Project("{9A19103F-16F7-4668-BE54-9A1E7A4F7556}") = "Xam.Plugin.WebView.Abstractions", "Xam.Plugin.WebView.Abstractions\Xam.Plugin.WebView.Abstractions.csproj", "{EB503BE7-2AB2-4F15-B86B-67F86CFDBA1F}"
EndProject
Project("{FAE04EC0-301F-11D3-BF4B-00C04F79EFBC}") = "Xam.Plugin.WebView.Droid", "Xam.Plugin.WebView.Droid\Xam.Plugin.WebView.Droid.csproj", "{A4818671-56AB-449F-9BB0-8931C8F5DAF7}"
EndProject
Project("{FAE04EC0-301F-11D3-BF4B-00C04F79EFBC}") = "Xam.Plugin.WebView.iOS", "Xam.Plugin.WebView.iOS\Xam.Plugin.WebView.iOS.csproj", "{F6331DD7-E1D3-4650-8D9B-36CA729C2B4B}"
EndProject
Project("{FAE04EC0-301F-11D3-BF4B-00C04F79EFBC}") = "SampleApp", "SampleApp\SampleApp\SampleApp.csproj", "{740D15EF-4C44-4EAD-8929-6060185742A2}"
EndProject
Project("{FAE04EC0-301F-11D3-BF4B-00C04F79EFBC}") = "SampleApp.iOS", "SampleApp\SampleApp.iOS\SampleApp.iOS.csproj", "{516A9A24-FB43-42B4-9B6F-8A2813B319D8}"
EndProject
Project("{FAE04EC0-301F-11D3-BF4B-00C04F79EFBC}") = "SampleApp.Droid", "SampleApp\SampleApp.Droid\SampleApp.Droid.csproj", "{C1013657-7E4E-4ACA-8193-D4F330ED1B2B}"
EndProject
Project("{2150E333-8FDC-42A3-9474-1A3956D46DE8}") = "Solution Items", "Solution Items", "{270336C9-1C4C-4296-9CC2-F3F2205859E3}"
	ProjectSection(SolutionItems) = preProject
		package.nuspec = package.nuspec
	EndProjectSection
EndProject
Global
	GlobalSection(SolutionConfigurationPlatforms) = preSolution
		Ad-Hoc|Any CPU = Ad-Hoc|Any CPU
		Ad-Hoc|ARM = Ad-Hoc|ARM
		Ad-Hoc|iPhone = Ad-Hoc|iPhone
		Ad-Hoc|iPhoneSimulator = Ad-Hoc|iPhoneSimulator
		Ad-Hoc|x64 = Ad-Hoc|x64
		Ad-Hoc|x86 = Ad-Hoc|x86
		AppStore|Any CPU = AppStore|Any CPU
		AppStore|ARM = AppStore|ARM
		AppStore|iPhone = AppStore|iPhone
		AppStore|iPhoneSimulator = AppStore|iPhoneSimulator
		AppStore|x64 = AppStore|x64
		AppStore|x86 = AppStore|x86
		Debug|Any CPU = Debug|Any CPU
		Debug|ARM = Debug|ARM
		Debug|iPhone = Debug|iPhone
		Debug|iPhoneSimulator = Debug|iPhoneSimulator
		Debug|x64 = Debug|x64
		Debug|x86 = Debug|x86
		Release|Any CPU = Release|Any CPU
		Release|ARM = Release|ARM
		Release|iPhone = Release|iPhone
		Release|iPhoneSimulator = Release|iPhoneSimulator
		Release|x64 = Release|x64
		Release|x86 = Release|x86
	EndGlobalSection
	GlobalSection(ProjectConfigurationPlatforms) = postSolution
		{EB503BE7-2AB2-4F15-B86B-67F86CFDBA1F}.Ad-Hoc|Any CPU.ActiveCfg = Debug|Any CPU
		{EB503BE7-2AB2-4F15-B86B-67F86CFDBA1F}.Ad-Hoc|Any CPU.Build.0 = Debug|Any CPU
		{EB503BE7-2AB2-4F15-B86B-67F86CFDBA1F}.Ad-Hoc|ARM.ActiveCfg = Debug|Any CPU
		{EB503BE7-2AB2-4F15-B86B-67F86CFDBA1F}.Ad-Hoc|ARM.Build.0 = Debug|Any CPU
		{EB503BE7-2AB2-4F15-B86B-67F86CFDBA1F}.Ad-Hoc|iPhone.ActiveCfg = Debug|Any CPU
		{EB503BE7-2AB2-4F15-B86B-67F86CFDBA1F}.Ad-Hoc|iPhone.Build.0 = Debug|Any CPU
		{EB503BE7-2AB2-4F15-B86B-67F86CFDBA1F}.Ad-Hoc|iPhoneSimulator.ActiveCfg = Debug|Any CPU
		{EB503BE7-2AB2-4F15-B86B-67F86CFDBA1F}.Ad-Hoc|iPhoneSimulator.Build.0 = Debug|Any CPU
		{EB503BE7-2AB2-4F15-B86B-67F86CFDBA1F}.Ad-Hoc|x64.ActiveCfg = Debug|Any CPU
		{EB503BE7-2AB2-4F15-B86B-67F86CFDBA1F}.Ad-Hoc|x64.Build.0 = Debug|Any CPU
		{EB503BE7-2AB2-4F15-B86B-67F86CFDBA1F}.Ad-Hoc|x86.ActiveCfg = Debug|Any CPU
		{EB503BE7-2AB2-4F15-B86B-67F86CFDBA1F}.Ad-Hoc|x86.Build.0 = Debug|Any CPU
		{EB503BE7-2AB2-4F15-B86B-67F86CFDBA1F}.AppStore|Any CPU.ActiveCfg = Debug|Any CPU
		{EB503BE7-2AB2-4F15-B86B-67F86CFDBA1F}.AppStore|Any CPU.Build.0 = Debug|Any CPU
		{EB503BE7-2AB2-4F15-B86B-67F86CFDBA1F}.AppStore|ARM.ActiveCfg = Debug|Any CPU
		{EB503BE7-2AB2-4F15-B86B-67F86CFDBA1F}.AppStore|ARM.Build.0 = Debug|Any CPU
		{EB503BE7-2AB2-4F15-B86B-67F86CFDBA1F}.AppStore|iPhone.ActiveCfg = Debug|Any CPU
		{EB503BE7-2AB2-4F15-B86B-67F86CFDBA1F}.AppStore|iPhone.Build.0 = Debug|Any CPU
		{EB503BE7-2AB2-4F15-B86B-67F86CFDBA1F}.AppStore|iPhoneSimulator.ActiveCfg = Debug|Any CPU
		{EB503BE7-2AB2-4F15-B86B-67F86CFDBA1F}.AppStore|iPhoneSimulator.Build.0 = Debug|Any CPU
		{EB503BE7-2AB2-4F15-B86B-67F86CFDBA1F}.AppStore|x64.ActiveCfg = Debug|Any CPU
		{EB503BE7-2AB2-4F15-B86B-67F86CFDBA1F}.AppStore|x64.Build.0 = Debug|Any CPU
		{EB503BE7-2AB2-4F15-B86B-67F86CFDBA1F}.AppStore|x86.ActiveCfg = Debug|Any CPU
		{EB503BE7-2AB2-4F15-B86B-67F86CFDBA1F}.AppStore|x86.Build.0 = Debug|Any CPU
		{EB503BE7-2AB2-4F15-B86B-67F86CFDBA1F}.Debug|Any CPU.ActiveCfg = Debug|Any CPU
		{EB503BE7-2AB2-4F15-B86B-67F86CFDBA1F}.Debug|Any CPU.Build.0 = Debug|Any CPU
		{EB503BE7-2AB2-4F15-B86B-67F86CFDBA1F}.Debug|ARM.ActiveCfg = Debug|Any CPU
		{EB503BE7-2AB2-4F15-B86B-67F86CFDBA1F}.Debug|ARM.Build.0 = Debug|Any CPU
		{EB503BE7-2AB2-4F15-B86B-67F86CFDBA1F}.Debug|iPhone.ActiveCfg = Debug|Any CPU
		{EB503BE7-2AB2-4F15-B86B-67F86CFDBA1F}.Debug|iPhone.Build.0 = Debug|Any CPU
		{EB503BE7-2AB2-4F15-B86B-67F86CFDBA1F}.Debug|iPhoneSimulator.ActiveCfg = Debug|Any CPU
		{EB503BE7-2AB2-4F15-B86B-67F86CFDBA1F}.Debug|iPhoneSimulator.Build.0 = Debug|Any CPU
		{EB503BE7-2AB2-4F15-B86B-67F86CFDBA1F}.Debug|x64.ActiveCfg = Debug|Any CPU
		{EB503BE7-2AB2-4F15-B86B-67F86CFDBA1F}.Debug|x64.Build.0 = Debug|Any CPU
		{EB503BE7-2AB2-4F15-B86B-67F86CFDBA1F}.Debug|x86.ActiveCfg = Debug|Any CPU
		{EB503BE7-2AB2-4F15-B86B-67F86CFDBA1F}.Debug|x86.Build.0 = Debug|Any CPU
		{EB503BE7-2AB2-4F15-B86B-67F86CFDBA1F}.Release|Any CPU.ActiveCfg = Release|Any CPU
		{EB503BE7-2AB2-4F15-B86B-67F86CFDBA1F}.Release|Any CPU.Build.0 = Release|Any CPU
		{EB503BE7-2AB2-4F15-B86B-67F86CFDBA1F}.Release|ARM.ActiveCfg = Release|Any CPU
		{EB503BE7-2AB2-4F15-B86B-67F86CFDBA1F}.Release|ARM.Build.0 = Release|Any CPU
		{EB503BE7-2AB2-4F15-B86B-67F86CFDBA1F}.Release|iPhone.ActiveCfg = Release|Any CPU
		{EB503BE7-2AB2-4F15-B86B-67F86CFDBA1F}.Release|iPhone.Build.0 = Release|Any CPU
		{EB503BE7-2AB2-4F15-B86B-67F86CFDBA1F}.Release|iPhoneSimulator.ActiveCfg = Release|Any CPU
		{EB503BE7-2AB2-4F15-B86B-67F86CFDBA1F}.Release|iPhoneSimulator.Build.0 = Release|Any CPU
		{EB503BE7-2AB2-4F15-B86B-67F86CFDBA1F}.Release|x64.ActiveCfg = Release|Any CPU
		{EB503BE7-2AB2-4F15-B86B-67F86CFDBA1F}.Release|x64.Build.0 = Release|Any CPU
		{EB503BE7-2AB2-4F15-B86B-67F86CFDBA1F}.Release|x86.ActiveCfg = Release|Any CPU
		{EB503BE7-2AB2-4F15-B86B-67F86CFDBA1F}.Release|x86.Build.0 = Release|Any CPU
		{A4818671-56AB-449F-9BB0-8931C8F5DAF7}.Ad-Hoc|Any CPU.ActiveCfg = Release|Any CPU
		{A4818671-56AB-449F-9BB0-8931C8F5DAF7}.Ad-Hoc|Any CPU.Build.0 = Release|Any CPU
		{A4818671-56AB-449F-9BB0-8931C8F5DAF7}.Ad-Hoc|ARM.ActiveCfg = Release|Any CPU
		{A4818671-56AB-449F-9BB0-8931C8F5DAF7}.Ad-Hoc|ARM.Build.0 = Release|Any CPU
		{A4818671-56AB-449F-9BB0-8931C8F5DAF7}.Ad-Hoc|iPhone.ActiveCfg = Release|Any CPU
		{A4818671-56AB-449F-9BB0-8931C8F5DAF7}.Ad-Hoc|iPhone.Build.0 = Release|Any CPU
		{A4818671-56AB-449F-9BB0-8931C8F5DAF7}.Ad-Hoc|iPhoneSimulator.ActiveCfg = Release|Any CPU
		{A4818671-56AB-449F-9BB0-8931C8F5DAF7}.Ad-Hoc|iPhoneSimulator.Build.0 = Release|Any CPU
		{A4818671-56AB-449F-9BB0-8931C8F5DAF7}.Ad-Hoc|x64.ActiveCfg = Release|Any CPU
		{A4818671-56AB-449F-9BB0-8931C8F5DAF7}.Ad-Hoc|x64.Build.0 = Release|Any CPU
		{A4818671-56AB-449F-9BB0-8931C8F5DAF7}.Ad-Hoc|x86.ActiveCfg = Release|Any CPU
		{A4818671-56AB-449F-9BB0-8931C8F5DAF7}.Ad-Hoc|x86.Build.0 = Release|Any CPU
		{A4818671-56AB-449F-9BB0-8931C8F5DAF7}.AppStore|Any CPU.ActiveCfg = Release|Any CPU
		{A4818671-56AB-449F-9BB0-8931C8F5DAF7}.AppStore|Any CPU.Build.0 = Release|Any CPU
		{A4818671-56AB-449F-9BB0-8931C8F5DAF7}.AppStore|ARM.ActiveCfg = Release|Any CPU
		{A4818671-56AB-449F-9BB0-8931C8F5DAF7}.AppStore|ARM.Build.0 = Release|Any CPU
		{A4818671-56AB-449F-9BB0-8931C8F5DAF7}.AppStore|iPhone.ActiveCfg = Release|Any CPU
		{A4818671-56AB-449F-9BB0-8931C8F5DAF7}.AppStore|iPhone.Build.0 = Release|Any CPU
		{A4818671-56AB-449F-9BB0-8931C8F5DAF7}.AppStore|iPhoneSimulator.ActiveCfg = Release|Any CPU
		{A4818671-56AB-449F-9BB0-8931C8F5DAF7}.AppStore|iPhoneSimulator.Build.0 = Release|Any CPU
		{A4818671-56AB-449F-9BB0-8931C8F5DAF7}.AppStore|x64.ActiveCfg = Release|Any CPU
		{A4818671-56AB-449F-9BB0-8931C8F5DAF7}.AppStore|x64.Build.0 = Release|Any CPU
		{A4818671-56AB-449F-9BB0-8931C8F5DAF7}.AppStore|x86.ActiveCfg = Release|Any CPU
		{A4818671-56AB-449F-9BB0-8931C8F5DAF7}.AppStore|x86.Build.0 = Release|Any CPU
		{A4818671-56AB-449F-9BB0-8931C8F5DAF7}.Debug|Any CPU.ActiveCfg = Debug|Any CPU
		{A4818671-56AB-449F-9BB0-8931C8F5DAF7}.Debug|Any CPU.Build.0 = Debug|Any CPU
		{A4818671-56AB-449F-9BB0-8931C8F5DAF7}.Debug|ARM.ActiveCfg = Debug|Any CPU
		{A4818671-56AB-449F-9BB0-8931C8F5DAF7}.Debug|ARM.Build.0 = Debug|Any CPU
		{A4818671-56AB-449F-9BB0-8931C8F5DAF7}.Debug|iPhone.ActiveCfg = Debug|Any CPU
		{A4818671-56AB-449F-9BB0-8931C8F5DAF7}.Debug|iPhone.Build.0 = Debug|Any CPU
		{A4818671-56AB-449F-9BB0-8931C8F5DAF7}.Debug|iPhoneSimulator.ActiveCfg = Debug|Any CPU
		{A4818671-56AB-449F-9BB0-8931C8F5DAF7}.Debug|iPhoneSimulator.Build.0 = Debug|Any CPU
		{A4818671-56AB-449F-9BB0-8931C8F5DAF7}.Debug|x64.ActiveCfg = Debug|Any CPU
		{A4818671-56AB-449F-9BB0-8931C8F5DAF7}.Debug|x64.Build.0 = Debug|Any CPU
		{A4818671-56AB-449F-9BB0-8931C8F5DAF7}.Debug|x86.ActiveCfg = Debug|Any CPU
		{A4818671-56AB-449F-9BB0-8931C8F5DAF7}.Debug|x86.Build.0 = Debug|Any CPU
		{A4818671-56AB-449F-9BB0-8931C8F5DAF7}.Release|Any CPU.ActiveCfg = Release|Any CPU
		{A4818671-56AB-449F-9BB0-8931C8F5DAF7}.Release|Any CPU.Build.0 = Release|Any CPU
		{A4818671-56AB-449F-9BB0-8931C8F5DAF7}.Release|ARM.ActiveCfg = Release|Any CPU
		{A4818671-56AB-449F-9BB0-8931C8F5DAF7}.Release|ARM.Build.0 = Release|Any CPU
		{A4818671-56AB-449F-9BB0-8931C8F5DAF7}.Release|iPhone.ActiveCfg = Release|Any CPU
		{A4818671-56AB-449F-9BB0-8931C8F5DAF7}.Release|iPhone.Build.0 = Release|Any CPU
		{A4818671-56AB-449F-9BB0-8931C8F5DAF7}.Release|iPhoneSimulator.ActiveCfg = Release|Any CPU
		{A4818671-56AB-449F-9BB0-8931C8F5DAF7}.Release|iPhoneSimulator.Build.0 = Release|Any CPU
		{A4818671-56AB-449F-9BB0-8931C8F5DAF7}.Release|x64.ActiveCfg = Release|Any CPU
		{A4818671-56AB-449F-9BB0-8931C8F5DAF7}.Release|x64.Build.0 = Release|Any CPU
		{A4818671-56AB-449F-9BB0-8931C8F5DAF7}.Release|x86.ActiveCfg = Release|Any CPU
		{A4818671-56AB-449F-9BB0-8931C8F5DAF7}.Release|x86.Build.0 = Release|Any CPU
		{F6331DD7-E1D3-4650-8D9B-36CA729C2B4B}.Ad-Hoc|Any CPU.ActiveCfg = Release|Any CPU
		{F6331DD7-E1D3-4650-8D9B-36CA729C2B4B}.Ad-Hoc|Any CPU.Build.0 = Release|Any CPU
		{F6331DD7-E1D3-4650-8D9B-36CA729C2B4B}.Ad-Hoc|ARM.ActiveCfg = Release|Any CPU
		{F6331DD7-E1D3-4650-8D9B-36CA729C2B4B}.Ad-Hoc|ARM.Build.0 = Release|Any CPU
		{F6331DD7-E1D3-4650-8D9B-36CA729C2B4B}.Ad-Hoc|iPhone.ActiveCfg = Release|Any CPU
		{F6331DD7-E1D3-4650-8D9B-36CA729C2B4B}.Ad-Hoc|iPhone.Build.0 = Release|Any CPU
		{F6331DD7-E1D3-4650-8D9B-36CA729C2B4B}.Ad-Hoc|iPhoneSimulator.ActiveCfg = Release|Any CPU
		{F6331DD7-E1D3-4650-8D9B-36CA729C2B4B}.Ad-Hoc|iPhoneSimulator.Build.0 = Release|Any CPU
		{F6331DD7-E1D3-4650-8D9B-36CA729C2B4B}.Ad-Hoc|x64.ActiveCfg = Release|Any CPU
		{F6331DD7-E1D3-4650-8D9B-36CA729C2B4B}.Ad-Hoc|x64.Build.0 = Release|Any CPU
		{F6331DD7-E1D3-4650-8D9B-36CA729C2B4B}.Ad-Hoc|x86.ActiveCfg = Release|Any CPU
		{F6331DD7-E1D3-4650-8D9B-36CA729C2B4B}.Ad-Hoc|x86.Build.0 = Release|Any CPU
		{F6331DD7-E1D3-4650-8D9B-36CA729C2B4B}.AppStore|Any CPU.ActiveCfg = Release|Any CPU
		{F6331DD7-E1D3-4650-8D9B-36CA729C2B4B}.AppStore|Any CPU.Build.0 = Release|Any CPU
		{F6331DD7-E1D3-4650-8D9B-36CA729C2B4B}.AppStore|ARM.ActiveCfg = Release|Any CPU
		{F6331DD7-E1D3-4650-8D9B-36CA729C2B4B}.AppStore|ARM.Build.0 = Release|Any CPU
		{F6331DD7-E1D3-4650-8D9B-36CA729C2B4B}.AppStore|iPhone.ActiveCfg = Release|Any CPU
		{F6331DD7-E1D3-4650-8D9B-36CA729C2B4B}.AppStore|iPhone.Build.0 = Release|Any CPU
		{F6331DD7-E1D3-4650-8D9B-36CA729C2B4B}.AppStore|iPhoneSimulator.ActiveCfg = Release|Any CPU
		{F6331DD7-E1D3-4650-8D9B-36CA729C2B4B}.AppStore|iPhoneSimulator.Build.0 = Release|Any CPU
		{F6331DD7-E1D3-4650-8D9B-36CA729C2B4B}.AppStore|x64.ActiveCfg = Release|Any CPU
		{F6331DD7-E1D3-4650-8D9B-36CA729C2B4B}.AppStore|x64.Build.0 = Release|Any CPU
		{F6331DD7-E1D3-4650-8D9B-36CA729C2B4B}.AppStore|x86.ActiveCfg = Release|Any CPU
		{F6331DD7-E1D3-4650-8D9B-36CA729C2B4B}.AppStore|x86.Build.0 = Release|Any CPU
		{F6331DD7-E1D3-4650-8D9B-36CA729C2B4B}.Debug|Any CPU.ActiveCfg = Debug|Any CPU
		{F6331DD7-E1D3-4650-8D9B-36CA729C2B4B}.Debug|Any CPU.Build.0 = Debug|Any CPU
		{F6331DD7-E1D3-4650-8D9B-36CA729C2B4B}.Debug|ARM.ActiveCfg = Debug|Any CPU
		{F6331DD7-E1D3-4650-8D9B-36CA729C2B4B}.Debug|ARM.Build.0 = Debug|Any CPU
		{F6331DD7-E1D3-4650-8D9B-36CA729C2B4B}.Debug|iPhone.ActiveCfg = Debug|Any CPU
		{F6331DD7-E1D3-4650-8D9B-36CA729C2B4B}.Debug|iPhone.Build.0 = Debug|Any CPU
		{F6331DD7-E1D3-4650-8D9B-36CA729C2B4B}.Debug|iPhoneSimulator.ActiveCfg = Debug|Any CPU
		{F6331DD7-E1D3-4650-8D9B-36CA729C2B4B}.Debug|iPhoneSimulator.Build.0 = Debug|Any CPU
		{F6331DD7-E1D3-4650-8D9B-36CA729C2B4B}.Debug|x64.ActiveCfg = Debug|Any CPU
		{F6331DD7-E1D3-4650-8D9B-36CA729C2B4B}.Debug|x64.Build.0 = Debug|Any CPU
		{F6331DD7-E1D3-4650-8D9B-36CA729C2B4B}.Debug|x86.ActiveCfg = Debug|Any CPU
		{F6331DD7-E1D3-4650-8D9B-36CA729C2B4B}.Debug|x86.Build.0 = Debug|Any CPU
		{F6331DD7-E1D3-4650-8D9B-36CA729C2B4B}.Release|Any CPU.ActiveCfg = Release|Any CPU
		{F6331DD7-E1D3-4650-8D9B-36CA729C2B4B}.Release|Any CPU.Build.0 = Release|Any CPU
		{F6331DD7-E1D3-4650-8D9B-36CA729C2B4B}.Release|ARM.ActiveCfg = Release|Any CPU
		{F6331DD7-E1D3-4650-8D9B-36CA729C2B4B}.Release|ARM.Build.0 = Release|Any CPU
		{F6331DD7-E1D3-4650-8D9B-36CA729C2B4B}.Release|iPhone.ActiveCfg = Release|Any CPU
		{F6331DD7-E1D3-4650-8D9B-36CA729C2B4B}.Release|iPhone.Build.0 = Release|Any CPU
		{F6331DD7-E1D3-4650-8D9B-36CA729C2B4B}.Release|iPhoneSimulator.ActiveCfg = Release|Any CPU
		{F6331DD7-E1D3-4650-8D9B-36CA729C2B4B}.Release|iPhoneSimulator.Build.0 = Release|Any CPU
		{F6331DD7-E1D3-4650-8D9B-36CA729C2B4B}.Release|x64.ActiveCfg = Release|Any CPU
		{F6331DD7-E1D3-4650-8D9B-36CA729C2B4B}.Release|x64.Build.0 = Release|Any CPU
		{F6331DD7-E1D3-4650-8D9B-36CA729C2B4B}.Release|x86.ActiveCfg = Release|Any CPU
		{F6331DD7-E1D3-4650-8D9B-36CA729C2B4B}.Release|x86.Build.0 = Release|Any CPU
		{740D15EF-4C44-4EAD-8929-6060185742A2}.Ad-Hoc|Any CPU.ActiveCfg = Release|Any CPU
		{740D15EF-4C44-4EAD-8929-6060185742A2}.Ad-Hoc|Any CPU.Build.0 = Release|Any CPU
		{740D15EF-4C44-4EAD-8929-6060185742A2}.Ad-Hoc|ARM.ActiveCfg = Release|Any CPU
		{740D15EF-4C44-4EAD-8929-6060185742A2}.Ad-Hoc|ARM.Build.0 = Release|Any CPU
		{740D15EF-4C44-4EAD-8929-6060185742A2}.Ad-Hoc|iPhone.ActiveCfg = Release|Any CPU
		{740D15EF-4C44-4EAD-8929-6060185742A2}.Ad-Hoc|iPhone.Build.0 = Release|Any CPU
		{740D15EF-4C44-4EAD-8929-6060185742A2}.Ad-Hoc|iPhoneSimulator.ActiveCfg = Release|Any CPU
		{740D15EF-4C44-4EAD-8929-6060185742A2}.Ad-Hoc|iPhoneSimulator.Build.0 = Release|Any CPU
		{740D15EF-4C44-4EAD-8929-6060185742A2}.Ad-Hoc|x64.ActiveCfg = Release|Any CPU
		{740D15EF-4C44-4EAD-8929-6060185742A2}.Ad-Hoc|x64.Build.0 = Release|Any CPU
		{740D15EF-4C44-4EAD-8929-6060185742A2}.Ad-Hoc|x86.ActiveCfg = Release|Any CPU
		{740D15EF-4C44-4EAD-8929-6060185742A2}.Ad-Hoc|x86.Build.0 = Release|Any CPU
		{740D15EF-4C44-4EAD-8929-6060185742A2}.AppStore|Any CPU.ActiveCfg = Release|Any CPU
		{740D15EF-4C44-4EAD-8929-6060185742A2}.AppStore|Any CPU.Build.0 = Release|Any CPU
		{740D15EF-4C44-4EAD-8929-6060185742A2}.AppStore|ARM.ActiveCfg = Release|Any CPU
		{740D15EF-4C44-4EAD-8929-6060185742A2}.AppStore|ARM.Build.0 = Release|Any CPU
		{740D15EF-4C44-4EAD-8929-6060185742A2}.AppStore|iPhone.ActiveCfg = Release|Any CPU
		{740D15EF-4C44-4EAD-8929-6060185742A2}.AppStore|iPhone.Build.0 = Release|Any CPU
		{740D15EF-4C44-4EAD-8929-6060185742A2}.AppStore|iPhoneSimulator.ActiveCfg = Release|Any CPU
		{740D15EF-4C44-4EAD-8929-6060185742A2}.AppStore|iPhoneSimulator.Build.0 = Release|Any CPU
		{740D15EF-4C44-4EAD-8929-6060185742A2}.AppStore|x64.ActiveCfg = Release|Any CPU
		{740D15EF-4C44-4EAD-8929-6060185742A2}.AppStore|x64.Build.0 = Release|Any CPU
		{740D15EF-4C44-4EAD-8929-6060185742A2}.AppStore|x86.ActiveCfg = Release|Any CPU
		{740D15EF-4C44-4EAD-8929-6060185742A2}.AppStore|x86.Build.0 = Release|Any CPU
		{740D15EF-4C44-4EAD-8929-6060185742A2}.Debug|Any CPU.ActiveCfg = Debug|Any CPU
		{740D15EF-4C44-4EAD-8929-6060185742A2}.Debug|Any CPU.Build.0 = Debug|Any CPU
		{740D15EF-4C44-4EAD-8929-6060185742A2}.Debug|ARM.ActiveCfg = Debug|Any CPU
		{740D15EF-4C44-4EAD-8929-6060185742A2}.Debug|ARM.Build.0 = Debug|Any CPU
		{740D15EF-4C44-4EAD-8929-6060185742A2}.Debug|iPhone.ActiveCfg = Debug|Any CPU
		{740D15EF-4C44-4EAD-8929-6060185742A2}.Debug|iPhone.Build.0 = Debug|Any CPU
		{740D15EF-4C44-4EAD-8929-6060185742A2}.Debug|iPhoneSimulator.ActiveCfg = Debug|Any CPU
		{740D15EF-4C44-4EAD-8929-6060185742A2}.Debug|iPhoneSimulator.Build.0 = Debug|Any CPU
		{740D15EF-4C44-4EAD-8929-6060185742A2}.Debug|x64.ActiveCfg = Debug|Any CPU
		{740D15EF-4C44-4EAD-8929-6060185742A2}.Debug|x64.Build.0 = Debug|Any CPU
		{740D15EF-4C44-4EAD-8929-6060185742A2}.Debug|x86.ActiveCfg = Debug|Any CPU
		{740D15EF-4C44-4EAD-8929-6060185742A2}.Debug|x86.Build.0 = Debug|Any CPU
		{740D15EF-4C44-4EAD-8929-6060185742A2}.Release|Any CPU.ActiveCfg = Release|Any CPU
		{740D15EF-4C44-4EAD-8929-6060185742A2}.Release|Any CPU.Build.0 = Release|Any CPU
		{740D15EF-4C44-4EAD-8929-6060185742A2}.Release|ARM.ActiveCfg = Release|Any CPU
		{740D15EF-4C44-4EAD-8929-6060185742A2}.Release|ARM.Build.0 = Release|Any CPU
		{740D15EF-4C44-4EAD-8929-6060185742A2}.Release|iPhone.ActiveCfg = Release|Any CPU
		{740D15EF-4C44-4EAD-8929-6060185742A2}.Release|iPhone.Build.0 = Release|Any CPU
		{740D15EF-4C44-4EAD-8929-6060185742A2}.Release|iPhoneSimulator.ActiveCfg = Release|Any CPU
		{740D15EF-4C44-4EAD-8929-6060185742A2}.Release|iPhoneSimulator.Build.0 = Release|Any CPU
		{740D15EF-4C44-4EAD-8929-6060185742A2}.Release|x64.ActiveCfg = Release|Any CPU
		{740D15EF-4C44-4EAD-8929-6060185742A2}.Release|x64.Build.0 = Release|Any CPU
		{740D15EF-4C44-4EAD-8929-6060185742A2}.Release|x86.ActiveCfg = Release|Any CPU
		{740D15EF-4C44-4EAD-8929-6060185742A2}.Release|x86.Build.0 = Release|Any CPU
		{516A9A24-FB43-42B4-9B6F-8A2813B319D8}.Ad-Hoc|Any CPU.ActiveCfg = Ad-Hoc|iPhone
		{516A9A24-FB43-42B4-9B6F-8A2813B319D8}.Ad-Hoc|ARM.ActiveCfg = Ad-Hoc|iPhone
		{516A9A24-FB43-42B4-9B6F-8A2813B319D8}.Ad-Hoc|iPhone.ActiveCfg = Ad-Hoc|iPhone
		{516A9A24-FB43-42B4-9B6F-8A2813B319D8}.Ad-Hoc|iPhone.Build.0 = Ad-Hoc|iPhone
		{516A9A24-FB43-42B4-9B6F-8A2813B319D8}.Ad-Hoc|iPhoneSimulator.ActiveCfg = Ad-Hoc|iPhoneSimulator
		{516A9A24-FB43-42B4-9B6F-8A2813B319D8}.Ad-Hoc|iPhoneSimulator.Build.0 = Ad-Hoc|iPhoneSimulator
		{516A9A24-FB43-42B4-9B6F-8A2813B319D8}.Ad-Hoc|x64.ActiveCfg = Ad-Hoc|iPhone
		{516A9A24-FB43-42B4-9B6F-8A2813B319D8}.Ad-Hoc|x86.ActiveCfg = Ad-Hoc|iPhone
		{516A9A24-FB43-42B4-9B6F-8A2813B319D8}.AppStore|Any CPU.ActiveCfg = AppStore|iPhone
		{516A9A24-FB43-42B4-9B6F-8A2813B319D8}.AppStore|ARM.ActiveCfg = AppStore|iPhone
		{516A9A24-FB43-42B4-9B6F-8A2813B319D8}.AppStore|iPhone.ActiveCfg = AppStore|iPhone
		{516A9A24-FB43-42B4-9B6F-8A2813B319D8}.AppStore|iPhone.Build.0 = AppStore|iPhone
		{516A9A24-FB43-42B4-9B6F-8A2813B319D8}.AppStore|iPhoneSimulator.ActiveCfg = AppStore|iPhoneSimulator
		{516A9A24-FB43-42B4-9B6F-8A2813B319D8}.AppStore|iPhoneSimulator.Build.0 = AppStore|iPhoneSimulator
		{516A9A24-FB43-42B4-9B6F-8A2813B319D8}.AppStore|x64.ActiveCfg = AppStore|iPhone
		{516A9A24-FB43-42B4-9B6F-8A2813B319D8}.AppStore|x86.ActiveCfg = AppStore|iPhone
		{516A9A24-FB43-42B4-9B6F-8A2813B319D8}.Debug|Any CPU.ActiveCfg = Debug|iPhone
		{516A9A24-FB43-42B4-9B6F-8A2813B319D8}.Debug|ARM.ActiveCfg = Debug|iPhone
		{516A9A24-FB43-42B4-9B6F-8A2813B319D8}.Debug|iPhone.ActiveCfg = Debug|iPhone
		{516A9A24-FB43-42B4-9B6F-8A2813B319D8}.Debug|iPhone.Build.0 = Debug|iPhone
		{516A9A24-FB43-42B4-9B6F-8A2813B319D8}.Debug|iPhoneSimulator.ActiveCfg = Debug|iPhoneSimulator
		{516A9A24-FB43-42B4-9B6F-8A2813B319D8}.Debug|iPhoneSimulator.Build.0 = Debug|iPhoneSimulator
		{516A9A24-FB43-42B4-9B6F-8A2813B319D8}.Debug|x64.ActiveCfg = Debug|iPhone
		{516A9A24-FB43-42B4-9B6F-8A2813B319D8}.Debug|x86.ActiveCfg = Debug|iPhone
		{516A9A24-FB43-42B4-9B6F-8A2813B319D8}.Release|Any CPU.ActiveCfg = Release|iPhone
		{516A9A24-FB43-42B4-9B6F-8A2813B319D8}.Release|ARM.ActiveCfg = Release|iPhone
		{516A9A24-FB43-42B4-9B6F-8A2813B319D8}.Release|iPhone.ActiveCfg = Release|iPhone
		{516A9A24-FB43-42B4-9B6F-8A2813B319D8}.Release|iPhone.Build.0 = Release|iPhone
		{516A9A24-FB43-42B4-9B6F-8A2813B319D8}.Release|iPhoneSimulator.ActiveCfg = Release|iPhoneSimulator
		{516A9A24-FB43-42B4-9B6F-8A2813B319D8}.Release|iPhoneSimulator.Build.0 = Release|iPhoneSimulator
		{516A9A24-FB43-42B4-9B6F-8A2813B319D8}.Release|x64.ActiveCfg = Release|iPhone
		{516A9A24-FB43-42B4-9B6F-8A2813B319D8}.Release|x86.ActiveCfg = Release|iPhone
		{C1013657-7E4E-4ACA-8193-D4F330ED1B2B}.Ad-Hoc|Any CPU.ActiveCfg = Release|Any CPU
		{C1013657-7E4E-4ACA-8193-D4F330ED1B2B}.Ad-Hoc|Any CPU.Build.0 = Release|Any CPU
		{C1013657-7E4E-4ACA-8193-D4F330ED1B2B}.Ad-Hoc|Any CPU.Deploy.0 = Release|Any CPU
		{C1013657-7E4E-4ACA-8193-D4F330ED1B2B}.Ad-Hoc|ARM.ActiveCfg = Release|Any CPU
		{C1013657-7E4E-4ACA-8193-D4F330ED1B2B}.Ad-Hoc|ARM.Build.0 = Release|Any CPU
		{C1013657-7E4E-4ACA-8193-D4F330ED1B2B}.Ad-Hoc|ARM.Deploy.0 = Release|Any CPU
		{C1013657-7E4E-4ACA-8193-D4F330ED1B2B}.Ad-Hoc|iPhone.ActiveCfg = Release|Any CPU
		{C1013657-7E4E-4ACA-8193-D4F330ED1B2B}.Ad-Hoc|iPhone.Build.0 = Release|Any CPU
		{C1013657-7E4E-4ACA-8193-D4F330ED1B2B}.Ad-Hoc|iPhone.Deploy.0 = Release|Any CPU
		{C1013657-7E4E-4ACA-8193-D4F330ED1B2B}.Ad-Hoc|iPhoneSimulator.ActiveCfg = Release|Any CPU
		{C1013657-7E4E-4ACA-8193-D4F330ED1B2B}.Ad-Hoc|iPhoneSimulator.Build.0 = Release|Any CPU
		{C1013657-7E4E-4ACA-8193-D4F330ED1B2B}.Ad-Hoc|iPhoneSimulator.Deploy.0 = Release|Any CPU
		{C1013657-7E4E-4ACA-8193-D4F330ED1B2B}.Ad-Hoc|x64.ActiveCfg = Release|Any CPU
		{C1013657-7E4E-4ACA-8193-D4F330ED1B2B}.Ad-Hoc|x64.Build.0 = Release|Any CPU
		{C1013657-7E4E-4ACA-8193-D4F330ED1B2B}.Ad-Hoc|x64.Deploy.0 = Release|Any CPU
		{C1013657-7E4E-4ACA-8193-D4F330ED1B2B}.Ad-Hoc|x86.ActiveCfg = Release|Any CPU
		{C1013657-7E4E-4ACA-8193-D4F330ED1B2B}.Ad-Hoc|x86.Build.0 = Release|Any CPU
		{C1013657-7E4E-4ACA-8193-D4F330ED1B2B}.Ad-Hoc|x86.Deploy.0 = Release|Any CPU
		{C1013657-7E4E-4ACA-8193-D4F330ED1B2B}.AppStore|Any CPU.ActiveCfg = Release|Any CPU
		{C1013657-7E4E-4ACA-8193-D4F330ED1B2B}.AppStore|Any CPU.Build.0 = Release|Any CPU
		{C1013657-7E4E-4ACA-8193-D4F330ED1B2B}.AppStore|Any CPU.Deploy.0 = Release|Any CPU
		{C1013657-7E4E-4ACA-8193-D4F330ED1B2B}.AppStore|ARM.ActiveCfg = Release|Any CPU
		{C1013657-7E4E-4ACA-8193-D4F330ED1B2B}.AppStore|ARM.Build.0 = Release|Any CPU
		{C1013657-7E4E-4ACA-8193-D4F330ED1B2B}.AppStore|ARM.Deploy.0 = Release|Any CPU
		{C1013657-7E4E-4ACA-8193-D4F330ED1B2B}.AppStore|iPhone.ActiveCfg = Release|Any CPU
		{C1013657-7E4E-4ACA-8193-D4F330ED1B2B}.AppStore|iPhone.Build.0 = Release|Any CPU
		{C1013657-7E4E-4ACA-8193-D4F330ED1B2B}.AppStore|iPhone.Deploy.0 = Release|Any CPU
		{C1013657-7E4E-4ACA-8193-D4F330ED1B2B}.AppStore|iPhoneSimulator.ActiveCfg = Release|Any CPU
		{C1013657-7E4E-4ACA-8193-D4F330ED1B2B}.AppStore|iPhoneSimulator.Build.0 = Release|Any CPU
		{C1013657-7E4E-4ACA-8193-D4F330ED1B2B}.AppStore|iPhoneSimulator.Deploy.0 = Release|Any CPU
		{C1013657-7E4E-4ACA-8193-D4F330ED1B2B}.AppStore|x64.ActiveCfg = Release|Any CPU
		{C1013657-7E4E-4ACA-8193-D4F330ED1B2B}.AppStore|x64.Build.0 = Release|Any CPU
		{C1013657-7E4E-4ACA-8193-D4F330ED1B2B}.AppStore|x64.Deploy.0 = Release|Any CPU
		{C1013657-7E4E-4ACA-8193-D4F330ED1B2B}.AppStore|x86.ActiveCfg = Release|Any CPU
		{C1013657-7E4E-4ACA-8193-D4F330ED1B2B}.AppStore|x86.Build.0 = Release|Any CPU
		{C1013657-7E4E-4ACA-8193-D4F330ED1B2B}.AppStore|x86.Deploy.0 = Release|Any CPU
		{C1013657-7E4E-4ACA-8193-D4F330ED1B2B}.Debug|Any CPU.ActiveCfg = Debug|Any CPU
		{C1013657-7E4E-4ACA-8193-D4F330ED1B2B}.Debug|Any CPU.Build.0 = Debug|Any CPU
		{C1013657-7E4E-4ACA-8193-D4F330ED1B2B}.Debug|Any CPU.Deploy.0 = Debug|Any CPU
		{C1013657-7E4E-4ACA-8193-D4F330ED1B2B}.Debug|ARM.ActiveCfg = Debug|Any CPU
		{C1013657-7E4E-4ACA-8193-D4F330ED1B2B}.Debug|ARM.Build.0 = Debug|Any CPU
		{C1013657-7E4E-4ACA-8193-D4F330ED1B2B}.Debug|ARM.Deploy.0 = Debug|Any CPU
		{C1013657-7E4E-4ACA-8193-D4F330ED1B2B}.Debug|iPhone.ActiveCfg = Debug|Any CPU
		{C1013657-7E4E-4ACA-8193-D4F330ED1B2B}.Debug|iPhone.Build.0 = Debug|Any CPU
		{C1013657-7E4E-4ACA-8193-D4F330ED1B2B}.Debug|iPhone.Deploy.0 = Debug|Any CPU
		{C1013657-7E4E-4ACA-8193-D4F330ED1B2B}.Debug|iPhoneSimulator.ActiveCfg = Debug|Any CPU
		{C1013657-7E4E-4ACA-8193-D4F330ED1B2B}.Debug|iPhoneSimulator.Build.0 = Debug|Any CPU
		{C1013657-7E4E-4ACA-8193-D4F330ED1B2B}.Debug|iPhoneSimulator.Deploy.0 = Debug|Any CPU
		{C1013657-7E4E-4ACA-8193-D4F330ED1B2B}.Debug|x64.ActiveCfg = Debug|Any CPU
		{C1013657-7E4E-4ACA-8193-D4F330ED1B2B}.Debug|x64.Build.0 = Debug|Any CPU
		{C1013657-7E4E-4ACA-8193-D4F330ED1B2B}.Debug|x64.Deploy.0 = Debug|Any CPU
		{C1013657-7E4E-4ACA-8193-D4F330ED1B2B}.Debug|x86.ActiveCfg = Debug|Any CPU
		{C1013657-7E4E-4ACA-8193-D4F330ED1B2B}.Debug|x86.Build.0 = Debug|Any CPU
		{C1013657-7E4E-4ACA-8193-D4F330ED1B2B}.Debug|x86.Deploy.0 = Debug|Any CPU
		{C1013657-7E4E-4ACA-8193-D4F330ED1B2B}.Release|Any CPU.ActiveCfg = Release|Any CPU
		{C1013657-7E4E-4ACA-8193-D4F330ED1B2B}.Release|Any CPU.Build.0 = Release|Any CPU
		{C1013657-7E4E-4ACA-8193-D4F330ED1B2B}.Release|Any CPU.Deploy.0 = Release|Any CPU
		{C1013657-7E4E-4ACA-8193-D4F330ED1B2B}.Release|ARM.ActiveCfg = Release|Any CPU
		{C1013657-7E4E-4ACA-8193-D4F330ED1B2B}.Release|ARM.Build.0 = Release|Any CPU
		{C1013657-7E4E-4ACA-8193-D4F330ED1B2B}.Release|ARM.Deploy.0 = Release|Any CPU
		{C1013657-7E4E-4ACA-8193-D4F330ED1B2B}.Release|iPhone.ActiveCfg = Release|Any CPU
		{C1013657-7E4E-4ACA-8193-D4F330ED1B2B}.Release|iPhone.Build.0 = Release|Any CPU
		{C1013657-7E4E-4ACA-8193-D4F330ED1B2B}.Release|iPhone.Deploy.0 = Release|Any CPU
		{C1013657-7E4E-4ACA-8193-D4F330ED1B2B}.Release|iPhoneSimulator.ActiveCfg = Release|Any CPU
		{C1013657-7E4E-4ACA-8193-D4F330ED1B2B}.Release|iPhoneSimulator.Build.0 = Release|Any CPU
		{C1013657-7E4E-4ACA-8193-D4F330ED1B2B}.Release|iPhoneSimulator.Deploy.0 = Release|Any CPU
		{C1013657-7E4E-4ACA-8193-D4F330ED1B2B}.Release|x64.ActiveCfg = Release|Any CPU
		{C1013657-7E4E-4ACA-8193-D4F330ED1B2B}.Release|x64.Build.0 = Release|Any CPU
		{C1013657-7E4E-4ACA-8193-D4F330ED1B2B}.Release|x64.Deploy.0 = Release|Any CPU
		{C1013657-7E4E-4ACA-8193-D4F330ED1B2B}.Release|x86.ActiveCfg = Release|Any CPU
		{C1013657-7E4E-4ACA-8193-D4F330ED1B2B}.Release|x86.Build.0 = Release|Any CPU
		{C1013657-7E4E-4ACA-8193-D4F330ED1B2B}.Release|x86.Deploy.0 = Release|Any CPU
	EndGlobalSection
	GlobalSection(SolutionProperties) = preSolution
		HideSolutionNode = FALSE
	EndGlobalSection
	GlobalSection(ExtensibilityGlobals) = postSolution
		SolutionGuid = {6D602E84-5F6D-410D-8E00-2BE1D25FCE8B}
	EndGlobalSection
EndGlobal
