
Microsoft Visual Studio Solution File, Format Version 12.00
# Visual Studio 15
VisualStudioVersion = 15.0.26730.16
MinimumVisualStudioVersion = 10.0.40219.1
Project("{FAE04EC0-301F-11D3-BF4B-00C04F79EFBC}") = "SampleApp", "SampleApp\SampleApp\SampleApp.csproj", "{740D15EF-4C44-4EAD-8929-6060185742A2}"
EndProject
Project("{FAE04EC0-301F-11D3-BF4B-00C04F79EFBC}") = "SampleApp.Droid", "SampleApp\SampleApp.Droid\SampleApp.Droid.csproj", "{C1013657-7E4E-4ACA-8193-D4F330ED1B2B}"
EndProject
Project("{FAE04EC0-301F-11D3-BF4B-00C04F79EFBC}") = "SampleApp.iOS", "SampleApp\SampleApp.iOS\SampleApp.iOS.csproj", "{516A9A24-FB43-42B4-9B6F-8A2813B319D8}"
EndProject
Project("{FAE04EC0-301F-11D3-BF4B-00C04F79EFBC}") = "SampleApp.UWP", "SampleApp\SampleApp.UWP\SampleApp.UWP.csproj", "{C2E2D1C5-24EA-4CD7-BD5D-856879CD930D}"
EndProject
Project("{FAE04EC0-301F-11D3-BF4B-00C04F79EFBC}") = "Xam.Plugin.Abstractions", "Xam.Plugin.Abstractions\Xam.Plugin.Abstractions.csproj", "{F690DD01-F04C-498B-B574-B870C8A7702C}"
EndProject
Project("{FAE04EC0-301F-11D3-BF4B-00C04F79EFBC}") = "Xam.Plugin.UWP", "Xam.Plugin.UWP\Xam.Plugin.UWP.csproj", "{A15600A1-4072-4C87-8862-F7B981F3A4F3}"
EndProject
Project("{FAE04EC0-301F-11D3-BF4B-00C04F79EFBC}") = "Xam.Plugin.Droid", "Xam.Plugin.Droid\Xam.Plugin.Droid.csproj", "{A4818671-56AB-449F-9BB0-8931C8F5DAF7}"
EndProject
Project("{FAE04EC0-301F-11D3-BF4B-00C04F79EFBC}") = "Xam.Plugin.iOS", "Xam.Plugin.iOS\Xam.Plugin.iOS.csproj", "{F6331DD7-E1D3-4650-8D9B-36CA729C2B4B}"
EndProject
Project("{FAE04EC0-301F-11D3-BF4B-00C04F79EFBC}") = "SampleApp.MacOS", "SampleApp\SampleApp.MacOS\SampleApp.MacOS.csproj", "{8487547E-06FB-44E3-BBC2-BFDF31FFA4B2}"
EndProject
Project("{FAE04EC0-301F-11D3-BF4B-00C04F79EFBC}") = "Xam.Plugin.MacOS", "Xam.Plugin.MacOS\Xam.Plugin.MacOS.csproj", "{8AF4B072-FE14-4139-B346-53AA2E94CCC8}"
EndProject
Global
	GlobalSection(SolutionConfigurationPlatforms) = preSolution
		Ad-Hoc|Any CPU = Ad-Hoc|Any CPU
		Ad-Hoc|ARM = Ad-Hoc|ARM
		Ad-Hoc|iPhone = Ad-Hoc|iPhone
		Ad-Hoc|iPhoneSimulator = Ad-Hoc|iPhoneSimulator
		Ad-Hoc|x64 = Ad-Hoc|x64
		Ad-Hoc|x86 = Ad-Hoc|x86
		AppStore|Any CPU = AppStore|Any CPU
		AppStore|ARM = AppStore|ARM
		AppStore|iPhone = AppStore|iPhone
		AppStore|iPhoneSimulator = AppStore|iPhoneSimulator
		AppStore|x64 = AppStore|x64
		AppStore|x86 = AppStore|x86
		Debug|Any CPU = Debug|Any CPU
		Debug|ARM = Debug|ARM
		Debug|iPhone = Debug|iPhone
		Debug|iPhoneSimulator = Debug|iPhoneSimulator
		Debug|x64 = Debug|x64
		Debug|x86 = Debug|x86
		Release|Any CPU = Release|Any CPU
		Release|ARM = Release|ARM
		Release|iPhone = Release|iPhone
		Release|iPhoneSimulator = Release|iPhoneSimulator
		Release|x64 = Release|x64
		Release|x86 = Release|x86
	EndGlobalSection
	GlobalSection(ProjectConfigurationPlatforms) = postSolution
		{740D15EF-4C44-4EAD-8929-6060185742A2}.Ad-Hoc|Any CPU.ActiveCfg = Release|Any CPU
		{740D15EF-4C44-4EAD-8929-6060185742A2}.Ad-Hoc|Any CPU.Build.0 = Release|Any CPU
		{740D15EF-4C44-4EAD-8929-6060185742A2}.Ad-Hoc|ARM.ActiveCfg = Release|Any CPU
		{740D15EF-4C44-4EAD-8929-6060185742A2}.Ad-Hoc|ARM.Build.0 = Release|Any CPU
		{740D15EF-4C44-4EAD-8929-6060185742A2}.Ad-Hoc|iPhone.ActiveCfg = Release|Any CPU
		{740D15EF-4C44-4EAD-8929-6060185742A2}.Ad-Hoc|iPhone.Build.0 = Release|Any CPU
		{740D15EF-4C44-4EAD-8929-6060185742A2}.Ad-Hoc|iPhoneSimulator.ActiveCfg = Release|Any CPU
		{740D15EF-4C44-4EAD-8929-6060185742A2}.Ad-Hoc|iPhoneSimulator.Build.0 = Release|Any CPU
		{740D15EF-4C44-4EAD-8929-6060185742A2}.Ad-Hoc|x64.ActiveCfg = Release|Any CPU
		{740D15EF-4C44-4EAD-8929-6060185742A2}.Ad-Hoc|x64.Build.0 = Release|Any CPU
		{740D15EF-4C44-4EAD-8929-6060185742A2}.Ad-Hoc|x86.ActiveCfg = Release|Any CPU
		{740D15EF-4C44-4EAD-8929-6060185742A2}.Ad-Hoc|x86.Build.0 = Release|Any CPU
		{740D15EF-4C44-4EAD-8929-6060185742A2}.AppStore|Any CPU.ActiveCfg = Release|Any CPU
		{740D15EF-4C44-4EAD-8929-6060185742A2}.AppStore|Any CPU.Build.0 = Release|Any CPU
		{740D15EF-4C44-4EAD-8929-6060185742A2}.AppStore|ARM.ActiveCfg = Release|Any CPU
		{740D15EF-4C44-4EAD-8929-6060185742A2}.AppStore|ARM.Build.0 = Release|Any CPU
		{740D15EF-4C44-4EAD-8929-6060185742A2}.AppStore|iPhone.ActiveCfg = Release|Any CPU
		{740D15EF-4C44-4EAD-8929-6060185742A2}.AppStore|iPhone.Build.0 = Release|Any CPU
		{740D15EF-4C44-4EAD-8929-6060185742A2}.AppStore|iPhoneSimulator.ActiveCfg = Release|Any CPU
		{740D15EF-4C44-4EAD-8929-6060185742A2}.AppStore|iPhoneSimulator.Build.0 = Release|Any CPU
		{740D15EF-4C44-4EAD-8929-6060185742A2}.AppStore|x64.ActiveCfg = Release|Any CPU
		{740D15EF-4C44-4EAD-8929-6060185742A2}.AppStore|x64.Build.0 = Release|Any CPU
		{740D15EF-4C44-4EAD-8929-6060185742A2}.AppStore|x86.ActiveCfg = Release|Any CPU
		{740D15EF-4C44-4EAD-8929-6060185742A2}.AppStore|x86.Build.0 = Release|Any CPU
		{740D15EF-4C44-4EAD-8929-6060185742A2}.Debug|Any CPU.ActiveCfg = Debug|Any CPU
		{740D15EF-4C44-4EAD-8929-6060185742A2}.Debug|Any CPU.Build.0 = Debug|Any CPU
		{740D15EF-4C44-4EAD-8929-6060185742A2}.Debug|ARM.ActiveCfg = Debug|Any CPU
		{740D15EF-4C44-4EAD-8929-6060185742A2}.Debug|ARM.Build.0 = Debug|Any CPU
		{740D15EF-4C44-4EAD-8929-6060185742A2}.Debug|iPhone.ActiveCfg = Debug|Any CPU
		{740D15EF-4C44-4EAD-8929-6060185742A2}.Debug|iPhone.Build.0 = Debug|Any CPU
		{740D15EF-4C44-4EAD-8929-6060185742A2}.Debug|iPhoneSimulator.ActiveCfg = Debug|Any CPU
		{740D15EF-4C44-4EAD-8929-6060185742A2}.Debug|iPhoneSimulator.Build.0 = Debug|Any CPU
		{740D15EF-4C44-4EAD-8929-6060185742A2}.Debug|x64.ActiveCfg = Debug|Any CPU
		{740D15EF-4C44-4EAD-8929-6060185742A2}.Debug|x64.Build.0 = Debug|Any CPU
		{740D15EF-4C44-4EAD-8929-6060185742A2}.Debug|x86.ActiveCfg = Debug|Any CPU
		{740D15EF-4C44-4EAD-8929-6060185742A2}.Debug|x86.Build.0 = Debug|Any CPU
		{740D15EF-4C44-4EAD-8929-6060185742A2}.Release|Any CPU.ActiveCfg = Release|Any CPU
		{740D15EF-4C44-4EAD-8929-6060185742A2}.Release|Any CPU.Build.0 = Release|Any CPU
		{740D15EF-4C44-4EAD-8929-6060185742A2}.Release|ARM.ActiveCfg = Release|Any CPU
		{740D15EF-4C44-4EAD-8929-6060185742A2}.Release|ARM.Build.0 = Release|Any CPU
		{740D15EF-4C44-4EAD-8929-6060185742A2}.Release|iPhone.ActiveCfg = Release|Any CPU
		{740D15EF-4C44-4EAD-8929-6060185742A2}.Release|iPhone.Build.0 = Release|Any CPU
		{740D15EF-4C44-4EAD-8929-6060185742A2}.Release|iPhoneSimulator.ActiveCfg = Release|Any CPU
		{740D15EF-4C44-4EAD-8929-6060185742A2}.Release|iPhoneSimulator.Build.0 = Release|Any CPU
		{740D15EF-4C44-4EAD-8929-6060185742A2}.Release|x64.ActiveCfg = Release|Any CPU
		{740D15EF-4C44-4EAD-8929-6060185742A2}.Release|x64.Build.0 = Release|Any CPU
		{740D15EF-4C44-4EAD-8929-6060185742A2}.Release|x86.ActiveCfg = Release|Any CPU
		{740D15EF-4C44-4EAD-8929-6060185742A2}.Release|x86.Build.0 = Release|Any CPU
		{C1013657-7E4E-4ACA-8193-D4F330ED1B2B}.Ad-Hoc|Any CPU.ActiveCfg = Release|Any CPU
		{C1013657-7E4E-4ACA-8193-D4F330ED1B2B}.Ad-Hoc|Any CPU.Build.0 = Release|Any CPU
		{C1013657-7E4E-4ACA-8193-D4F330ED1B2B}.Ad-Hoc|Any CPU.Deploy.0 = Release|Any CPU
		{C1013657-7E4E-4ACA-8193-D4F330ED1B2B}.Ad-Hoc|ARM.ActiveCfg = Release|Any CPU
		{C1013657-7E4E-4ACA-8193-D4F330ED1B2B}.Ad-Hoc|ARM.Build.0 = Release|Any CPU
		{C1013657-7E4E-4ACA-8193-D4F330ED1B2B}.Ad-Hoc|ARM.Deploy.0 = Release|Any CPU
		{C1013657-7E4E-4ACA-8193-D4F330ED1B2B}.Ad-Hoc|iPhone.ActiveCfg = Release|Any CPU
		{C1013657-7E4E-4ACA-8193-D4F330ED1B2B}.Ad-Hoc|iPhone.Build.0 = Release|Any CPU
		{C1013657-7E4E-4ACA-8193-D4F330ED1B2B}.Ad-Hoc|iPhone.Deploy.0 = Release|Any CPU
		{C1013657-7E4E-4ACA-8193-D4F330ED1B2B}.Ad-Hoc|iPhoneSimulator.ActiveCfg = Release|Any CPU
		{C1013657-7E4E-4ACA-8193-D4F330ED1B2B}.Ad-Hoc|iPhoneSimulator.Build.0 = Release|Any CPU
		{C1013657-7E4E-4ACA-8193-D4F330ED1B2B}.Ad-Hoc|iPhoneSimulator.Deploy.0 = Release|Any CPU
		{C1013657-7E4E-4ACA-8193-D4F330ED1B2B}.Ad-Hoc|x64.ActiveCfg = Release|Any CPU
		{C1013657-7E4E-4ACA-8193-D4F330ED1B2B}.Ad-Hoc|x64.Build.0 = Release|Any CPU
		{C1013657-7E4E-4ACA-8193-D4F330ED1B2B}.Ad-Hoc|x64.Deploy.0 = Release|Any CPU
		{C1013657-7E4E-4ACA-8193-D4F330ED1B2B}.Ad-Hoc|x86.ActiveCfg = Release|Any CPU
		{C1013657-7E4E-4ACA-8193-D4F330ED1B2B}.Ad-Hoc|x86.Build.0 = Release|Any CPU
		{C1013657-7E4E-4ACA-8193-D4F330ED1B2B}.Ad-Hoc|x86.Deploy.0 = Release|Any CPU
		{C1013657-7E4E-4ACA-8193-D4F330ED1B2B}.AppStore|Any CPU.ActiveCfg = Release|Any CPU
		{C1013657-7E4E-4ACA-8193-D4F330ED1B2B}.AppStore|Any CPU.Build.0 = Release|Any CPU
		{C1013657-7E4E-4ACA-8193-D4F330ED1B2B}.AppStore|Any CPU.Deploy.0 = Release|Any CPU
		{C1013657-7E4E-4ACA-8193-D4F330ED1B2B}.AppStore|ARM.ActiveCfg = Release|Any CPU
		{C1013657-7E4E-4ACA-8193-D4F330ED1B2B}.AppStore|ARM.Build.0 = Release|Any CPU
		{C1013657-7E4E-4ACA-8193-D4F330ED1B2B}.AppStore|ARM.Deploy.0 = Release|Any CPU
		{C1013657-7E4E-4ACA-8193-D4F330ED1B2B}.AppStore|iPhone.ActiveCfg = Release|Any CPU
		{C1013657-7E4E-4ACA-8193-D4F330ED1B2B}.AppStore|iPhone.Build.0 = Release|Any CPU
		{C1013657-7E4E-4ACA-8193-D4F330ED1B2B}.AppStore|iPhone.Deploy.0 = Release|Any CPU
		{C1013657-7E4E-4ACA-8193-D4F330ED1B2B}.AppStore|iPhoneSimulator.ActiveCfg = Release|Any CPU
		{C1013657-7E4E-4ACA-8193-D4F330ED1B2B}.AppStore|iPhoneSimulator.Build.0 = Release|Any CPU
		{C1013657-7E4E-4ACA-8193-D4F330ED1B2B}.AppStore|iPhoneSimulator.Deploy.0 = Release|Any CPU
		{C1013657-7E4E-4ACA-8193-D4F330ED1B2B}.AppStore|x64.ActiveCfg = Release|Any CPU
		{C1013657-7E4E-4ACA-8193-D4F330ED1B2B}.AppStore|x64.Build.0 = Release|Any CPU
		{C1013657-7E4E-4ACA-8193-D4F330ED1B2B}.AppStore|x64.Deploy.0 = Release|Any CPU
		{C1013657-7E4E-4ACA-8193-D4F330ED1B2B}.AppStore|x86.ActiveCfg = Release|Any CPU
		{C1013657-7E4E-4ACA-8193-D4F330ED1B2B}.AppStore|x86.Build.0 = Release|Any CPU
		{C1013657-7E4E-4ACA-8193-D4F330ED1B2B}.AppStore|x86.Deploy.0 = Release|Any CPU
		{C1013657-7E4E-4ACA-8193-D4F330ED1B2B}.Debug|Any CPU.ActiveCfg = Debug|Any CPU
		{C1013657-7E4E-4ACA-8193-D4F330ED1B2B}.Debug|Any CPU.Build.0 = Debug|Any CPU
		{C1013657-7E4E-4ACA-8193-D4F330ED1B2B}.Debug|Any CPU.Deploy.0 = Debug|Any CPU
		{C1013657-7E4E-4ACA-8193-D4F330ED1B2B}.Debug|ARM.ActiveCfg = Debug|Any CPU
		{C1013657-7E4E-4ACA-8193-D4F330ED1B2B}.Debug|ARM.Build.0 = Debug|Any CPU
		{C1013657-7E4E-4ACA-8193-D4F330ED1B2B}.Debug|ARM.Deploy.0 = Debug|Any CPU
		{C1013657-7E4E-4ACA-8193-D4F330ED1B2B}.Debug|iPhone.ActiveCfg = Debug|Any CPU
		{C1013657-7E4E-4ACA-8193-D4F330ED1B2B}.Debug|iPhone.Build.0 = Debug|Any CPU
		{C1013657-7E4E-4ACA-8193-D4F330ED1B2B}.Debug|iPhone.Deploy.0 = Debug|Any CPU
		{C1013657-7E4E-4ACA-8193-D4F330ED1B2B}.Debug|iPhoneSimulator.ActiveCfg = Debug|Any CPU
		{C1013657-7E4E-4ACA-8193-D4F330ED1B2B}.Debug|iPhoneSimulator.Build.0 = Debug|Any CPU
		{C1013657-7E4E-4ACA-8193-D4F330ED1B2B}.Debug|iPhoneSimulator.Deploy.0 = Debug|Any CPU
		{C1013657-7E4E-4ACA-8193-D4F330ED1B2B}.Debug|x64.ActiveCfg = Debug|Any CPU
		{C1013657-7E4E-4ACA-8193-D4F330ED1B2B}.Debug|x64.Build.0 = Debug|Any CPU
		{C1013657-7E4E-4ACA-8193-D4F330ED1B2B}.Debug|x64.Deploy.0 = Debug|Any CPU
		{C1013657-7E4E-4ACA-8193-D4F330ED1B2B}.Debug|x86.ActiveCfg = Debug|Any CPU
		{C1013657-7E4E-4ACA-8193-D4F330ED1B2B}.Debug|x86.Build.0 = Debug|Any CPU
		{C1013657-7E4E-4ACA-8193-D4F330ED1B2B}.Debug|x86.Deploy.0 = Debug|Any CPU
		{C1013657-7E4E-4ACA-8193-D4F330ED1B2B}.Release|Any CPU.ActiveCfg = Release|Any CPU
		{C1013657-7E4E-4ACA-8193-D4F330ED1B2B}.Release|Any CPU.Build.0 = Release|Any CPU
		{C1013657-7E4E-4ACA-8193-D4F330ED1B2B}.Release|Any CPU.Deploy.0 = Release|Any CPU
		{C1013657-7E4E-4ACA-8193-D4F330ED1B2B}.Release|ARM.ActiveCfg = Release|Any CPU
		{C1013657-7E4E-4ACA-8193-D4F330ED1B2B}.Release|ARM.Build.0 = Release|Any CPU
		{C1013657-7E4E-4ACA-8193-D4F330ED1B2B}.Release|ARM.Deploy.0 = Release|Any CPU
		{C1013657-7E4E-4ACA-8193-D4F330ED1B2B}.Release|iPhone.ActiveCfg = Release|Any CPU
		{C1013657-7E4E-4ACA-8193-D4F330ED1B2B}.Release|iPhone.Build.0 = Release|Any CPU
		{C1013657-7E4E-4ACA-8193-D4F330ED1B2B}.Release|iPhone.Deploy.0 = Release|Any CPU
		{C1013657-7E4E-4ACA-8193-D4F330ED1B2B}.Release|iPhoneSimulator.ActiveCfg = Release|Any CPU
		{C1013657-7E4E-4ACA-8193-D4F330ED1B2B}.Release|iPhoneSimulator.Build.0 = Release|Any CPU
		{C1013657-7E4E-4ACA-8193-D4F330ED1B2B}.Release|x64.ActiveCfg = Release|Any CPU
		{C1013657-7E4E-4ACA-8193-D4F330ED1B2B}.Release|x64.Build.0 = Release|Any CPU
		{C1013657-7E4E-4ACA-8193-D4F330ED1B2B}.Release|x64.Deploy.0 = Release|Any CPU
		{C1013657-7E4E-4ACA-8193-D4F330ED1B2B}.Release|x86.ActiveCfg = Release|Any CPU
		{C1013657-7E4E-4ACA-8193-D4F330ED1B2B}.Release|x86.Build.0 = Release|Any CPU
		{C1013657-7E4E-4ACA-8193-D4F330ED1B2B}.Release|x86.Deploy.0 = Release|Any CPU
		{516A9A24-FB43-42B4-9B6F-8A2813B319D8}.Ad-Hoc|Any CPU.ActiveCfg = Ad-Hoc|iPhone
		{516A9A24-FB43-42B4-9B6F-8A2813B319D8}.Ad-Hoc|ARM.ActiveCfg = Ad-Hoc|iPhone
		{516A9A24-FB43-42B4-9B6F-8A2813B319D8}.Ad-Hoc|iPhone.ActiveCfg = Ad-Hoc|iPhone
		{516A9A24-FB43-42B4-9B6F-8A2813B319D8}.Ad-Hoc|iPhone.Build.0 = Ad-Hoc|iPhone
		{516A9A24-FB43-42B4-9B6F-8A2813B319D8}.Ad-Hoc|iPhoneSimulator.ActiveCfg = Ad-Hoc|iPhoneSimulator
		{516A9A24-FB43-42B4-9B6F-8A2813B319D8}.Ad-Hoc|iPhoneSimulator.Build.0 = Ad-Hoc|iPhoneSimulator
		{516A9A24-FB43-42B4-9B6F-8A2813B319D8}.Ad-Hoc|x64.ActiveCfg = Ad-Hoc|iPhone
		{516A9A24-FB43-42B4-9B6F-8A2813B319D8}.Ad-Hoc|x86.ActiveCfg = Ad-Hoc|iPhone
		{516A9A24-FB43-42B4-9B6F-8A2813B319D8}.AppStore|Any CPU.ActiveCfg = AppStore|iPhone
		{516A9A24-FB43-42B4-9B6F-8A2813B319D8}.AppStore|ARM.ActiveCfg = AppStore|iPhone
		{516A9A24-FB43-42B4-9B6F-8A2813B319D8}.AppStore|iPhone.ActiveCfg = AppStore|iPhone
		{516A9A24-FB43-42B4-9B6F-8A2813B319D8}.AppStore|iPhone.Build.0 = AppStore|iPhone
		{516A9A24-FB43-42B4-9B6F-8A2813B319D8}.AppStore|iPhoneSimulator.ActiveCfg = AppStore|iPhoneSimulator
		{516A9A24-FB43-42B4-9B6F-8A2813B319D8}.AppStore|iPhoneSimulator.Build.0 = AppStore|iPhoneSimulator
		{516A9A24-FB43-42B4-9B6F-8A2813B319D8}.AppStore|x64.ActiveCfg = AppStore|iPhone
		{516A9A24-FB43-42B4-9B6F-8A2813B319D8}.AppStore|x86.ActiveCfg = AppStore|iPhone
		{516A9A24-FB43-42B4-9B6F-8A2813B319D8}.Debug|Any CPU.ActiveCfg = Debug|iPhone
		{516A9A24-FB43-42B4-9B6F-8A2813B319D8}.Debug|Any CPU.Build.0 = Debug|iPhone
		{516A9A24-FB43-42B4-9B6F-8A2813B319D8}.Debug|ARM.ActiveCfg = Debug|iPhone
		{516A9A24-FB43-42B4-9B6F-8A2813B319D8}.Debug|iPhone.ActiveCfg = Debug|iPhone
		{516A9A24-FB43-42B4-9B6F-8A2813B319D8}.Debug|iPhone.Build.0 = Debug|iPhone
		{516A9A24-FB43-42B4-9B6F-8A2813B319D8}.Debug|iPhoneSimulator.ActiveCfg = Debug|iPhoneSimulator
		{516A9A24-FB43-42B4-9B6F-8A2813B319D8}.Debug|iPhoneSimulator.Build.0 = Debug|iPhoneSimulator
		{516A9A24-FB43-42B4-9B6F-8A2813B319D8}.Debug|x64.ActiveCfg = Debug|iPhone
		{516A9A24-FB43-42B4-9B6F-8A2813B319D8}.Debug|x86.ActiveCfg = Debug|iPhone
		{516A9A24-FB43-42B4-9B6F-8A2813B319D8}.Release|Any CPU.ActiveCfg = Release|iPhone
		{516A9A24-FB43-42B4-9B6F-8A2813B319D8}.Release|Any CPU.Build.0 = Release|iPhone
		{516A9A24-FB43-42B4-9B6F-8A2813B319D8}.Release|ARM.ActiveCfg = Release|iPhone
		{516A9A24-FB43-42B4-9B6F-8A2813B319D8}.Release|iPhone.ActiveCfg = Release|iPhone
		{516A9A24-FB43-42B4-9B6F-8A2813B319D8}.Release|iPhone.Build.0 = Release|iPhone
		{516A9A24-FB43-42B4-9B6F-8A2813B319D8}.Release|iPhoneSimulator.ActiveCfg = Release|iPhone
		{516A9A24-FB43-42B4-9B6F-8A2813B319D8}.Release|iPhoneSimulator.Build.0 = Release|iPhone
		{516A9A24-FB43-42B4-9B6F-8A2813B319D8}.Release|x64.ActiveCfg = Release|iPhone
		{516A9A24-FB43-42B4-9B6F-8A2813B319D8}.Release|x64.Build.0 = Release|iPhone
		{516A9A24-FB43-42B4-9B6F-8A2813B319D8}.Release|x86.ActiveCfg = Release|iPhone
		{C2E2D1C5-24EA-4CD7-BD5D-856879CD930D}.Ad-Hoc|Any CPU.ActiveCfg = Release|x86
		{C2E2D1C5-24EA-4CD7-BD5D-856879CD930D}.Ad-Hoc|Any CPU.Build.0 = Release|x86
		{C2E2D1C5-24EA-4CD7-BD5D-856879CD930D}.Ad-Hoc|Any CPU.Deploy.0 = Release|x86
		{C2E2D1C5-24EA-4CD7-BD5D-856879CD930D}.Ad-Hoc|ARM.ActiveCfg = Release|ARM
		{C2E2D1C5-24EA-4CD7-BD5D-856879CD930D}.Ad-Hoc|ARM.Build.0 = Release|ARM
		{C2E2D1C5-24EA-4CD7-BD5D-856879CD930D}.Ad-Hoc|ARM.Deploy.0 = Release|ARM
		{C2E2D1C5-24EA-4CD7-BD5D-856879CD930D}.Ad-Hoc|iPhone.ActiveCfg = Release|x86
		{C2E2D1C5-24EA-4CD7-BD5D-856879CD930D}.Ad-Hoc|iPhone.Build.0 = Release|x86
		{C2E2D1C5-24EA-4CD7-BD5D-856879CD930D}.Ad-Hoc|iPhone.Deploy.0 = Release|x86
		{C2E2D1C5-24EA-4CD7-BD5D-856879CD930D}.Ad-Hoc|iPhoneSimulator.ActiveCfg = Release|x86
		{C2E2D1C5-24EA-4CD7-BD5D-856879CD930D}.Ad-Hoc|iPhoneSimulator.Build.0 = Release|x86
		{C2E2D1C5-24EA-4CD7-BD5D-856879CD930D}.Ad-Hoc|iPhoneSimulator.Deploy.0 = Release|x86
		{C2E2D1C5-24EA-4CD7-BD5D-856879CD930D}.Ad-Hoc|x64.ActiveCfg = Release|x64
		{C2E2D1C5-24EA-4CD7-BD5D-856879CD930D}.Ad-Hoc|x64.Build.0 = Release|x64
		{C2E2D1C5-24EA-4CD7-BD5D-856879CD930D}.Ad-Hoc|x64.Deploy.0 = Release|x64
		{C2E2D1C5-24EA-4CD7-BD5D-856879CD930D}.Ad-Hoc|x86.ActiveCfg = Release|x86
		{C2E2D1C5-24EA-4CD7-BD5D-856879CD930D}.Ad-Hoc|x86.Build.0 = Release|x86
		{C2E2D1C5-24EA-4CD7-BD5D-856879CD930D}.Ad-Hoc|x86.Deploy.0 = Release|x86
		{C2E2D1C5-24EA-4CD7-BD5D-856879CD930D}.AppStore|Any CPU.ActiveCfg = Release|x86
		{C2E2D1C5-24EA-4CD7-BD5D-856879CD930D}.AppStore|Any CPU.Build.0 = Release|x86
		{C2E2D1C5-24EA-4CD7-BD5D-856879CD930D}.AppStore|Any CPU.Deploy.0 = Release|x86
		{C2E2D1C5-24EA-4CD7-BD5D-856879CD930D}.AppStore|ARM.ActiveCfg = Release|ARM
		{C2E2D1C5-24EA-4CD7-BD5D-856879CD930D}.AppStore|ARM.Build.0 = Release|ARM
		{C2E2D1C5-24EA-4CD7-BD5D-856879CD930D}.AppStore|ARM.Deploy.0 = Release|ARM
		{C2E2D1C5-24EA-4CD7-BD5D-856879CD930D}.AppStore|iPhone.ActiveCfg = Release|x86
		{C2E2D1C5-24EA-4CD7-BD5D-856879CD930D}.AppStore|iPhone.Build.0 = Release|x86
		{C2E2D1C5-24EA-4CD7-BD5D-856879CD930D}.AppStore|iPhone.Deploy.0 = Release|x86
		{C2E2D1C5-24EA-4CD7-BD5D-856879CD930D}.AppStore|iPhoneSimulator.ActiveCfg = Release|x86
		{C2E2D1C5-24EA-4CD7-BD5D-856879CD930D}.AppStore|iPhoneSimulator.Build.0 = Release|x86
		{C2E2D1C5-24EA-4CD7-BD5D-856879CD930D}.AppStore|iPhoneSimulator.Deploy.0 = Release|x86
		{C2E2D1C5-24EA-4CD7-BD5D-856879CD930D}.AppStore|x64.ActiveCfg = Release|x64
		{C2E2D1C5-24EA-4CD7-BD5D-856879CD930D}.AppStore|x64.Build.0 = Release|x64
		{C2E2D1C5-24EA-4CD7-BD5D-856879CD930D}.AppStore|x64.Deploy.0 = Release|x64
		{C2E2D1C5-24EA-4CD7-BD5D-856879CD930D}.AppStore|x86.ActiveCfg = Release|x86
		{C2E2D1C5-24EA-4CD7-BD5D-856879CD930D}.AppStore|x86.Build.0 = Release|x86
		{C2E2D1C5-24EA-4CD7-BD5D-856879CD930D}.AppStore|x86.Deploy.0 = Release|x86
		{C2E2D1C5-24EA-4CD7-BD5D-856879CD930D}.Debug|Any CPU.ActiveCfg = Debug|x86
		{C2E2D1C5-24EA-4CD7-BD5D-856879CD930D}.Debug|Any CPU.Build.0 = Debug|x86
		{C2E2D1C5-24EA-4CD7-BD5D-856879CD930D}.Debug|Any CPU.Deploy.0 = Debug|x86
		{C2E2D1C5-24EA-4CD7-BD5D-856879CD930D}.Debug|ARM.ActiveCfg = Debug|ARM
		{C2E2D1C5-24EA-4CD7-BD5D-856879CD930D}.Debug|ARM.Build.0 = Debug|ARM
		{C2E2D1C5-24EA-4CD7-BD5D-856879CD930D}.Debug|ARM.Deploy.0 = Debug|ARM
		{C2E2D1C5-24EA-4CD7-BD5D-856879CD930D}.Debug|iPhone.ActiveCfg = Debug|x86
		{C2E2D1C5-24EA-4CD7-BD5D-856879CD930D}.Debug|iPhoneSimulator.ActiveCfg = Debug|x86
		{C2E2D1C5-24EA-4CD7-BD5D-856879CD930D}.Debug|x64.ActiveCfg = Debug|x64
		{C2E2D1C5-24EA-4CD7-BD5D-856879CD930D}.Debug|x64.Build.0 = Debug|x64
		{C2E2D1C5-24EA-4CD7-BD5D-856879CD930D}.Debug|x64.Deploy.0 = Debug|x64
		{C2E2D1C5-24EA-4CD7-BD5D-856879CD930D}.Debug|x86.ActiveCfg = Debug|x86
		{C2E2D1C5-24EA-4CD7-BD5D-856879CD930D}.Debug|x86.Build.0 = Debug|x86
		{C2E2D1C5-24EA-4CD7-BD5D-856879CD930D}.Debug|x86.Deploy.0 = Debug|x86
		{C2E2D1C5-24EA-4CD7-BD5D-856879CD930D}.Release|Any CPU.ActiveCfg = Release|x86
		{C2E2D1C5-24EA-4CD7-BD5D-856879CD930D}.Release|Any CPU.Build.0 = Release|x86
		{C2E2D1C5-24EA-4CD7-BD5D-856879CD930D}.Release|Any CPU.Deploy.0 = Release|x86
		{C2E2D1C5-24EA-4CD7-BD5D-856879CD930D}.Release|ARM.ActiveCfg = Release|ARM
		{C2E2D1C5-24EA-4CD7-BD5D-856879CD930D}.Release|ARM.Build.0 = Release|ARM
		{C2E2D1C5-24EA-4CD7-BD5D-856879CD930D}.Release|ARM.Deploy.0 = Release|ARM
		{C2E2D1C5-24EA-4CD7-BD5D-856879CD930D}.Release|iPhone.ActiveCfg = Release|x86
		{C2E2D1C5-24EA-4CD7-BD5D-856879CD930D}.Release|iPhoneSimulator.ActiveCfg = Release|x64
		{C2E2D1C5-24EA-4CD7-BD5D-856879CD930D}.Release|iPhoneSimulator.Build.0 = Release|x64
		{C2E2D1C5-24EA-4CD7-BD5D-856879CD930D}.Release|x64.ActiveCfg = Release|x64
		{C2E2D1C5-24EA-4CD7-BD5D-856879CD930D}.Release|x64.Build.0 = Release|x64
		{C2E2D1C5-24EA-4CD7-BD5D-856879CD930D}.Release|x64.Deploy.0 = Release|x64
		{C2E2D1C5-24EA-4CD7-BD5D-856879CD930D}.Release|x86.ActiveCfg = Release|x86
		{C2E2D1C5-24EA-4CD7-BD5D-856879CD930D}.Release|x86.Build.0 = Release|x86
		{C2E2D1C5-24EA-4CD7-BD5D-856879CD930D}.Release|x86.Deploy.0 = Release|x86
		{67F9D3A8-F71E-4428-913F-C37AE82CDB24}.Ad-Hoc|Any CPU.ActiveCfg = Release|Any CPU
		{67F9D3A8-F71E-4428-913F-C37AE82CDB24}.Ad-Hoc|Any CPU.Build.0 = Release|Any CPU
		{67F9D3A8-F71E-4428-913F-C37AE82CDB24}.Ad-Hoc|ARM.ActiveCfg = Release|Any CPU
		{67F9D3A8-F71E-4428-913F-C37AE82CDB24}.Ad-Hoc|ARM.Build.0 = Release|Any CPU
		{67F9D3A8-F71E-4428-913F-C37AE82CDB24}.Ad-Hoc|iPhone.ActiveCfg = Release|Any CPU
		{67F9D3A8-F71E-4428-913F-C37AE82CDB24}.Ad-Hoc|iPhone.Build.0 = Release|Any CPU
		{67F9D3A8-F71E-4428-913F-C37AE82CDB24}.Ad-Hoc|iPhoneSimulator.ActiveCfg = Release|Any CPU
		{67F9D3A8-F71E-4428-913F-C37AE82CDB24}.Ad-Hoc|iPhoneSimulator.Build.0 = Release|Any CPU
		{67F9D3A8-F71E-4428-913F-C37AE82CDB24}.Ad-Hoc|x64.ActiveCfg = Release|Any CPU
		{67F9D3A8-F71E-4428-913F-C37AE82CDB24}.Ad-Hoc|x64.Build.0 = Release|Any CPU
		{67F9D3A8-F71E-4428-913F-C37AE82CDB24}.Ad-Hoc|x86.ActiveCfg = Release|Any CPU
		{67F9D3A8-F71E-4428-913F-C37AE82CDB24}.Ad-Hoc|x86.Build.0 = Release|Any CPU
		{67F9D3A8-F71E-4428-913F-C37AE82CDB24}.AppStore|Any CPU.ActiveCfg = Release|Any CPU
		{67F9D3A8-F71E-4428-913F-C37AE82CDB24}.AppStore|Any CPU.Build.0 = Release|Any CPU
		{67F9D3A8-F71E-4428-913F-C37AE82CDB24}.AppStore|ARM.ActiveCfg = Release|Any CPU
		{67F9D3A8-F71E-4428-913F-C37AE82CDB24}.AppStore|ARM.Build.0 = Release|Any CPU
		{67F9D3A8-F71E-4428-913F-C37AE82CDB24}.AppStore|iPhone.ActiveCfg = Release|Any CPU
		{67F9D3A8-F71E-4428-913F-C37AE82CDB24}.AppStore|iPhone.Build.0 = Release|Any CPU
		{67F9D3A8-F71E-4428-913F-C37AE82CDB24}.AppStore|iPhoneSimulator.ActiveCfg = Release|Any CPU
		{67F9D3A8-F71E-4428-913F-C37AE82CDB24}.AppStore|iPhoneSimulator.Build.0 = Release|Any CPU
		{67F9D3A8-F71E-4428-913F-C37AE82CDB24}.AppStore|x64.ActiveCfg = Release|Any CPU
		{67F9D3A8-F71E-4428-913F-C37AE82CDB24}.AppStore|x64.Build.0 = Release|Any CPU
		{67F9D3A8-F71E-4428-913F-C37AE82CDB24}.AppStore|x86.ActiveCfg = Release|Any CPU
		{67F9D3A8-F71E-4428-913F-C37AE82CDB24}.AppStore|x86.Build.0 = Release|Any CPU
		{67F9D3A8-F71E-4428-913F-C37AE82CDB24}.Debug|Any CPU.ActiveCfg = Debug|Any CPU
		{67F9D3A8-F71E-4428-913F-C37AE82CDB24}.Debug|Any CPU.Build.0 = Debug|Any CPU
		{67F9D3A8-F71E-4428-913F-C37AE82CDB24}.Debug|ARM.ActiveCfg = Debug|Any CPU
		{67F9D3A8-F71E-4428-913F-C37AE82CDB24}.Debug|ARM.Build.0 = Debug|Any CPU
		{67F9D3A8-F71E-4428-913F-C37AE82CDB24}.Debug|iPhone.ActiveCfg = Debug|Any CPU
		{67F9D3A8-F71E-4428-913F-C37AE82CDB24}.Debug|iPhone.Build.0 = Debug|Any CPU
		{67F9D3A8-F71E-4428-913F-C37AE82CDB24}.Debug|iPhoneSimulator.ActiveCfg = Debug|Any CPU
		{67F9D3A8-F71E-4428-913F-C37AE82CDB24}.Debug|iPhoneSimulator.Build.0 = Debug|Any CPU
		{67F9D3A8-F71E-4428-913F-C37AE82CDB24}.Debug|x64.ActiveCfg = Debug|Any CPU
		{67F9D3A8-F71E-4428-913F-C37AE82CDB24}.Debug|x64.Build.0 = Debug|Any CPU
		{67F9D3A8-F71E-4428-913F-C37AE82CDB24}.Debug|x86.ActiveCfg = Debug|Any CPU
		{67F9D3A8-F71E-4428-913F-C37AE82CDB24}.Debug|x86.Build.0 = Debug|Any CPU
		{67F9D3A8-F71E-4428-913F-C37AE82CDB24}.Release|Any CPU.ActiveCfg = Release|Any CPU
		{67F9D3A8-F71E-4428-913F-C37AE82CDB24}.Release|Any CPU.Build.0 = Release|Any CPU
		{67F9D3A8-F71E-4428-913F-C37AE82CDB24}.Release|ARM.ActiveCfg = Release|Any CPU
		{67F9D3A8-F71E-4428-913F-C37AE82CDB24}.Release|ARM.Build.0 = Release|Any CPU
		{67F9D3A8-F71E-4428-913F-C37AE82CDB24}.Release|iPhone.ActiveCfg = Release|Any CPU
		{67F9D3A8-F71E-4428-913F-C37AE82CDB24}.Release|iPhone.Build.0 = Release|Any CPU
		{67F9D3A8-F71E-4428-913F-C37AE82CDB24}.Release|iPhoneSimulator.ActiveCfg = Release|Any CPU
		{67F9D3A8-F71E-4428-913F-C37AE82CDB24}.Release|iPhoneSimulator.Build.0 = Release|Any CPU
		{67F9D3A8-F71E-4428-913F-C37AE82CDB24}.Release|x64.ActiveCfg = Release|Any CPU
		{67F9D3A8-F71E-4428-913F-C37AE82CDB24}.Release|x64.Build.0 = Release|Any CPU
		{67F9D3A8-F71E-4428-913F-C37AE82CDB24}.Release|x86.ActiveCfg = Release|Any CPU
		{67F9D3A8-F71E-4428-913F-C37AE82CDB24}.Release|x86.Build.0 = Release|Any CPU
		{C939B2D9-94A6-4F5F-8F90-5555484713C6}.Ad-Hoc|Any CPU.ActiveCfg = Release|Any CPU
		{C939B2D9-94A6-4F5F-8F90-5555484713C6}.Ad-Hoc|Any CPU.Build.0 = Release|Any CPU
		{C939B2D9-94A6-4F5F-8F90-5555484713C6}.Ad-Hoc|ARM.ActiveCfg = Release|ARM
		{C939B2D9-94A6-4F5F-8F90-5555484713C6}.Ad-Hoc|ARM.Build.0 = Release|ARM
		{C939B2D9-94A6-4F5F-8F90-5555484713C6}.Ad-Hoc|iPhone.ActiveCfg = Release|Any CPU
		{C939B2D9-94A6-4F5F-8F90-5555484713C6}.Ad-Hoc|iPhone.Build.0 = Release|Any CPU
		{C939B2D9-94A6-4F5F-8F90-5555484713C6}.Ad-Hoc|iPhoneSimulator.ActiveCfg = Release|Any CPU
		{C939B2D9-94A6-4F5F-8F90-5555484713C6}.Ad-Hoc|iPhoneSimulator.Build.0 = Release|Any CPU
		{C939B2D9-94A6-4F5F-8F90-5555484713C6}.Ad-Hoc|x64.ActiveCfg = Release|x64
		{C939B2D9-94A6-4F5F-8F90-5555484713C6}.Ad-Hoc|x64.Build.0 = Release|x64
		{C939B2D9-94A6-4F5F-8F90-5555484713C6}.Ad-Hoc|x86.ActiveCfg = Release|x86
		{C939B2D9-94A6-4F5F-8F90-5555484713C6}.Ad-Hoc|x86.Build.0 = Release|x86
		{C939B2D9-94A6-4F5F-8F90-5555484713C6}.AppStore|Any CPU.ActiveCfg = Release|Any CPU
		{C939B2D9-94A6-4F5F-8F90-5555484713C6}.AppStore|Any CPU.Build.0 = Release|Any CPU
		{C939B2D9-94A6-4F5F-8F90-5555484713C6}.AppStore|ARM.ActiveCfg = Release|ARM
		{C939B2D9-94A6-4F5F-8F90-5555484713C6}.AppStore|ARM.Build.0 = Release|ARM
		{C939B2D9-94A6-4F5F-8F90-5555484713C6}.AppStore|iPhone.ActiveCfg = Release|Any CPU
		{C939B2D9-94A6-4F5F-8F90-5555484713C6}.AppStore|iPhone.Build.0 = Release|Any CPU
		{C939B2D9-94A6-4F5F-8F90-5555484713C6}.AppStore|iPhoneSimulator.ActiveCfg = Release|Any CPU
		{C939B2D9-94A6-4F5F-8F90-5555484713C6}.AppStore|iPhoneSimulator.Build.0 = Release|Any CPU
		{C939B2D9-94A6-4F5F-8F90-5555484713C6}.AppStore|x64.ActiveCfg = Release|x64
		{C939B2D9-94A6-4F5F-8F90-5555484713C6}.AppStore|x64.Build.0 = Release|x64
		{C939B2D9-94A6-4F5F-8F90-5555484713C6}.AppStore|x86.ActiveCfg = Release|x86
		{C939B2D9-94A6-4F5F-8F90-5555484713C6}.AppStore|x86.Build.0 = Release|x86
		{C939B2D9-94A6-4F5F-8F90-5555484713C6}.Debug|Any CPU.ActiveCfg = Debug|Any CPU
		{C939B2D9-94A6-4F5F-8F90-5555484713C6}.Debug|Any CPU.Build.0 = Debug|Any CPU
		{C939B2D9-94A6-4F5F-8F90-5555484713C6}.Debug|ARM.ActiveCfg = Debug|ARM
		{C939B2D9-94A6-4F5F-8F90-5555484713C6}.Debug|ARM.Build.0 = Debug|ARM
		{C939B2D9-94A6-4F5F-8F90-5555484713C6}.Debug|iPhone.ActiveCfg = Debug|Any CPU
		{C939B2D9-94A6-4F5F-8F90-5555484713C6}.Debug|iPhone.Build.0 = Debug|Any CPU
		{C939B2D9-94A6-4F5F-8F90-5555484713C6}.Debug|iPhoneSimulator.ActiveCfg = Debug|Any CPU
		{C939B2D9-94A6-4F5F-8F90-5555484713C6}.Debug|iPhoneSimulator.Build.0 = Debug|Any CPU
		{C939B2D9-94A6-4F5F-8F90-5555484713C6}.Debug|x64.ActiveCfg = Debug|x64
		{C939B2D9-94A6-4F5F-8F90-5555484713C6}.Debug|x64.Build.0 = Debug|x64
		{C939B2D9-94A6-4F5F-8F90-5555484713C6}.Debug|x86.ActiveCfg = Debug|x86
		{C939B2D9-94A6-4F5F-8F90-5555484713C6}.Debug|x86.Build.0 = Debug|x86
		{C939B2D9-94A6-4F5F-8F90-5555484713C6}.Release|Any CPU.ActiveCfg = Release|Any CPU
		{C939B2D9-94A6-4F5F-8F90-5555484713C6}.Release|Any CPU.Build.0 = Release|Any CPU
		{C939B2D9-94A6-4F5F-8F90-5555484713C6}.Release|ARM.ActiveCfg = Release|ARM
		{C939B2D9-94A6-4F5F-8F90-5555484713C6}.Release|ARM.Build.0 = Release|ARM
		{C939B2D9-94A6-4F5F-8F90-5555484713C6}.Release|iPhone.ActiveCfg = Release|Any CPU
		{C939B2D9-94A6-4F5F-8F90-5555484713C6}.Release|iPhone.Build.0 = Release|Any CPU
		{C939B2D9-94A6-4F5F-8F90-5555484713C6}.Release|iPhoneSimulator.ActiveCfg = Release|Any CPU
		{C939B2D9-94A6-4F5F-8F90-5555484713C6}.Release|iPhoneSimulator.Build.0 = Release|Any CPU
		{C939B2D9-94A6-4F5F-8F90-5555484713C6}.Release|x64.ActiveCfg = Release|x64
		{C939B2D9-94A6-4F5F-8F90-5555484713C6}.Release|x64.Build.0 = Release|x64
		{C939B2D9-94A6-4F5F-8F90-5555484713C6}.Release|x86.ActiveCfg = Release|x86
		{C939B2D9-94A6-4F5F-8F90-5555484713C6}.Release|x86.Build.0 = Release|x86
		{050DB3FB-3823-4D7F-A7F1-62A632179700}.Ad-Hoc|Any CPU.ActiveCfg = Release|Any CPU
		{050DB3FB-3823-4D7F-A7F1-62A632179700}.Ad-Hoc|Any CPU.Build.0 = Release|Any CPU
		{050DB3FB-3823-4D7F-A7F1-62A632179700}.Ad-Hoc|ARM.ActiveCfg = Release|Any CPU
		{050DB3FB-3823-4D7F-A7F1-62A632179700}.Ad-Hoc|ARM.Build.0 = Release|Any CPU
		{050DB3FB-3823-4D7F-A7F1-62A632179700}.Ad-Hoc|iPhone.ActiveCfg = Release|Any CPU
		{050DB3FB-3823-4D7F-A7F1-62A632179700}.Ad-Hoc|iPhone.Build.0 = Release|Any CPU
		{050DB3FB-3823-4D7F-A7F1-62A632179700}.Ad-Hoc|iPhoneSimulator.ActiveCfg = Release|Any CPU
		{050DB3FB-3823-4D7F-A7F1-62A632179700}.Ad-Hoc|iPhoneSimulator.Build.0 = Release|Any CPU
		{050DB3FB-3823-4D7F-A7F1-62A632179700}.Ad-Hoc|x64.ActiveCfg = Release|Any CPU
		{050DB3FB-3823-4D7F-A7F1-62A632179700}.Ad-Hoc|x64.Build.0 = Release|Any CPU
		{050DB3FB-3823-4D7F-A7F1-62A632179700}.Ad-Hoc|x86.ActiveCfg = Release|Any CPU
		{050DB3FB-3823-4D7F-A7F1-62A632179700}.Ad-Hoc|x86.Build.0 = Release|Any CPU
		{050DB3FB-3823-4D7F-A7F1-62A632179700}.AppStore|Any CPU.ActiveCfg = Release|Any CPU
		{050DB3FB-3823-4D7F-A7F1-62A632179700}.AppStore|Any CPU.Build.0 = Release|Any CPU
		{050DB3FB-3823-4D7F-A7F1-62A632179700}.AppStore|ARM.ActiveCfg = Release|Any CPU
		{050DB3FB-3823-4D7F-A7F1-62A632179700}.AppStore|ARM.Build.0 = Release|Any CPU
		{050DB3FB-3823-4D7F-A7F1-62A632179700}.AppStore|iPhone.ActiveCfg = Release|Any CPU
		{050DB3FB-3823-4D7F-A7F1-62A632179700}.AppStore|iPhone.Build.0 = Release|Any CPU
		{050DB3FB-3823-4D7F-A7F1-62A632179700}.AppStore|iPhoneSimulator.ActiveCfg = Release|Any CPU
		{050DB3FB-3823-4D7F-A7F1-62A632179700}.AppStore|iPhoneSimulator.Build.0 = Release|Any CPU
		{050DB3FB-3823-4D7F-A7F1-62A632179700}.AppStore|x64.ActiveCfg = Release|Any CPU
		{050DB3FB-3823-4D7F-A7F1-62A632179700}.AppStore|x64.Build.0 = Release|Any CPU
		{050DB3FB-3823-4D7F-A7F1-62A632179700}.AppStore|x86.ActiveCfg = Release|Any CPU
		{050DB3FB-3823-4D7F-A7F1-62A632179700}.AppStore|x86.Build.0 = Release|Any CPU
		{050DB3FB-3823-4D7F-A7F1-62A632179700}.Debug|Any CPU.ActiveCfg = Debug|Any CPU
		{050DB3FB-3823-4D7F-A7F1-62A632179700}.Debug|Any CPU.Build.0 = Debug|Any CPU
		{050DB3FB-3823-4D7F-A7F1-62A632179700}.Debug|ARM.ActiveCfg = Debug|Any CPU
		{050DB3FB-3823-4D7F-A7F1-62A632179700}.Debug|ARM.Build.0 = Debug|Any CPU
		{050DB3FB-3823-4D7F-A7F1-62A632179700}.Debug|iPhone.ActiveCfg = Debug|Any CPU
		{050DB3FB-3823-4D7F-A7F1-62A632179700}.Debug|iPhone.Build.0 = Debug|Any CPU
		{050DB3FB-3823-4D7F-A7F1-62A632179700}.Debug|iPhoneSimulator.ActiveCfg = Debug|Any CPU
		{050DB3FB-3823-4D7F-A7F1-62A632179700}.Debug|iPhoneSimulator.Build.0 = Debug|Any CPU
		{050DB3FB-3823-4D7F-A7F1-62A632179700}.Debug|x64.ActiveCfg = Debug|Any CPU
		{050DB3FB-3823-4D7F-A7F1-62A632179700}.Debug|x64.Build.0 = Debug|Any CPU
		{050DB3FB-3823-4D7F-A7F1-62A632179700}.Debug|x86.ActiveCfg = Debug|Any CPU
		{050DB3FB-3823-4D7F-A7F1-62A632179700}.Debug|x86.Build.0 = Debug|Any CPU
		{050DB3FB-3823-4D7F-A7F1-62A632179700}.Release|Any CPU.ActiveCfg = Release|Any CPU
		{050DB3FB-3823-4D7F-A7F1-62A632179700}.Release|Any CPU.Build.0 = Release|Any CPU
		{050DB3FB-3823-4D7F-A7F1-62A632179700}.Release|ARM.ActiveCfg = Release|Any CPU
		{050DB3FB-3823-4D7F-A7F1-62A632179700}.Release|ARM.Build.0 = Release|Any CPU
		{050DB3FB-3823-4D7F-A7F1-62A632179700}.Release|iPhone.ActiveCfg = Release|Any CPU
		{050DB3FB-3823-4D7F-A7F1-62A632179700}.Release|iPhone.Build.0 = Release|Any CPU
		{050DB3FB-3823-4D7F-A7F1-62A632179700}.Release|iPhoneSimulator.ActiveCfg = Release|Any CPU
		{050DB3FB-3823-4D7F-A7F1-62A632179700}.Release|iPhoneSimulator.Build.0 = Release|Any CPU
		{050DB3FB-3823-4D7F-A7F1-62A632179700}.Release|x64.ActiveCfg = Release|Any CPU
		{050DB3FB-3823-4D7F-A7F1-62A632179700}.Release|x64.Build.0 = Release|Any CPU
		{050DB3FB-3823-4D7F-A7F1-62A632179700}.Release|x86.ActiveCfg = Release|Any CPU
		{050DB3FB-3823-4D7F-A7F1-62A632179700}.Release|x86.Build.0 = Release|Any CPU
		{05BC7C4A-CCBD-4F19-8DEB-02801DBB2E55}.Ad-Hoc|Any CPU.ActiveCfg = Release|Any CPU
		{05BC7C4A-CCBD-4F19-8DEB-02801DBB2E55}.Ad-Hoc|Any CPU.Build.0 = Release|Any CPU
		{05BC7C4A-CCBD-4F19-8DEB-02801DBB2E55}.Ad-Hoc|ARM.ActiveCfg = Release|Any CPU
		{05BC7C4A-CCBD-4F19-8DEB-02801DBB2E55}.Ad-Hoc|ARM.Build.0 = Release|Any CPU
		{05BC7C4A-CCBD-4F19-8DEB-02801DBB2E55}.Ad-Hoc|iPhone.ActiveCfg = Release|Any CPU
		{05BC7C4A-CCBD-4F19-8DEB-02801DBB2E55}.Ad-Hoc|iPhone.Build.0 = Release|Any CPU
		{05BC7C4A-CCBD-4F19-8DEB-02801DBB2E55}.Ad-Hoc|iPhoneSimulator.ActiveCfg = Release|Any CPU
		{05BC7C4A-CCBD-4F19-8DEB-02801DBB2E55}.Ad-Hoc|iPhoneSimulator.Build.0 = Release|Any CPU
		{05BC7C4A-CCBD-4F19-8DEB-02801DBB2E55}.Ad-Hoc|x64.ActiveCfg = Release|Any CPU
		{05BC7C4A-CCBD-4F19-8DEB-02801DBB2E55}.Ad-Hoc|x64.Build.0 = Release|Any CPU
		{05BC7C4A-CCBD-4F19-8DEB-02801DBB2E55}.Ad-Hoc|x86.ActiveCfg = Release|Any CPU
		{05BC7C4A-CCBD-4F19-8DEB-02801DBB2E55}.Ad-Hoc|x86.Build.0 = Release|Any CPU
		{05BC7C4A-CCBD-4F19-8DEB-02801DBB2E55}.AppStore|Any CPU.ActiveCfg = Release|Any CPU
		{05BC7C4A-CCBD-4F19-8DEB-02801DBB2E55}.AppStore|Any CPU.Build.0 = Release|Any CPU
		{05BC7C4A-CCBD-4F19-8DEB-02801DBB2E55}.AppStore|ARM.ActiveCfg = Release|Any CPU
		{05BC7C4A-CCBD-4F19-8DEB-02801DBB2E55}.AppStore|ARM.Build.0 = Release|Any CPU
		{05BC7C4A-CCBD-4F19-8DEB-02801DBB2E55}.AppStore|iPhone.ActiveCfg = Release|Any CPU
		{05BC7C4A-CCBD-4F19-8DEB-02801DBB2E55}.AppStore|iPhone.Build.0 = Release|Any CPU
		{05BC7C4A-CCBD-4F19-8DEB-02801DBB2E55}.AppStore|iPhoneSimulator.ActiveCfg = Release|Any CPU
		{05BC7C4A-CCBD-4F19-8DEB-02801DBB2E55}.AppStore|iPhoneSimulator.Build.0 = Release|Any CPU
		{05BC7C4A-CCBD-4F19-8DEB-02801DBB2E55}.AppStore|x64.ActiveCfg = Release|Any CPU
		{05BC7C4A-CCBD-4F19-8DEB-02801DBB2E55}.AppStore|x64.Build.0 = Release|Any CPU
		{05BC7C4A-CCBD-4F19-8DEB-02801DBB2E55}.AppStore|x86.ActiveCfg = Release|Any CPU
		{05BC7C4A-CCBD-4F19-8DEB-02801DBB2E55}.AppStore|x86.Build.0 = Release|Any CPU
		{05BC7C4A-CCBD-4F19-8DEB-02801DBB2E55}.Debug|Any CPU.ActiveCfg = Debug|Any CPU
		{05BC7C4A-CCBD-4F19-8DEB-02801DBB2E55}.Debug|Any CPU.Build.0 = Debug|Any CPU
		{05BC7C4A-CCBD-4F19-8DEB-02801DBB2E55}.Debug|ARM.ActiveCfg = Debug|Any CPU
		{05BC7C4A-CCBD-4F19-8DEB-02801DBB2E55}.Debug|ARM.Build.0 = Debug|Any CPU
		{05BC7C4A-CCBD-4F19-8DEB-02801DBB2E55}.Debug|iPhone.ActiveCfg = Debug|Any CPU
		{05BC7C4A-CCBD-4F19-8DEB-02801DBB2E55}.Debug|iPhone.Build.0 = Debug|Any CPU
		{05BC7C4A-CCBD-4F19-8DEB-02801DBB2E55}.Debug|iPhoneSimulator.ActiveCfg = Debug|Any CPU
		{05BC7C4A-CCBD-4F19-8DEB-02801DBB2E55}.Debug|iPhoneSimulator.Build.0 = Debug|Any CPU
		{05BC7C4A-CCBD-4F19-8DEB-02801DBB2E55}.Debug|x64.ActiveCfg = Debug|Any CPU
		{05BC7C4A-CCBD-4F19-8DEB-02801DBB2E55}.Debug|x64.Build.0 = Debug|Any CPU
		{05BC7C4A-CCBD-4F19-8DEB-02801DBB2E55}.Debug|x86.ActiveCfg = Debug|Any CPU
		{05BC7C4A-CCBD-4F19-8DEB-02801DBB2E55}.Debug|x86.Build.0 = Debug|Any CPU
		{05BC7C4A-CCBD-4F19-8DEB-02801DBB2E55}.Release|Any CPU.ActiveCfg = Release|Any CPU
		{05BC7C4A-CCBD-4F19-8DEB-02801DBB2E55}.Release|Any CPU.Build.0 = Release|Any CPU
		{05BC7C4A-CCBD-4F19-8DEB-02801DBB2E55}.Release|ARM.ActiveCfg = Release|Any CPU
		{05BC7C4A-CCBD-4F19-8DEB-02801DBB2E55}.Release|ARM.Build.0 = Release|Any CPU
		{05BC7C4A-CCBD-4F19-8DEB-02801DBB2E55}.Release|iPhone.ActiveCfg = Release|Any CPU
		{05BC7C4A-CCBD-4F19-8DEB-02801DBB2E55}.Release|iPhone.Build.0 = Release|Any CPU
		{05BC7C4A-CCBD-4F19-8DEB-02801DBB2E55}.Release|iPhoneSimulator.ActiveCfg = Release|Any CPU
		{05BC7C4A-CCBD-4F19-8DEB-02801DBB2E55}.Release|iPhoneSimulator.Build.0 = Release|Any CPU
		{05BC7C4A-CCBD-4F19-8DEB-02801DBB2E55}.Release|x64.ActiveCfg = Release|Any CPU
		{05BC7C4A-CCBD-4F19-8DEB-02801DBB2E55}.Release|x64.Build.0 = Release|Any CPU
		{05BC7C4A-CCBD-4F19-8DEB-02801DBB2E55}.Release|x86.ActiveCfg = Release|Any CPU
		{05BC7C4A-CCBD-4F19-8DEB-02801DBB2E55}.Release|x86.Build.0 = Release|Any CPU
		{F690DD01-F04C-498B-B574-B870C8A7702C}.Ad-Hoc|Any CPU.ActiveCfg = Debug|Any CPU
		{F690DD01-F04C-498B-B574-B870C8A7702C}.Ad-Hoc|Any CPU.Build.0 = Debug|Any CPU
		{F690DD01-F04C-498B-B574-B870C8A7702C}.Ad-Hoc|ARM.ActiveCfg = Debug|Any CPU
		{F690DD01-F04C-498B-B574-B870C8A7702C}.Ad-Hoc|ARM.Build.0 = Debug|Any CPU
		{F690DD01-F04C-498B-B574-B870C8A7702C}.Ad-Hoc|iPhone.ActiveCfg = Debug|Any CPU
		{F690DD01-F04C-498B-B574-B870C8A7702C}.Ad-Hoc|iPhone.Build.0 = Debug|Any CPU
		{F690DD01-F04C-498B-B574-B870C8A7702C}.Ad-Hoc|iPhoneSimulator.ActiveCfg = Debug|Any CPU
		{F690DD01-F04C-498B-B574-B870C8A7702C}.Ad-Hoc|iPhoneSimulator.Build.0 = Debug|Any CPU
		{F690DD01-F04C-498B-B574-B870C8A7702C}.Ad-Hoc|x64.ActiveCfg = Debug|Any CPU
		{F690DD01-F04C-498B-B574-B870C8A7702C}.Ad-Hoc|x64.Build.0 = Debug|Any CPU
		{F690DD01-F04C-498B-B574-B870C8A7702C}.Ad-Hoc|x86.ActiveCfg = Debug|Any CPU
		{F690DD01-F04C-498B-B574-B870C8A7702C}.Ad-Hoc|x86.Build.0 = Debug|Any CPU
		{F690DD01-F04C-498B-B574-B870C8A7702C}.AppStore|Any CPU.ActiveCfg = Debug|Any CPU
		{F690DD01-F04C-498B-B574-B870C8A7702C}.AppStore|Any CPU.Build.0 = Debug|Any CPU
		{F690DD01-F04C-498B-B574-B870C8A7702C}.AppStore|ARM.ActiveCfg = Debug|Any CPU
		{F690DD01-F04C-498B-B574-B870C8A7702C}.AppStore|ARM.Build.0 = Debug|Any CPU
		{F690DD01-F04C-498B-B574-B870C8A7702C}.AppStore|iPhone.ActiveCfg = Debug|Any CPU
		{F690DD01-F04C-498B-B574-B870C8A7702C}.AppStore|iPhone.Build.0 = Debug|Any CPU
		{F690DD01-F04C-498B-B574-B870C8A7702C}.AppStore|iPhoneSimulator.ActiveCfg = Debug|Any CPU
		{F690DD01-F04C-498B-B574-B870C8A7702C}.AppStore|iPhoneSimulator.Build.0 = Debug|Any CPU
		{F690DD01-F04C-498B-B574-B870C8A7702C}.AppStore|x64.ActiveCfg = Debug|Any CPU
		{F690DD01-F04C-498B-B574-B870C8A7702C}.AppStore|x64.Build.0 = Debug|Any CPU
		{F690DD01-F04C-498B-B574-B870C8A7702C}.AppStore|x86.ActiveCfg = Debug|Any CPU
		{F690DD01-F04C-498B-B574-B870C8A7702C}.AppStore|x86.Build.0 = Debug|Any CPU
		{F690DD01-F04C-498B-B574-B870C8A7702C}.Debug|Any CPU.ActiveCfg = Debug|Any CPU
		{F690DD01-F04C-498B-B574-B870C8A7702C}.Debug|Any CPU.Build.0 = Debug|Any CPU
		{F690DD01-F04C-498B-B574-B870C8A7702C}.Debug|ARM.ActiveCfg = Debug|Any CPU
		{F690DD01-F04C-498B-B574-B870C8A7702C}.Debug|ARM.Build.0 = Debug|Any CPU
		{F690DD01-F04C-498B-B574-B870C8A7702C}.Debug|iPhone.ActiveCfg = Debug|Any CPU
		{F690DD01-F04C-498B-B574-B870C8A7702C}.Debug|iPhone.Build.0 = Debug|Any CPU
		{F690DD01-F04C-498B-B574-B870C8A7702C}.Debug|iPhoneSimulator.ActiveCfg = Debug|Any CPU
		{F690DD01-F04C-498B-B574-B870C8A7702C}.Debug|iPhoneSimulator.Build.0 = Debug|Any CPU
		{F690DD01-F04C-498B-B574-B870C8A7702C}.Debug|x64.ActiveCfg = Debug|Any CPU
		{F690DD01-F04C-498B-B574-B870C8A7702C}.Debug|x64.Build.0 = Debug|Any CPU
		{F690DD01-F04C-498B-B574-B870C8A7702C}.Debug|x86.ActiveCfg = Debug|Any CPU
		{F690DD01-F04C-498B-B574-B870C8A7702C}.Debug|x86.Build.0 = Debug|Any CPU
		{F690DD01-F04C-498B-B574-B870C8A7702C}.Release|Any CPU.ActiveCfg = Release|Any CPU
		{F690DD01-F04C-498B-B574-B870C8A7702C}.Release|Any CPU.Build.0 = Release|Any CPU
		{F690DD01-F04C-498B-B574-B870C8A7702C}.Release|ARM.ActiveCfg = Release|Any CPU
		{F690DD01-F04C-498B-B574-B870C8A7702C}.Release|ARM.Build.0 = Release|Any CPU
		{F690DD01-F04C-498B-B574-B870C8A7702C}.Release|iPhone.ActiveCfg = Release|Any CPU
		{F690DD01-F04C-498B-B574-B870C8A7702C}.Release|iPhone.Build.0 = Release|Any CPU
		{F690DD01-F04C-498B-B574-B870C8A7702C}.Release|iPhoneSimulator.ActiveCfg = Release|Any CPU
		{F690DD01-F04C-498B-B574-B870C8A7702C}.Release|iPhoneSimulator.Build.0 = Release|Any CPU
		{F690DD01-F04C-498B-B574-B870C8A7702C}.Release|x64.ActiveCfg = Release|Any CPU
		{F690DD01-F04C-498B-B574-B870C8A7702C}.Release|x64.Build.0 = Release|Any CPU
		{F690DD01-F04C-498B-B574-B870C8A7702C}.Release|x86.ActiveCfg = Release|Any CPU
		{F690DD01-F04C-498B-B574-B870C8A7702C}.Release|x86.Build.0 = Release|Any CPU
		{A15600A1-4072-4C87-8862-F7B981F3A4F3}.Ad-Hoc|Any CPU.ActiveCfg = Release|Any CPU
		{A15600A1-4072-4C87-8862-F7B981F3A4F3}.Ad-Hoc|Any CPU.Build.0 = Release|Any CPU
		{A15600A1-4072-4C87-8862-F7B981F3A4F3}.Ad-Hoc|ARM.ActiveCfg = Release|ARM
		{A15600A1-4072-4C87-8862-F7B981F3A4F3}.Ad-Hoc|ARM.Build.0 = Release|ARM
		{A15600A1-4072-4C87-8862-F7B981F3A4F3}.Ad-Hoc|iPhone.ActiveCfg = Release|Any CPU
		{A15600A1-4072-4C87-8862-F7B981F3A4F3}.Ad-Hoc|iPhone.Build.0 = Release|Any CPU
		{A15600A1-4072-4C87-8862-F7B981F3A4F3}.Ad-Hoc|iPhoneSimulator.ActiveCfg = Release|Any CPU
		{A15600A1-4072-4C87-8862-F7B981F3A4F3}.Ad-Hoc|iPhoneSimulator.Build.0 = Release|Any CPU
		{A15600A1-4072-4C87-8862-F7B981F3A4F3}.Ad-Hoc|x64.ActiveCfg = Release|x64
		{A15600A1-4072-4C87-8862-F7B981F3A4F3}.Ad-Hoc|x64.Build.0 = Release|x64
		{A15600A1-4072-4C87-8862-F7B981F3A4F3}.Ad-Hoc|x86.ActiveCfg = Release|x86
		{A15600A1-4072-4C87-8862-F7B981F3A4F3}.Ad-Hoc|x86.Build.0 = Release|x86
		{A15600A1-4072-4C87-8862-F7B981F3A4F3}.AppStore|Any CPU.ActiveCfg = Release|Any CPU
		{A15600A1-4072-4C87-8862-F7B981F3A4F3}.AppStore|Any CPU.Build.0 = Release|Any CPU
		{A15600A1-4072-4C87-8862-F7B981F3A4F3}.AppStore|ARM.ActiveCfg = Release|ARM
		{A15600A1-4072-4C87-8862-F7B981F3A4F3}.AppStore|ARM.Build.0 = Release|ARM
		{A15600A1-4072-4C87-8862-F7B981F3A4F3}.AppStore|iPhone.ActiveCfg = Release|Any CPU
		{A15600A1-4072-4C87-8862-F7B981F3A4F3}.AppStore|iPhone.Build.0 = Release|Any CPU
		{A15600A1-4072-4C87-8862-F7B981F3A4F3}.AppStore|iPhoneSimulator.ActiveCfg = Release|Any CPU
		{A15600A1-4072-4C87-8862-F7B981F3A4F3}.AppStore|iPhoneSimulator.Build.0 = Release|Any CPU
		{A15600A1-4072-4C87-8862-F7B981F3A4F3}.AppStore|x64.ActiveCfg = Release|x64
		{A15600A1-4072-4C87-8862-F7B981F3A4F3}.AppStore|x64.Build.0 = Release|x64
		{A15600A1-4072-4C87-8862-F7B981F3A4F3}.AppStore|x86.ActiveCfg = Release|x86
		{A15600A1-4072-4C87-8862-F7B981F3A4F3}.AppStore|x86.Build.0 = Release|x86
		{A15600A1-4072-4C87-8862-F7B981F3A4F3}.Debug|Any CPU.ActiveCfg = Debug|Any CPU
		{A15600A1-4072-4C87-8862-F7B981F3A4F3}.Debug|Any CPU.Build.0 = Debug|Any CPU
		{A15600A1-4072-4C87-8862-F7B981F3A4F3}.Debug|ARM.ActiveCfg = Debug|ARM
		{A15600A1-4072-4C87-8862-F7B981F3A4F3}.Debug|ARM.Build.0 = Debug|ARM
		{A15600A1-4072-4C87-8862-F7B981F3A4F3}.Debug|iPhone.ActiveCfg = Debug|Any CPU
		{A15600A1-4072-4C87-8862-F7B981F3A4F3}.Debug|iPhone.Build.0 = Debug|Any CPU
		{A15600A1-4072-4C87-8862-F7B981F3A4F3}.Debug|iPhoneSimulator.ActiveCfg = Debug|Any CPU
		{A15600A1-4072-4C87-8862-F7B981F3A4F3}.Debug|iPhoneSimulator.Build.0 = Debug|Any CPU
		{A15600A1-4072-4C87-8862-F7B981F3A4F3}.Debug|x64.ActiveCfg = Debug|x64
		{A15600A1-4072-4C87-8862-F7B981F3A4F3}.Debug|x64.Build.0 = Debug|x64
		{A15600A1-4072-4C87-8862-F7B981F3A4F3}.Debug|x86.ActiveCfg = Debug|x86
		{A15600A1-4072-4C87-8862-F7B981F3A4F3}.Debug|x86.Build.0 = Debug|x86
		{A15600A1-4072-4C87-8862-F7B981F3A4F3}.Release|Any CPU.ActiveCfg = Release|Any CPU
		{A15600A1-4072-4C87-8862-F7B981F3A4F3}.Release|Any CPU.Build.0 = Release|Any CPU
		{A15600A1-4072-4C87-8862-F7B981F3A4F3}.Release|ARM.ActiveCfg = Release|ARM
		{A15600A1-4072-4C87-8862-F7B981F3A4F3}.Release|ARM.Build.0 = Release|ARM
		{A15600A1-4072-4C87-8862-F7B981F3A4F3}.Release|iPhone.ActiveCfg = Release|Any CPU
		{A15600A1-4072-4C87-8862-F7B981F3A4F3}.Release|iPhone.Build.0 = Release|Any CPU
		{A15600A1-4072-4C87-8862-F7B981F3A4F3}.Release|iPhoneSimulator.ActiveCfg = Release|Any CPU
		{A15600A1-4072-4C87-8862-F7B981F3A4F3}.Release|iPhoneSimulator.Build.0 = Release|Any CPU
		{A15600A1-4072-4C87-8862-F7B981F3A4F3}.Release|x64.ActiveCfg = Release|x64
		{A15600A1-4072-4C87-8862-F7B981F3A4F3}.Release|x64.Build.0 = Release|x64
		{A15600A1-4072-4C87-8862-F7B981F3A4F3}.Release|x86.ActiveCfg = Release|x86
		{A15600A1-4072-4C87-8862-F7B981F3A4F3}.Release|x86.Build.0 = Release|x86
		{A4818671-56AB-449F-9BB0-8931C8F5DAF7}.Ad-Hoc|Any CPU.ActiveCfg = Release|Any CPU
		{A4818671-56AB-449F-9BB0-8931C8F5DAF7}.Ad-Hoc|Any CPU.Build.0 = Release|Any CPU
		{A4818671-56AB-449F-9BB0-8931C8F5DAF7}.Ad-Hoc|ARM.ActiveCfg = Release|Any CPU
		{A4818671-56AB-449F-9BB0-8931C8F5DAF7}.Ad-Hoc|ARM.Build.0 = Release|Any CPU
		{A4818671-56AB-449F-9BB0-8931C8F5DAF7}.Ad-Hoc|iPhone.ActiveCfg = Release|Any CPU
		{A4818671-56AB-449F-9BB0-8931C8F5DAF7}.Ad-Hoc|iPhone.Build.0 = Release|Any CPU
		{A4818671-56AB-449F-9BB0-8931C8F5DAF7}.Ad-Hoc|iPhoneSimulator.ActiveCfg = Release|Any CPU
		{A4818671-56AB-449F-9BB0-8931C8F5DAF7}.Ad-Hoc|iPhoneSimulator.Build.0 = Release|Any CPU
		{A4818671-56AB-449F-9BB0-8931C8F5DAF7}.Ad-Hoc|x64.ActiveCfg = Release|Any CPU
		{A4818671-56AB-449F-9BB0-8931C8F5DAF7}.Ad-Hoc|x64.Build.0 = Release|Any CPU
		{A4818671-56AB-449F-9BB0-8931C8F5DAF7}.Ad-Hoc|x86.ActiveCfg = Release|Any CPU
		{A4818671-56AB-449F-9BB0-8931C8F5DAF7}.Ad-Hoc|x86.Build.0 = Release|Any CPU
		{A4818671-56AB-449F-9BB0-8931C8F5DAF7}.AppStore|Any CPU.ActiveCfg = Release|Any CPU
		{A4818671-56AB-449F-9BB0-8931C8F5DAF7}.AppStore|Any CPU.Build.0 = Release|Any CPU
		{A4818671-56AB-449F-9BB0-8931C8F5DAF7}.AppStore|ARM.ActiveCfg = Release|Any CPU
		{A4818671-56AB-449F-9BB0-8931C8F5DAF7}.AppStore|ARM.Build.0 = Release|Any CPU
		{A4818671-56AB-449F-9BB0-8931C8F5DAF7}.AppStore|iPhone.ActiveCfg = Release|Any CPU
		{A4818671-56AB-449F-9BB0-8931C8F5DAF7}.AppStore|iPhone.Build.0 = Release|Any CPU
		{A4818671-56AB-449F-9BB0-8931C8F5DAF7}.AppStore|iPhoneSimulator.ActiveCfg = Release|Any CPU
		{A4818671-56AB-449F-9BB0-8931C8F5DAF7}.AppStore|iPhoneSimulator.Build.0 = Release|Any CPU
		{A4818671-56AB-449F-9BB0-8931C8F5DAF7}.AppStore|x64.ActiveCfg = Release|Any CPU
		{A4818671-56AB-449F-9BB0-8931C8F5DAF7}.AppStore|x64.Build.0 = Release|Any CPU
		{A4818671-56AB-449F-9BB0-8931C8F5DAF7}.AppStore|x86.ActiveCfg = Release|Any CPU
		{A4818671-56AB-449F-9BB0-8931C8F5DAF7}.AppStore|x86.Build.0 = Release|Any CPU
		{A4818671-56AB-449F-9BB0-8931C8F5DAF7}.Debug|Any CPU.ActiveCfg = Debug|Any CPU
		{A4818671-56AB-449F-9BB0-8931C8F5DAF7}.Debug|Any CPU.Build.0 = Debug|Any CPU
		{A4818671-56AB-449F-9BB0-8931C8F5DAF7}.Debug|ARM.ActiveCfg = Debug|Any CPU
		{A4818671-56AB-449F-9BB0-8931C8F5DAF7}.Debug|ARM.Build.0 = Debug|Any CPU
		{A4818671-56AB-449F-9BB0-8931C8F5DAF7}.Debug|iPhone.ActiveCfg = Debug|Any CPU
		{A4818671-56AB-449F-9BB0-8931C8F5DAF7}.Debug|iPhone.Build.0 = Debug|Any CPU
		{A4818671-56AB-449F-9BB0-8931C8F5DAF7}.Debug|iPhoneSimulator.ActiveCfg = Debug|Any CPU
		{A4818671-56AB-449F-9BB0-8931C8F5DAF7}.Debug|iPhoneSimulator.Build.0 = Debug|Any CPU
		{A4818671-56AB-449F-9BB0-8931C8F5DAF7}.Debug|x64.ActiveCfg = Debug|Any CPU
		{A4818671-56AB-449F-9BB0-8931C8F5DAF7}.Debug|x64.Build.0 = Debug|Any CPU
		{A4818671-56AB-449F-9BB0-8931C8F5DAF7}.Debug|x86.ActiveCfg = Debug|Any CPU
		{A4818671-56AB-449F-9BB0-8931C8F5DAF7}.Debug|x86.Build.0 = Debug|Any CPU
		{A4818671-56AB-449F-9BB0-8931C8F5DAF7}.Release|Any CPU.ActiveCfg = Release|Any CPU
		{A4818671-56AB-449F-9BB0-8931C8F5DAF7}.Release|Any CPU.Build.0 = Release|Any CPU
		{A4818671-56AB-449F-9BB0-8931C8F5DAF7}.Release|ARM.ActiveCfg = Release|Any CPU
		{A4818671-56AB-449F-9BB0-8931C8F5DAF7}.Release|ARM.Build.0 = Release|Any CPU
		{A4818671-56AB-449F-9BB0-8931C8F5DAF7}.Release|iPhone.ActiveCfg = Release|Any CPU
		{A4818671-56AB-449F-9BB0-8931C8F5DAF7}.Release|iPhone.Build.0 = Release|Any CPU
		{A4818671-56AB-449F-9BB0-8931C8F5DAF7}.Release|iPhoneSimulator.ActiveCfg = Release|Any CPU
		{A4818671-56AB-449F-9BB0-8931C8F5DAF7}.Release|iPhoneSimulator.Build.0 = Release|Any CPU
		{A4818671-56AB-449F-9BB0-8931C8F5DAF7}.Release|x64.ActiveCfg = Release|Any CPU
		{A4818671-56AB-449F-9BB0-8931C8F5DAF7}.Release|x64.Build.0 = Release|Any CPU
		{A4818671-56AB-449F-9BB0-8931C8F5DAF7}.Release|x86.ActiveCfg = Release|Any CPU
		{A4818671-56AB-449F-9BB0-8931C8F5DAF7}.Release|x86.Build.0 = Release|Any CPU
		{F6331DD7-E1D3-4650-8D9B-36CA729C2B4B}.Ad-Hoc|Any CPU.ActiveCfg = Release|Any CPU
		{F6331DD7-E1D3-4650-8D9B-36CA729C2B4B}.Ad-Hoc|Any CPU.Build.0 = Release|Any CPU
		{F6331DD7-E1D3-4650-8D9B-36CA729C2B4B}.Ad-Hoc|ARM.ActiveCfg = Release|Any CPU
		{F6331DD7-E1D3-4650-8D9B-36CA729C2B4B}.Ad-Hoc|ARM.Build.0 = Release|Any CPU
		{F6331DD7-E1D3-4650-8D9B-36CA729C2B4B}.Ad-Hoc|iPhone.ActiveCfg = Release|Any CPU
		{F6331DD7-E1D3-4650-8D9B-36CA729C2B4B}.Ad-Hoc|iPhone.Build.0 = Release|Any CPU
		{F6331DD7-E1D3-4650-8D9B-36CA729C2B4B}.Ad-Hoc|iPhoneSimulator.ActiveCfg = Release|Any CPU
		{F6331DD7-E1D3-4650-8D9B-36CA729C2B4B}.Ad-Hoc|iPhoneSimulator.Build.0 = Release|Any CPU
		{F6331DD7-E1D3-4650-8D9B-36CA729C2B4B}.Ad-Hoc|x64.ActiveCfg = Release|Any CPU
		{F6331DD7-E1D3-4650-8D9B-36CA729C2B4B}.Ad-Hoc|x64.Build.0 = Release|Any CPU
		{F6331DD7-E1D3-4650-8D9B-36CA729C2B4B}.Ad-Hoc|x86.ActiveCfg = Release|Any CPU
		{F6331DD7-E1D3-4650-8D9B-36CA729C2B4B}.Ad-Hoc|x86.Build.0 = Release|Any CPU
		{F6331DD7-E1D3-4650-8D9B-36CA729C2B4B}.AppStore|Any CPU.ActiveCfg = Release|Any CPU
		{F6331DD7-E1D3-4650-8D9B-36CA729C2B4B}.AppStore|Any CPU.Build.0 = Release|Any CPU
		{F6331DD7-E1D3-4650-8D9B-36CA729C2B4B}.AppStore|ARM.ActiveCfg = Release|Any CPU
		{F6331DD7-E1D3-4650-8D9B-36CA729C2B4B}.AppStore|ARM.Build.0 = Release|Any CPU
		{F6331DD7-E1D3-4650-8D9B-36CA729C2B4B}.AppStore|iPhone.ActiveCfg = Release|Any CPU
		{F6331DD7-E1D3-4650-8D9B-36CA729C2B4B}.AppStore|iPhone.Build.0 = Release|Any CPU
		{F6331DD7-E1D3-4650-8D9B-36CA729C2B4B}.AppStore|iPhoneSimulator.ActiveCfg = Release|Any CPU
		{F6331DD7-E1D3-4650-8D9B-36CA729C2B4B}.AppStore|iPhoneSimulator.Build.0 = Release|Any CPU
		{F6331DD7-E1D3-4650-8D9B-36CA729C2B4B}.AppStore|x64.ActiveCfg = Release|Any CPU
		{F6331DD7-E1D3-4650-8D9B-36CA729C2B4B}.AppStore|x64.Build.0 = Release|Any CPU
		{F6331DD7-E1D3-4650-8D9B-36CA729C2B4B}.AppStore|x86.ActiveCfg = Release|Any CPU
		{F6331DD7-E1D3-4650-8D9B-36CA729C2B4B}.AppStore|x86.Build.0 = Release|Any CPU
		{F6331DD7-E1D3-4650-8D9B-36CA729C2B4B}.Debug|Any CPU.ActiveCfg = Debug|Any CPU
		{F6331DD7-E1D3-4650-8D9B-36CA729C2B4B}.Debug|Any CPU.Build.0 = Debug|Any CPU
		{F6331DD7-E1D3-4650-8D9B-36CA729C2B4B}.Debug|ARM.ActiveCfg = Debug|Any CPU
		{F6331DD7-E1D3-4650-8D9B-36CA729C2B4B}.Debug|ARM.Build.0 = Debug|Any CPU
		{F6331DD7-E1D3-4650-8D9B-36CA729C2B4B}.Debug|iPhone.ActiveCfg = Debug|Any CPU
		{F6331DD7-E1D3-4650-8D9B-36CA729C2B4B}.Debug|iPhone.Build.0 = Debug|Any CPU
		{F6331DD7-E1D3-4650-8D9B-36CA729C2B4B}.Debug|iPhoneSimulator.ActiveCfg = Debug|Any CPU
		{F6331DD7-E1D3-4650-8D9B-36CA729C2B4B}.Debug|iPhoneSimulator.Build.0 = Debug|Any CPU
		{F6331DD7-E1D3-4650-8D9B-36CA729C2B4B}.Debug|x64.ActiveCfg = Debug|Any CPU
		{F6331DD7-E1D3-4650-8D9B-36CA729C2B4B}.Debug|x64.Build.0 = Debug|Any CPU
		{F6331DD7-E1D3-4650-8D9B-36CA729C2B4B}.Debug|x86.ActiveCfg = Debug|Any CPU
		{F6331DD7-E1D3-4650-8D9B-36CA729C2B4B}.Debug|x86.Build.0 = Debug|Any CPU
		{F6331DD7-E1D3-4650-8D9B-36CA729C2B4B}.Release|Any CPU.ActiveCfg = Release|Any CPU
		{F6331DD7-E1D3-4650-8D9B-36CA729C2B4B}.Release|Any CPU.Build.0 = Release|Any CPU
		{F6331DD7-E1D3-4650-8D9B-36CA729C2B4B}.Release|ARM.ActiveCfg = Release|Any CPU
		{F6331DD7-E1D3-4650-8D9B-36CA729C2B4B}.Release|ARM.Build.0 = Release|Any CPU
		{F6331DD7-E1D3-4650-8D9B-36CA729C2B4B}.Release|iPhone.ActiveCfg = Release|Any CPU
		{F6331DD7-E1D3-4650-8D9B-36CA729C2B4B}.Release|iPhone.Build.0 = Release|Any CPU
		{F6331DD7-E1D3-4650-8D9B-36CA729C2B4B}.Release|iPhoneSimulator.ActiveCfg = Release|Any CPU
		{F6331DD7-E1D3-4650-8D9B-36CA729C2B4B}.Release|iPhoneSimulator.Build.0 = Release|Any CPU
		{F6331DD7-E1D3-4650-8D9B-36CA729C2B4B}.Release|x64.ActiveCfg = Release|Any CPU
		{F6331DD7-E1D3-4650-8D9B-36CA729C2B4B}.Release|x64.Build.0 = Release|Any CPU
		{F6331DD7-E1D3-4650-8D9B-36CA729C2B4B}.Release|x86.ActiveCfg = Release|Any CPU
		{F6331DD7-E1D3-4650-8D9B-36CA729C2B4B}.Release|x86.Build.0 = Release|Any CPU
		{8487547E-06FB-44E3-BBC2-BFDF31FFA4B2}.Ad-Hoc|Any CPU.ActiveCfg = Debug|iPhoneSimulator
		{8487547E-06FB-44E3-BBC2-BFDF31FFA4B2}.Ad-Hoc|Any CPU.Build.0 = Debug|iPhoneSimulator
		{8487547E-06FB-44E3-BBC2-BFDF31FFA4B2}.Ad-Hoc|ARM.ActiveCfg = Debug|iPhoneSimulator
		{8487547E-06FB-44E3-BBC2-BFDF31FFA4B2}.Ad-Hoc|ARM.Build.0 = Debug|iPhoneSimulator
		{8487547E-06FB-44E3-BBC2-BFDF31FFA4B2}.Ad-Hoc|iPhone.ActiveCfg = Debug|iPhoneSimulator
		{8487547E-06FB-44E3-BBC2-BFDF31FFA4B2}.Ad-Hoc|iPhone.Build.0 = Debug|iPhoneSimulator
		{8487547E-06FB-44E3-BBC2-BFDF31FFA4B2}.Ad-Hoc|iPhoneSimulator.ActiveCfg = Debug|iPhoneSimulator
		{8487547E-06FB-44E3-BBC2-BFDF31FFA4B2}.Ad-Hoc|iPhoneSimulator.Build.0 = Debug|iPhoneSimulator
		{8487547E-06FB-44E3-BBC2-BFDF31FFA4B2}.Ad-Hoc|x64.ActiveCfg = Debug|iPhoneSimulator
		{8487547E-06FB-44E3-BBC2-BFDF31FFA4B2}.Ad-Hoc|x64.Build.0 = Debug|iPhoneSimulator
		{8487547E-06FB-44E3-BBC2-BFDF31FFA4B2}.Ad-Hoc|x86.ActiveCfg = Debug|iPhoneSimulator
		{8487547E-06FB-44E3-BBC2-BFDF31FFA4B2}.Ad-Hoc|x86.Build.0 = Debug|iPhoneSimulator
		{8487547E-06FB-44E3-BBC2-BFDF31FFA4B2}.AppStore|Any CPU.ActiveCfg = Debug|iPhoneSimulator
		{8487547E-06FB-44E3-BBC2-BFDF31FFA4B2}.AppStore|Any CPU.Build.0 = Debug|iPhoneSimulator
		{8487547E-06FB-44E3-BBC2-BFDF31FFA4B2}.AppStore|ARM.ActiveCfg = Debug|iPhoneSimulator
		{8487547E-06FB-44E3-BBC2-BFDF31FFA4B2}.AppStore|ARM.Build.0 = Debug|iPhoneSimulator
		{8487547E-06FB-44E3-BBC2-BFDF31FFA4B2}.AppStore|iPhone.ActiveCfg = Debug|iPhoneSimulator
		{8487547E-06FB-44E3-BBC2-BFDF31FFA4B2}.AppStore|iPhone.Build.0 = Debug|iPhoneSimulator
		{8487547E-06FB-44E3-BBC2-BFDF31FFA4B2}.AppStore|iPhoneSimulator.ActiveCfg = Debug|iPhoneSimulator
		{8487547E-06FB-44E3-BBC2-BFDF31FFA4B2}.AppStore|iPhoneSimulator.Build.0 = Debug|iPhoneSimulator
		{8487547E-06FB-44E3-BBC2-BFDF31FFA4B2}.AppStore|x64.ActiveCfg = Debug|iPhoneSimulator
		{8487547E-06FB-44E3-BBC2-BFDF31FFA4B2}.AppStore|x64.Build.0 = Debug|iPhoneSimulator
		{8487547E-06FB-44E3-BBC2-BFDF31FFA4B2}.AppStore|x86.ActiveCfg = Debug|iPhoneSimulator
		{8487547E-06FB-44E3-BBC2-BFDF31FFA4B2}.AppStore|x86.Build.0 = Debug|iPhoneSimulator
		{8487547E-06FB-44E3-BBC2-BFDF31FFA4B2}.Debug|Any CPU.ActiveCfg = Debug|iPhoneSimulator
		{8487547E-06FB-44E3-BBC2-BFDF31FFA4B2}.Debug|Any CPU.Build.0 = Debug|iPhoneSimulator
		{8487547E-06FB-44E3-BBC2-BFDF31FFA4B2}.Debug|ARM.ActiveCfg = Debug|iPhoneSimulator
		{8487547E-06FB-44E3-BBC2-BFDF31FFA4B2}.Debug|ARM.Build.0 = Debug|iPhoneSimulator
		{8487547E-06FB-44E3-BBC2-BFDF31FFA4B2}.Debug|iPhone.ActiveCfg = Debug|iPhoneSimulator
		{8487547E-06FB-44E3-BBC2-BFDF31FFA4B2}.Debug|iPhone.Build.0 = Debug|iPhoneSimulator
		{8487547E-06FB-44E3-BBC2-BFDF31FFA4B2}.Debug|iPhoneSimulator.ActiveCfg = Debug|iPhoneSimulator
		{8487547E-06FB-44E3-BBC2-BFDF31FFA4B2}.Debug|iPhoneSimulator.Build.0 = Debug|iPhoneSimulator
		{8487547E-06FB-44E3-BBC2-BFDF31FFA4B2}.Debug|x64.ActiveCfg = Debug|iPhoneSimulator
		{8487547E-06FB-44E3-BBC2-BFDF31FFA4B2}.Debug|x64.Build.0 = Debug|iPhoneSimulator
		{8487547E-06FB-44E3-BBC2-BFDF31FFA4B2}.Debug|x86.ActiveCfg = Debug|iPhoneSimulator
		{8487547E-06FB-44E3-BBC2-BFDF31FFA4B2}.Debug|x86.Build.0 = Debug|iPhoneSimulator
		{8487547E-06FB-44E3-BBC2-BFDF31FFA4B2}.Release|Any CPU.ActiveCfg = Release|iPhoneSimulator
		{8487547E-06FB-44E3-BBC2-BFDF31FFA4B2}.Release|Any CPU.Build.0 = Release|iPhoneSimulator
		{8487547E-06FB-44E3-BBC2-BFDF31FFA4B2}.Release|ARM.ActiveCfg = Release|iPhoneSimulator
		{8487547E-06FB-44E3-BBC2-BFDF31FFA4B2}.Release|ARM.Build.0 = Release|iPhoneSimulator
		{8487547E-06FB-44E3-BBC2-BFDF31FFA4B2}.Release|iPhone.ActiveCfg = Release|iPhoneSimulator
		{8487547E-06FB-44E3-BBC2-BFDF31FFA4B2}.Release|iPhone.Build.0 = Release|iPhoneSimulator
		{8487547E-06FB-44E3-BBC2-BFDF31FFA4B2}.Release|iPhoneSimulator.ActiveCfg = Release|iPhoneSimulator
		{8487547E-06FB-44E3-BBC2-BFDF31FFA4B2}.Release|iPhoneSimulator.Build.0 = Release|iPhoneSimulator
		{8487547E-06FB-44E3-BBC2-BFDF31FFA4B2}.Release|x64.ActiveCfg = Release|iPhoneSimulator
		{8487547E-06FB-44E3-BBC2-BFDF31FFA4B2}.Release|x64.Build.0 = Release|iPhoneSimulator
		{8487547E-06FB-44E3-BBC2-BFDF31FFA4B2}.Release|x86.ActiveCfg = Release|iPhoneSimulator
		{8487547E-06FB-44E3-BBC2-BFDF31FFA4B2}.Release|x86.Build.0 = Release|iPhoneSimulator
		{8AF4B072-FE14-4139-B346-53AA2E94CCC8}.Ad-Hoc|Any CPU.ActiveCfg = Debug|Any CPU
		{8AF4B072-FE14-4139-B346-53AA2E94CCC8}.Ad-Hoc|Any CPU.Build.0 = Debug|Any CPU
		{8AF4B072-FE14-4139-B346-53AA2E94CCC8}.Ad-Hoc|ARM.ActiveCfg = Debug|Any CPU
		{8AF4B072-FE14-4139-B346-53AA2E94CCC8}.Ad-Hoc|ARM.Build.0 = Debug|Any CPU
		{8AF4B072-FE14-4139-B346-53AA2E94CCC8}.Ad-Hoc|iPhone.ActiveCfg = Debug|Any CPU
		{8AF4B072-FE14-4139-B346-53AA2E94CCC8}.Ad-Hoc|iPhone.Build.0 = Debug|Any CPU
		{8AF4B072-FE14-4139-B346-53AA2E94CCC8}.Ad-Hoc|iPhoneSimulator.ActiveCfg = Debug|Any CPU
		{8AF4B072-FE14-4139-B346-53AA2E94CCC8}.Ad-Hoc|iPhoneSimulator.Build.0 = Debug|Any CPU
		{8AF4B072-FE14-4139-B346-53AA2E94CCC8}.Ad-Hoc|x64.ActiveCfg = Debug|Any CPU
		{8AF4B072-FE14-4139-B346-53AA2E94CCC8}.Ad-Hoc|x64.Build.0 = Debug|Any CPU
		{8AF4B072-FE14-4139-B346-53AA2E94CCC8}.Ad-Hoc|x86.ActiveCfg = Debug|Any CPU
		{8AF4B072-FE14-4139-B346-53AA2E94CCC8}.Ad-Hoc|x86.Build.0 = Debug|Any CPU
		{8AF4B072-FE14-4139-B346-53AA2E94CCC8}.AppStore|Any CPU.ActiveCfg = Debug|Any CPU
		{8AF4B072-FE14-4139-B346-53AA2E94CCC8}.AppStore|Any CPU.Build.0 = Debug|Any CPU
		{8AF4B072-FE14-4139-B346-53AA2E94CCC8}.AppStore|ARM.ActiveCfg = Debug|Any CPU
		{8AF4B072-FE14-4139-B346-53AA2E94CCC8}.AppStore|ARM.Build.0 = Debug|Any CPU
		{8AF4B072-FE14-4139-B346-53AA2E94CCC8}.AppStore|iPhone.ActiveCfg = Debug|Any CPU
		{8AF4B072-FE14-4139-B346-53AA2E94CCC8}.AppStore|iPhone.Build.0 = Debug|Any CPU
		{8AF4B072-FE14-4139-B346-53AA2E94CCC8}.AppStore|iPhoneSimulator.ActiveCfg = Debug|Any CPU
		{8AF4B072-FE14-4139-B346-53AA2E94CCC8}.AppStore|iPhoneSimulator.Build.0 = Debug|Any CPU
		{8AF4B072-FE14-4139-B346-53AA2E94CCC8}.AppStore|x64.ActiveCfg = Debug|Any CPU
		{8AF4B072-FE14-4139-B346-53AA2E94CCC8}.AppStore|x64.Build.0 = Debug|Any CPU
		{8AF4B072-FE14-4139-B346-53AA2E94CCC8}.AppStore|x86.ActiveCfg = Debug|Any CPU
		{8AF4B072-FE14-4139-B346-53AA2E94CCC8}.AppStore|x86.Build.0 = Debug|Any CPU
		{8AF4B072-FE14-4139-B346-53AA2E94CCC8}.Debug|Any CPU.ActiveCfg = Debug|Any CPU
		{8AF4B072-FE14-4139-B346-53AA2E94CCC8}.Debug|Any CPU.Build.0 = Debug|Any CPU
		{8AF4B072-FE14-4139-B346-53AA2E94CCC8}.Debug|ARM.ActiveCfg = Debug|Any CPU
		{8AF4B072-FE14-4139-B346-53AA2E94CCC8}.Debug|ARM.Build.0 = Debug|Any CPU
		{8AF4B072-FE14-4139-B346-53AA2E94CCC8}.Debug|iPhone.ActiveCfg = Debug|Any CPU
		{8AF4B072-FE14-4139-B346-53AA2E94CCC8}.Debug|iPhone.Build.0 = Debug|Any CPU
		{8AF4B072-FE14-4139-B346-53AA2E94CCC8}.Debug|iPhoneSimulator.ActiveCfg = Debug|Any CPU
		{8AF4B072-FE14-4139-B346-53AA2E94CCC8}.Debug|iPhoneSimulator.Build.0 = Debug|Any CPU
		{8AF4B072-FE14-4139-B346-53AA2E94CCC8}.Debug|x64.ActiveCfg = Debug|Any CPU
		{8AF4B072-FE14-4139-B346-53AA2E94CCC8}.Debug|x64.Build.0 = Debug|Any CPU
		{8AF4B072-FE14-4139-B346-53AA2E94CCC8}.Debug|x86.ActiveCfg = Debug|Any CPU
		{8AF4B072-FE14-4139-B346-53AA2E94CCC8}.Debug|x86.Build.0 = Debug|Any CPU
		{8AF4B072-FE14-4139-B346-53AA2E94CCC8}.Release|Any CPU.ActiveCfg = Release|Any CPU
		{8AF4B072-FE14-4139-B346-53AA2E94CCC8}.Release|Any CPU.Build.0 = Release|Any CPU
		{8AF4B072-FE14-4139-B346-53AA2E94CCC8}.Release|ARM.ActiveCfg = Release|Any CPU
		{8AF4B072-FE14-4139-B346-53AA2E94CCC8}.Release|ARM.Build.0 = Release|Any CPU
		{8AF4B072-FE14-4139-B346-53AA2E94CCC8}.Release|iPhone.ActiveCfg = Release|Any CPU
		{8AF4B072-FE14-4139-B346-53AA2E94CCC8}.Release|iPhone.Build.0 = Release|Any CPU
		{8AF4B072-FE14-4139-B346-53AA2E94CCC8}.Release|iPhoneSimulator.ActiveCfg = Release|Any CPU
		{8AF4B072-FE14-4139-B346-53AA2E94CCC8}.Release|iPhoneSimulator.Build.0 = Release|Any CPU
		{8AF4B072-FE14-4139-B346-53AA2E94CCC8}.Release|x64.ActiveCfg = Release|Any CPU
		{8AF4B072-FE14-4139-B346-53AA2E94CCC8}.Release|x64.Build.0 = Release|Any CPU
		{8AF4B072-FE14-4139-B346-53AA2E94CCC8}.Release|x86.ActiveCfg = Release|Any CPU
		{8AF4B072-FE14-4139-B346-53AA2E94CCC8}.Release|x86.Build.0 = Release|Any CPU
	EndGlobalSection
	GlobalSection(SolutionProperties) = preSolution
		HideSolutionNode = FALSE
	EndGlobalSection
	GlobalSection(ExtensibilityGlobals) = postSolution
		SolutionGuid = {3B7893FB-4E1E-4831-8E4E-1EC741ACC3E1}
	EndGlobalSection
EndGlobal
