
Microsoft Visual Studio Solution File, Format Version 12.00
# Visual Studio 14
VisualStudioVersion = 14.0.25420.1
MinimumVisualStudioVersion = 10.0.40219.1
Project("{FAE04EC0-301F-11D3-BF4B-00C04F79EFBC}") = "SampleApp", "SampleApp\SampleApp\SampleApp.csproj", "{740D15EF-4C44-4EAD-8929-6060185742A2}"
EndProject
Project("{FAE04EC0-301F-11D3-BF4B-00C04F79EFBC}") = "SampleApp.Droid", "SampleApp\SampleApp.Droid\SampleApp.Droid.csproj", "{C1013657-7E4E-4ACA-8193-D4F330ED1B2B}"
EndProject
Project("{FAE04EC0-301F-11D3-BF4B-00C04F79EFBC}") = "SampleApp.iOS", "SampleApp\SampleApp.iOS\SampleApp.iOS.csproj", "{516A9A24-FB43-42B4-9B6F-8A2813B319D8}"
EndProject
Project("{FAE04EC0-301F-11D3-BF4B-00C04F79EFBC}") = "SampleApp.WinPhone", "SampleApp\SampleApp.WinPhone\SampleApp.WinPhone.csproj", "{BBBFCD72-2077-4EF7-BEDF-CA5801C99CF1}"
EndProject
Project("{FAE04EC0-301F-11D3-BF4B-00C04F79EFBC}") = "SampleApp.UWP", "SampleApp\SampleApp.UWP\SampleApp.UWP.csproj", "{C2E2D1C5-24EA-4CD7-BD5D-856879CD930D}"
EndProject
Project("{FAE04EC0-301F-11D3-BF4B-00C04F79EFBC}") = "SampleApp.Windows", "SampleApp\SampleApp.Windows\SampleApp.Windows.csproj", "{4622D5EA-C1A7-4C07-95D1-237CDD10F331}"
EndProject
Project("{FAE04EC0-301F-11D3-BF4B-00C04F79EFBC}") = "WebView.Plugin.Abstractions", "WebViewPlugin\WebView.Plugin.Abstractions\WebView.Plugin.Abstractions.csproj", "{67F9D3A8-F71E-4428-913F-C37AE82CDB24}"
EndProject
Project("{FAE04EC0-301F-11D3-BF4B-00C04F79EFBC}") = "WebView.Plugin.UWP", "WebViewPlugin\WebView.Plugin.UWP\WebView.Plugin.UWP.csproj", "{C939B2D9-94A6-4F5F-8F90-5555484713C6}"
EndProject
Project("{FAE04EC0-301F-11D3-BF4B-00C04F79EFBC}") = "WebView.Plugin.WindowsPhone", "WebViewPlugin\WebView.Plugin.WindowsPhone\WebView.Plugin.WindowsPhone.csproj", "{5860580E-CAAF-425A-936E-EC3FA0312855}"
EndProject
Project("{FAE04EC0-301F-11D3-BF4B-00C04F79EFBC}") = "WebView.Plugin.WindowsStore", "WebViewPlugin\WebView.Plugin.WindowsStore\WebView.Plugin.WindowsStore.csproj", "{12441EE0-4769-459E-8B3C-ACA72A77CF69}"
EndProject
Project("{D954291E-2A0B-460D-934E-DC6B0785DB48}") = "WebView.Plugin.Shared", "WebViewPlugin\WebView.Plugin.Shared\WebView.Plugin.Shared.shproj", "{06DD69EA-9EA0-4711-8481-C3F6003CDD95}"
EndProject
Project("{FAE04EC0-301F-11D3-BF4B-00C04F79EFBC}") = "WebView.Plugin.Droid", "WebViewPlugin\WebView.Plugin.Droid\WebView.Plugin.Droid.csproj", "{050DB3FB-3823-4D7F-A7F1-62A632179700}"
EndProject
Project("{FAE04EC0-301F-11D3-BF4B-00C04F79EFBC}") = "WebView.Plugin.iOS", "WebViewPlugin\WebView.Plugin.iOS\WebView.Plugin.iOS.csproj", "{05BC7C4A-CCBD-4F19-8DEB-02801DBB2E55}"
EndProject
Global
	GlobalSection(SharedMSBuildProjectFiles) = preSolution
		WebViewPlugin\WebView.Plugin.Shared\WebView.Plugin.Shared.projitems*{06dd69ea-9ea0-4711-8481-c3f6003cdd95}*SharedItemsImports = 13
		WebViewPlugin\WebView.Plugin.Shared\WebView.Plugin.Shared.projitems*{12441ee0-4769-459e-8b3c-aca72a77cf69}*SharedItemsImports = 4
		WebViewPlugin\WebView.Plugin.Shared\WebView.Plugin.Shared.projitems*{5860580e-caaf-425a-936e-ec3fa0312855}*SharedItemsImports = 4
		WebViewPlugin\WebView.Plugin.Shared\WebView.Plugin.Shared.projitems*{c939b2d9-94a6-4f5f-8f90-5555484713c6}*SharedItemsImports = 4
	EndGlobalSection
	GlobalSection(SolutionConfigurationPlatforms) = preSolution
		Ad-Hoc|Any CPU = Ad-Hoc|Any CPU
		Ad-Hoc|ARM = Ad-Hoc|ARM
		Ad-Hoc|iPhone = Ad-Hoc|iPhone
		Ad-Hoc|iPhoneSimulator = Ad-Hoc|iPhoneSimulator
		Ad-Hoc|x64 = Ad-Hoc|x64
		Ad-Hoc|x86 = Ad-Hoc|x86
		AppStore|Any CPU = AppStore|Any CPU
		AppStore|ARM = AppStore|ARM
		AppStore|iPhone = AppStore|iPhone
		AppStore|iPhoneSimulator = AppStore|iPhoneSimulator
		AppStore|x64 = AppStore|x64
		AppStore|x86 = AppStore|x86
		Debug|Any CPU = Debug|Any CPU
		Debug|ARM = Debug|ARM
		Debug|iPhone = Debug|iPhone
		Debug|iPhoneSimulator = Debug|iPhoneSimulator
		Debug|x64 = Debug|x64
		Debug|x86 = Debug|x86
		Release|Any CPU = Release|Any CPU
		Release|ARM = Release|ARM
		Release|iPhone = Release|iPhone
		Release|iPhoneSimulator = Release|iPhoneSimulator
		Release|x64 = Release|x64
		Release|x86 = Release|x86
	EndGlobalSection
	GlobalSection(ProjectConfigurationPlatforms) = postSolution
		{740D15EF-4C44-4EAD-8929-6060185742A2}.Ad-Hoc|Any CPU.ActiveCfg = Release|Any CPU
		{740D15EF-4C44-4EAD-8929-6060185742A2}.Ad-Hoc|Any CPU.Build.0 = Release|Any CPU
		{740D15EF-4C44-4EAD-8929-6060185742A2}.Ad-Hoc|ARM.ActiveCfg = Release|Any CPU
		{740D15EF-4C44-4EAD-8929-6060185742A2}.Ad-Hoc|ARM.Build.0 = Release|Any CPU
		{740D15EF-4C44-4EAD-8929-6060185742A2}.Ad-Hoc|iPhone.ActiveCfg = Release|Any CPU
		{740D15EF-4C44-4EAD-8929-6060185742A2}.Ad-Hoc|iPhone.Build.0 = Release|Any CPU
		{740D15EF-4C44-4EAD-8929-6060185742A2}.Ad-Hoc|iPhoneSimulator.ActiveCfg = Release|Any CPU
		{740D15EF-4C44-4EAD-8929-6060185742A2}.Ad-Hoc|iPhoneSimulator.Build.0 = Release|Any CPU
		{740D15EF-4C44-4EAD-8929-6060185742A2}.Ad-Hoc|x64.ActiveCfg = Release|Any CPU
		{740D15EF-4C44-4EAD-8929-6060185742A2}.Ad-Hoc|x64.Build.0 = Release|Any CPU
		{740D15EF-4C44-4EAD-8929-6060185742A2}.Ad-Hoc|x86.ActiveCfg = Release|Any CPU
		{740D15EF-4C44-4EAD-8929-6060185742A2}.Ad-Hoc|x86.Build.0 = Release|Any CPU
		{740D15EF-4C44-4EAD-8929-6060185742A2}.AppStore|Any CPU.ActiveCfg = Release|Any CPU
		{740D15EF-4C44-4EAD-8929-6060185742A2}.AppStore|Any CPU.Build.0 = Release|Any CPU
		{740D15EF-4C44-4EAD-8929-6060185742A2}.AppStore|ARM.ActiveCfg = Release|Any CPU
		{740D15EF-4C44-4EAD-8929-6060185742A2}.AppStore|ARM.Build.0 = Release|Any CPU
		{740D15EF-4C44-4EAD-8929-6060185742A2}.AppStore|iPhone.ActiveCfg = Release|Any CPU
		{740D15EF-4C44-4EAD-8929-6060185742A2}.AppStore|iPhone.Build.0 = Release|Any CPU
		{740D15EF-4C44-4EAD-8929-6060185742A2}.AppStore|iPhoneSimulator.ActiveCfg = Release|Any CPU
		{740D15EF-4C44-4EAD-8929-6060185742A2}.AppStore|iPhoneSimulator.Build.0 = Release|Any CPU
		{740D15EF-4C44-4EAD-8929-6060185742A2}.AppStore|x64.ActiveCfg = Release|Any CPU
		{740D15EF-4C44-4EAD-8929-6060185742A2}.AppStore|x64.Build.0 = Release|Any CPU
		{740D15EF-4C44-4EAD-8929-6060185742A2}.AppStore|x86.ActiveCfg = Release|Any CPU
		{740D15EF-4C44-4EAD-8929-6060185742A2}.AppStore|x86.Build.0 = Release|Any CPU
		{740D15EF-4C44-4EAD-8929-6060185742A2}.Debug|Any CPU.ActiveCfg = Debug|Any CPU
		{740D15EF-4C44-4EAD-8929-6060185742A2}.Debug|Any CPU.Build.0 = Debug|Any CPU
		{740D15EF-4C44-4EAD-8929-6060185742A2}.Debug|ARM.ActiveCfg = Debug|Any CPU
		{740D15EF-4C44-4EAD-8929-6060185742A2}.Debug|ARM.Build.0 = Debug|Any CPU
		{740D15EF-4C44-4EAD-8929-6060185742A2}.Debug|iPhone.ActiveCfg = Debug|Any CPU
		{740D15EF-4C44-4EAD-8929-6060185742A2}.Debug|iPhone.Build.0 = Debug|Any CPU
		{740D15EF-4C44-4EAD-8929-6060185742A2}.Debug|iPhoneSimulator.ActiveCfg = Debug|Any CPU
		{740D15EF-4C44-4EAD-8929-6060185742A2}.Debug|iPhoneSimulator.Build.0 = Debug|Any CPU
		{740D15EF-4C44-4EAD-8929-6060185742A2}.Debug|x64.ActiveCfg = Debug|Any CPU
		{740D15EF-4C44-4EAD-8929-6060185742A2}.Debug|x64.Build.0 = Debug|Any CPU
		{740D15EF-4C44-4EAD-8929-6060185742A2}.Debug|x86.ActiveCfg = Debug|Any CPU
		{740D15EF-4C44-4EAD-8929-6060185742A2}.Debug|x86.Build.0 = Debug|Any CPU
		{740D15EF-4C44-4EAD-8929-6060185742A2}.Release|Any CPU.ActiveCfg = Release|Any CPU
		{740D15EF-4C44-4EAD-8929-6060185742A2}.Release|Any CPU.Build.0 = Release|Any CPU
		{740D15EF-4C44-4EAD-8929-6060185742A2}.Release|ARM.ActiveCfg = Release|Any CPU
		{740D15EF-4C44-4EAD-8929-6060185742A2}.Release|ARM.Build.0 = Release|Any CPU
		{740D15EF-4C44-4EAD-8929-6060185742A2}.Release|iPhone.ActiveCfg = Release|Any CPU
		{740D15EF-4C44-4EAD-8929-6060185742A2}.Release|iPhone.Build.0 = Release|Any CPU
		{740D15EF-4C44-4EAD-8929-6060185742A2}.Release|iPhoneSimulator.ActiveCfg = Release|Any CPU
		{740D15EF-4C44-4EAD-8929-6060185742A2}.Release|iPhoneSimulator.Build.0 = Release|Any CPU
		{740D15EF-4C44-4EAD-8929-6060185742A2}.Release|x64.ActiveCfg = Release|Any CPU
		{740D15EF-4C44-4EAD-8929-6060185742A2}.Release|x64.Build.0 = Release|Any CPU
		{740D15EF-4C44-4EAD-8929-6060185742A2}.Release|x86.ActiveCfg = Release|Any CPU
		{740D15EF-4C44-4EAD-8929-6060185742A2}.Release|x86.Build.0 = Release|Any CPU
		{C1013657-7E4E-4ACA-8193-D4F330ED1B2B}.Ad-Hoc|Any CPU.ActiveCfg = Release|Any CPU
		{C1013657-7E4E-4ACA-8193-D4F330ED1B2B}.Ad-Hoc|Any CPU.Build.0 = Release|Any CPU
		{C1013657-7E4E-4ACA-8193-D4F330ED1B2B}.Ad-Hoc|Any CPU.Deploy.0 = Release|Any CPU
		{C1013657-7E4E-4ACA-8193-D4F330ED1B2B}.Ad-Hoc|ARM.ActiveCfg = Release|Any CPU
		{C1013657-7E4E-4ACA-8193-D4F330ED1B2B}.Ad-Hoc|ARM.Build.0 = Release|Any CPU
		{C1013657-7E4E-4ACA-8193-D4F330ED1B2B}.Ad-Hoc|ARM.Deploy.0 = Release|Any CPU
		{C1013657-7E4E-4ACA-8193-D4F330ED1B2B}.Ad-Hoc|iPhone.ActiveCfg = Release|Any CPU
		{C1013657-7E4E-4ACA-8193-D4F330ED1B2B}.Ad-Hoc|iPhone.Build.0 = Release|Any CPU
		{C1013657-7E4E-4ACA-8193-D4F330ED1B2B}.Ad-Hoc|iPhone.Deploy.0 = Release|Any CPU
		{C1013657-7E4E-4ACA-8193-D4F330ED1B2B}.Ad-Hoc|iPhoneSimulator.ActiveCfg = Release|Any CPU
		{C1013657-7E4E-4ACA-8193-D4F330ED1B2B}.Ad-Hoc|iPhoneSimulator.Build.0 = Release|Any CPU
		{C1013657-7E4E-4ACA-8193-D4F330ED1B2B}.Ad-Hoc|iPhoneSimulator.Deploy.0 = Release|Any CPU
		{C1013657-7E4E-4ACA-8193-D4F330ED1B2B}.Ad-Hoc|x64.ActiveCfg = Release|Any CPU
		{C1013657-7E4E-4ACA-8193-D4F330ED1B2B}.Ad-Hoc|x64.Build.0 = Release|Any CPU
		{C1013657-7E4E-4ACA-8193-D4F330ED1B2B}.Ad-Hoc|x64.Deploy.0 = Release|Any CPU
		{C1013657-7E4E-4ACA-8193-D4F330ED1B2B}.Ad-Hoc|x86.ActiveCfg = Release|Any CPU
		{C1013657-7E4E-4ACA-8193-D4F330ED1B2B}.Ad-Hoc|x86.Build.0 = Release|Any CPU
		{C1013657-7E4E-4ACA-8193-D4F330ED1B2B}.Ad-Hoc|x86.Deploy.0 = Release|Any CPU
		{C1013657-7E4E-4ACA-8193-D4F330ED1B2B}.AppStore|Any CPU.ActiveCfg = Release|Any CPU
		{C1013657-7E4E-4ACA-8193-D4F330ED1B2B}.AppStore|Any CPU.Build.0 = Release|Any CPU
		{C1013657-7E4E-4ACA-8193-D4F330ED1B2B}.AppStore|Any CPU.Deploy.0 = Release|Any CPU
		{C1013657-7E4E-4ACA-8193-D4F330ED1B2B}.AppStore|ARM.ActiveCfg = Release|Any CPU
		{C1013657-7E4E-4ACA-8193-D4F330ED1B2B}.AppStore|ARM.Build.0 = Release|Any CPU
		{C1013657-7E4E-4ACA-8193-D4F330ED1B2B}.AppStore|ARM.Deploy.0 = Release|Any CPU
		{C1013657-7E4E-4ACA-8193-D4F330ED1B2B}.AppStore|iPhone.ActiveCfg = Release|Any CPU
		{C1013657-7E4E-4ACA-8193-D4F330ED1B2B}.AppStore|iPhone.Build.0 = Release|Any CPU
		{C1013657-7E4E-4ACA-8193-D4F330ED1B2B}.AppStore|iPhone.Deploy.0 = Release|Any CPU
		{C1013657-7E4E-4ACA-8193-D4F330ED1B2B}.AppStore|iPhoneSimulator.ActiveCfg = Release|Any CPU
		{C1013657-7E4E-4ACA-8193-D4F330ED1B2B}.AppStore|iPhoneSimulator.Build.0 = Release|Any CPU
		{C1013657-7E4E-4ACA-8193-D4F330ED1B2B}.AppStore|iPhoneSimulator.Deploy.0 = Release|Any CPU
		{C1013657-7E4E-4ACA-8193-D4F330ED1B2B}.AppStore|x64.ActiveCfg = Release|Any CPU
		{C1013657-7E4E-4ACA-8193-D4F330ED1B2B}.AppStore|x64.Build.0 = Release|Any CPU
		{C1013657-7E4E-4ACA-8193-D4F330ED1B2B}.AppStore|x64.Deploy.0 = Release|Any CPU
		{C1013657-7E4E-4ACA-8193-D4F330ED1B2B}.AppStore|x86.ActiveCfg = Release|Any CPU
		{C1013657-7E4E-4ACA-8193-D4F330ED1B2B}.AppStore|x86.Build.0 = Release|Any CPU
		{C1013657-7E4E-4ACA-8193-D4F330ED1B2B}.AppStore|x86.Deploy.0 = Release|Any CPU
		{C1013657-7E4E-4ACA-8193-D4F330ED1B2B}.Debug|Any CPU.ActiveCfg = Debug|Any CPU
		{C1013657-7E4E-4ACA-8193-D4F330ED1B2B}.Debug|Any CPU.Build.0 = Debug|Any CPU
		{C1013657-7E4E-4ACA-8193-D4F330ED1B2B}.Debug|Any CPU.Deploy.0 = Debug|Any CPU
		{C1013657-7E4E-4ACA-8193-D4F330ED1B2B}.Debug|ARM.ActiveCfg = Debug|Any CPU
		{C1013657-7E4E-4ACA-8193-D4F330ED1B2B}.Debug|ARM.Build.0 = Debug|Any CPU
		{C1013657-7E4E-4ACA-8193-D4F330ED1B2B}.Debug|ARM.Deploy.0 = Debug|Any CPU
		{C1013657-7E4E-4ACA-8193-D4F330ED1B2B}.Debug|iPhone.ActiveCfg = Debug|Any CPU
		{C1013657-7E4E-4ACA-8193-D4F330ED1B2B}.Debug|iPhone.Build.0 = Debug|Any CPU
		{C1013657-7E4E-4ACA-8193-D4F330ED1B2B}.Debug|iPhone.Deploy.0 = Debug|Any CPU
		{C1013657-7E4E-4ACA-8193-D4F330ED1B2B}.Debug|iPhoneSimulator.ActiveCfg = Debug|Any CPU
		{C1013657-7E4E-4ACA-8193-D4F330ED1B2B}.Debug|iPhoneSimulator.Build.0 = Debug|Any CPU
		{C1013657-7E4E-4ACA-8193-D4F330ED1B2B}.Debug|iPhoneSimulator.Deploy.0 = Debug|Any CPU
		{C1013657-7E4E-4ACA-8193-D4F330ED1B2B}.Debug|x64.ActiveCfg = Debug|Any CPU
		{C1013657-7E4E-4ACA-8193-D4F330ED1B2B}.Debug|x64.Build.0 = Debug|Any CPU
		{C1013657-7E4E-4ACA-8193-D4F330ED1B2B}.Debug|x64.Deploy.0 = Debug|Any CPU
		{C1013657-7E4E-4ACA-8193-D4F330ED1B2B}.Debug|x86.ActiveCfg = Debug|Any CPU
		{C1013657-7E4E-4ACA-8193-D4F330ED1B2B}.Debug|x86.Build.0 = Debug|Any CPU
		{C1013657-7E4E-4ACA-8193-D4F330ED1B2B}.Debug|x86.Deploy.0 = Debug|Any CPU
		{C1013657-7E4E-4ACA-8193-D4F330ED1B2B}.Release|Any CPU.ActiveCfg = Release|Any CPU
		{C1013657-7E4E-4ACA-8193-D4F330ED1B2B}.Release|Any CPU.Build.0 = Release|Any CPU
		{C1013657-7E4E-4ACA-8193-D4F330ED1B2B}.Release|Any CPU.Deploy.0 = Release|Any CPU
		{C1013657-7E4E-4ACA-8193-D4F330ED1B2B}.Release|ARM.ActiveCfg = Release|Any CPU
		{C1013657-7E4E-4ACA-8193-D4F330ED1B2B}.Release|ARM.Build.0 = Release|Any CPU
		{C1013657-7E4E-4ACA-8193-D4F330ED1B2B}.Release|ARM.Deploy.0 = Release|Any CPU
		{C1013657-7E4E-4ACA-8193-D4F330ED1B2B}.Release|iPhone.ActiveCfg = Release|Any CPU
		{C1013657-7E4E-4ACA-8193-D4F330ED1B2B}.Release|iPhone.Build.0 = Release|Any CPU
		{C1013657-7E4E-4ACA-8193-D4F330ED1B2B}.Release|iPhone.Deploy.0 = Release|Any CPU
		{C1013657-7E4E-4ACA-8193-D4F330ED1B2B}.Release|iPhoneSimulator.ActiveCfg = Release|Any CPU
		{C1013657-7E4E-4ACA-8193-D4F330ED1B2B}.Release|iPhoneSimulator.Build.0 = Release|Any CPU
		{C1013657-7E4E-4ACA-8193-D4F330ED1B2B}.Release|x64.ActiveCfg = Release|Any CPU
		{C1013657-7E4E-4ACA-8193-D4F330ED1B2B}.Release|x64.Build.0 = Release|Any CPU
		{C1013657-7E4E-4ACA-8193-D4F330ED1B2B}.Release|x64.Deploy.0 = Release|Any CPU
		{C1013657-7E4E-4ACA-8193-D4F330ED1B2B}.Release|x86.ActiveCfg = Release|Any CPU
		{C1013657-7E4E-4ACA-8193-D4F330ED1B2B}.Release|x86.Build.0 = Release|Any CPU
		{C1013657-7E4E-4ACA-8193-D4F330ED1B2B}.Release|x86.Deploy.0 = Release|Any CPU
		{516A9A24-FB43-42B4-9B6F-8A2813B319D8}.Ad-Hoc|Any CPU.ActiveCfg = Ad-Hoc|iPhone
		{516A9A24-FB43-42B4-9B6F-8A2813B319D8}.Ad-Hoc|ARM.ActiveCfg = Ad-Hoc|iPhone
		{516A9A24-FB43-42B4-9B6F-8A2813B319D8}.Ad-Hoc|iPhone.ActiveCfg = Ad-Hoc|iPhone
		{516A9A24-FB43-42B4-9B6F-8A2813B319D8}.Ad-Hoc|iPhone.Build.0 = Ad-Hoc|iPhone
		{516A9A24-FB43-42B4-9B6F-8A2813B319D8}.Ad-Hoc|iPhoneSimulator.ActiveCfg = Ad-Hoc|iPhoneSimulator
		{516A9A24-FB43-42B4-9B6F-8A2813B319D8}.Ad-Hoc|iPhoneSimulator.Build.0 = Ad-Hoc|iPhoneSimulator
		{516A9A24-FB43-42B4-9B6F-8A2813B319D8}.Ad-Hoc|x64.ActiveCfg = Ad-Hoc|iPhone
		{516A9A24-FB43-42B4-9B6F-8A2813B319D8}.Ad-Hoc|x86.ActiveCfg = Ad-Hoc|iPhone
		{516A9A24-FB43-42B4-9B6F-8A2813B319D8}.AppStore|Any CPU.ActiveCfg = AppStore|iPhone
		{516A9A24-FB43-42B4-9B6F-8A2813B319D8}.AppStore|ARM.ActiveCfg = AppStore|iPhone
		{516A9A24-FB43-42B4-9B6F-8A2813B319D8}.AppStore|iPhone.ActiveCfg = AppStore|iPhone
		{516A9A24-FB43-42B4-9B6F-8A2813B319D8}.AppStore|iPhone.Build.0 = AppStore|iPhone
		{516A9A24-FB43-42B4-9B6F-8A2813B319D8}.AppStore|iPhoneSimulator.ActiveCfg = AppStore|iPhoneSimulator
		{516A9A24-FB43-42B4-9B6F-8A2813B319D8}.AppStore|iPhoneSimulator.Build.0 = AppStore|iPhoneSimulator
		{516A9A24-FB43-42B4-9B6F-8A2813B319D8}.AppStore|x64.ActiveCfg = AppStore|iPhone
		{516A9A24-FB43-42B4-9B6F-8A2813B319D8}.AppStore|x86.ActiveCfg = AppStore|iPhone
		{516A9A24-FB43-42B4-9B6F-8A2813B319D8}.Debug|Any CPU.ActiveCfg = Debug|iPhone
		{516A9A24-FB43-42B4-9B6F-8A2813B319D8}.Debug|Any CPU.Build.0 = Debug|iPhone
		{516A9A24-FB43-42B4-9B6F-8A2813B319D8}.Debug|ARM.ActiveCfg = Debug|iPhone
		{516A9A24-FB43-42B4-9B6F-8A2813B319D8}.Debug|iPhone.ActiveCfg = Debug|iPhone
		{516A9A24-FB43-42B4-9B6F-8A2813B319D8}.Debug|iPhone.Build.0 = Debug|iPhone
		{516A9A24-FB43-42B4-9B6F-8A2813B319D8}.Debug|iPhoneSimulator.ActiveCfg = Debug|iPhoneSimulator
		{516A9A24-FB43-42B4-9B6F-8A2813B319D8}.Debug|iPhoneSimulator.Build.0 = Debug|iPhoneSimulator
		{516A9A24-FB43-42B4-9B6F-8A2813B319D8}.Debug|x64.ActiveCfg = Debug|iPhone
		{516A9A24-FB43-42B4-9B6F-8A2813B319D8}.Debug|x86.ActiveCfg = Debug|iPhone
		{516A9A24-FB43-42B4-9B6F-8A2813B319D8}.Release|Any CPU.ActiveCfg = Release|iPhone
		{516A9A24-FB43-42B4-9B6F-8A2813B319D8}.Release|Any CPU.Build.0 = Release|iPhone
		{516A9A24-FB43-42B4-9B6F-8A2813B319D8}.Release|ARM.ActiveCfg = Release|iPhone
		{516A9A24-FB43-42B4-9B6F-8A2813B319D8}.Release|iPhone.ActiveCfg = Release|iPhone
		{516A9A24-FB43-42B4-9B6F-8A2813B319D8}.Release|iPhone.Build.0 = Release|iPhone
		{516A9A24-FB43-42B4-9B6F-8A2813B319D8}.Release|iPhoneSimulator.ActiveCfg = Release|iPhone
		{516A9A24-FB43-42B4-9B6F-8A2813B319D8}.Release|iPhoneSimulator.Build.0 = Release|iPhone
		{516A9A24-FB43-42B4-9B6F-8A2813B319D8}.Release|x64.ActiveCfg = Release|iPhone
		{516A9A24-FB43-42B4-9B6F-8A2813B319D8}.Release|x64.Build.0 = Release|iPhone
		{516A9A24-FB43-42B4-9B6F-8A2813B319D8}.Release|x86.ActiveCfg = Release|iPhone
		{BBBFCD72-2077-4EF7-BEDF-CA5801C99CF1}.Ad-Hoc|Any CPU.ActiveCfg = Release|Any CPU
		{BBBFCD72-2077-4EF7-BEDF-CA5801C99CF1}.Ad-Hoc|Any CPU.Build.0 = Release|Any CPU
		{BBBFCD72-2077-4EF7-BEDF-CA5801C99CF1}.Ad-Hoc|Any CPU.Deploy.0 = Release|Any CPU
		{BBBFCD72-2077-4EF7-BEDF-CA5801C99CF1}.Ad-Hoc|ARM.ActiveCfg = Release|ARM
		{BBBFCD72-2077-4EF7-BEDF-CA5801C99CF1}.Ad-Hoc|ARM.Build.0 = Release|ARM
		{BBBFCD72-2077-4EF7-BEDF-CA5801C99CF1}.Ad-Hoc|ARM.Deploy.0 = Release|ARM
		{BBBFCD72-2077-4EF7-BEDF-CA5801C99CF1}.Ad-Hoc|iPhone.ActiveCfg = Release|Any CPU
		{BBBFCD72-2077-4EF7-BEDF-CA5801C99CF1}.Ad-Hoc|iPhone.Build.0 = Release|Any CPU
		{BBBFCD72-2077-4EF7-BEDF-CA5801C99CF1}.Ad-Hoc|iPhone.Deploy.0 = Release|Any CPU
		{BBBFCD72-2077-4EF7-BEDF-CA5801C99CF1}.Ad-Hoc|iPhoneSimulator.ActiveCfg = Release|Any CPU
		{BBBFCD72-2077-4EF7-BEDF-CA5801C99CF1}.Ad-Hoc|iPhoneSimulator.Build.0 = Release|Any CPU
		{BBBFCD72-2077-4EF7-BEDF-CA5801C99CF1}.Ad-Hoc|iPhoneSimulator.Deploy.0 = Release|Any CPU
		{BBBFCD72-2077-4EF7-BEDF-CA5801C99CF1}.Ad-Hoc|x64.ActiveCfg = Release|Any CPU
		{BBBFCD72-2077-4EF7-BEDF-CA5801C99CF1}.Ad-Hoc|x64.Build.0 = Release|Any CPU
		{BBBFCD72-2077-4EF7-BEDF-CA5801C99CF1}.Ad-Hoc|x64.Deploy.0 = Release|Any CPU
		{BBBFCD72-2077-4EF7-BEDF-CA5801C99CF1}.Ad-Hoc|x86.ActiveCfg = Release|x86
		{BBBFCD72-2077-4EF7-BEDF-CA5801C99CF1}.Ad-Hoc|x86.Build.0 = Release|x86
		{BBBFCD72-2077-4EF7-BEDF-CA5801C99CF1}.Ad-Hoc|x86.Deploy.0 = Release|x86
		{BBBFCD72-2077-4EF7-BEDF-CA5801C99CF1}.AppStore|Any CPU.ActiveCfg = Release|Any CPU
		{BBBFCD72-2077-4EF7-BEDF-CA5801C99CF1}.AppStore|Any CPU.Build.0 = Release|Any CPU
		{BBBFCD72-2077-4EF7-BEDF-CA5801C99CF1}.AppStore|Any CPU.Deploy.0 = Release|Any CPU
		{BBBFCD72-2077-4EF7-BEDF-CA5801C99CF1}.AppStore|ARM.ActiveCfg = Release|ARM
		{BBBFCD72-2077-4EF7-BEDF-CA5801C99CF1}.AppStore|ARM.Build.0 = Release|ARM
		{BBBFCD72-2077-4EF7-BEDF-CA5801C99CF1}.AppStore|ARM.Deploy.0 = Release|ARM
		{BBBFCD72-2077-4EF7-BEDF-CA5801C99CF1}.AppStore|iPhone.ActiveCfg = Release|Any CPU
		{BBBFCD72-2077-4EF7-BEDF-CA5801C99CF1}.AppStore|iPhone.Build.0 = Release|Any CPU
		{BBBFCD72-2077-4EF7-BEDF-CA5801C99CF1}.AppStore|iPhone.Deploy.0 = Release|Any CPU
		{BBBFCD72-2077-4EF7-BEDF-CA5801C99CF1}.AppStore|iPhoneSimulator.ActiveCfg = Release|Any CPU
		{BBBFCD72-2077-4EF7-BEDF-CA5801C99CF1}.AppStore|iPhoneSimulator.Build.0 = Release|Any CPU
		{BBBFCD72-2077-4EF7-BEDF-CA5801C99CF1}.AppStore|iPhoneSimulator.Deploy.0 = Release|Any CPU
		{BBBFCD72-2077-4EF7-BEDF-CA5801C99CF1}.AppStore|x64.ActiveCfg = Release|Any CPU
		{BBBFCD72-2077-4EF7-BEDF-CA5801C99CF1}.AppStore|x64.Build.0 = Release|Any CPU
		{BBBFCD72-2077-4EF7-BEDF-CA5801C99CF1}.AppStore|x64.Deploy.0 = Release|Any CPU
		{BBBFCD72-2077-4EF7-BEDF-CA5801C99CF1}.AppStore|x86.ActiveCfg = Release|x86
		{BBBFCD72-2077-4EF7-BEDF-CA5801C99CF1}.AppStore|x86.Build.0 = Release|x86
		{BBBFCD72-2077-4EF7-BEDF-CA5801C99CF1}.AppStore|x86.Deploy.0 = Release|x86
		{BBBFCD72-2077-4EF7-BEDF-CA5801C99CF1}.Debug|Any CPU.ActiveCfg = Debug|Any CPU
		{BBBFCD72-2077-4EF7-BEDF-CA5801C99CF1}.Debug|Any CPU.Build.0 = Debug|Any CPU
		{BBBFCD72-2077-4EF7-BEDF-CA5801C99CF1}.Debug|Any CPU.Deploy.0 = Debug|Any CPU
		{BBBFCD72-2077-4EF7-BEDF-CA5801C99CF1}.Debug|ARM.ActiveCfg = Debug|ARM
		{BBBFCD72-2077-4EF7-BEDF-CA5801C99CF1}.Debug|ARM.Build.0 = Debug|ARM
		{BBBFCD72-2077-4EF7-BEDF-CA5801C99CF1}.Debug|ARM.Deploy.0 = Debug|ARM
		{BBBFCD72-2077-4EF7-BEDF-CA5801C99CF1}.Debug|iPhone.ActiveCfg = Debug|Any CPU
		{BBBFCD72-2077-4EF7-BEDF-CA5801C99CF1}.Debug|iPhone.Build.0 = Debug|Any CPU
		{BBBFCD72-2077-4EF7-BEDF-CA5801C99CF1}.Debug|iPhone.Deploy.0 = Debug|Any CPU
		{BBBFCD72-2077-4EF7-BEDF-CA5801C99CF1}.Debug|iPhoneSimulator.ActiveCfg = Debug|Any CPU
		{BBBFCD72-2077-4EF7-BEDF-CA5801C99CF1}.Debug|iPhoneSimulator.Build.0 = Debug|Any CPU
		{BBBFCD72-2077-4EF7-BEDF-CA5801C99CF1}.Debug|iPhoneSimulator.Deploy.0 = Debug|Any CPU
		{BBBFCD72-2077-4EF7-BEDF-CA5801C99CF1}.Debug|x64.ActiveCfg = Debug|Any CPU
		{BBBFCD72-2077-4EF7-BEDF-CA5801C99CF1}.Debug|x64.Build.0 = Debug|Any CPU
		{BBBFCD72-2077-4EF7-BEDF-CA5801C99CF1}.Debug|x64.Deploy.0 = Debug|Any CPU
		{BBBFCD72-2077-4EF7-BEDF-CA5801C99CF1}.Debug|x86.ActiveCfg = Debug|x86
		{BBBFCD72-2077-4EF7-BEDF-CA5801C99CF1}.Debug|x86.Build.0 = Debug|x86
		{BBBFCD72-2077-4EF7-BEDF-CA5801C99CF1}.Debug|x86.Deploy.0 = Debug|x86
		{BBBFCD72-2077-4EF7-BEDF-CA5801C99CF1}.Release|Any CPU.ActiveCfg = Release|Any CPU
		{BBBFCD72-2077-4EF7-BEDF-CA5801C99CF1}.Release|Any CPU.Build.0 = Release|Any CPU
		{BBBFCD72-2077-4EF7-BEDF-CA5801C99CF1}.Release|Any CPU.Deploy.0 = Release|Any CPU
		{BBBFCD72-2077-4EF7-BEDF-CA5801C99CF1}.Release|ARM.ActiveCfg = Release|ARM
		{BBBFCD72-2077-4EF7-BEDF-CA5801C99CF1}.Release|ARM.Build.0 = Release|ARM
		{BBBFCD72-2077-4EF7-BEDF-CA5801C99CF1}.Release|ARM.Deploy.0 = Release|ARM
		{BBBFCD72-2077-4EF7-BEDF-CA5801C99CF1}.Release|iPhone.ActiveCfg = Release|Any CPU
		{BBBFCD72-2077-4EF7-BEDF-CA5801C99CF1}.Release|iPhone.Build.0 = Release|Any CPU
		{BBBFCD72-2077-4EF7-BEDF-CA5801C99CF1}.Release|iPhone.Deploy.0 = Release|Any CPU
		{BBBFCD72-2077-4EF7-BEDF-CA5801C99CF1}.Release|iPhoneSimulator.ActiveCfg = Release|Any CPU
		{BBBFCD72-2077-4EF7-BEDF-CA5801C99CF1}.Release|iPhoneSimulator.Build.0 = Release|Any CPU
		{BBBFCD72-2077-4EF7-BEDF-CA5801C99CF1}.Release|x64.ActiveCfg = Release|Any CPU
		{BBBFCD72-2077-4EF7-BEDF-CA5801C99CF1}.Release|x64.Build.0 = Release|Any CPU
		{BBBFCD72-2077-4EF7-BEDF-CA5801C99CF1}.Release|x64.Deploy.0 = Release|Any CPU
		{BBBFCD72-2077-4EF7-BEDF-CA5801C99CF1}.Release|x86.ActiveCfg = Release|x86
		{BBBFCD72-2077-4EF7-BEDF-CA5801C99CF1}.Release|x86.Build.0 = Release|x86
		{BBBFCD72-2077-4EF7-BEDF-CA5801C99CF1}.Release|x86.Deploy.0 = Release|x86
		{C2E2D1C5-24EA-4CD7-BD5D-856879CD930D}.Ad-Hoc|Any CPU.ActiveCfg = Release|x86
		{C2E2D1C5-24EA-4CD7-BD5D-856879CD930D}.Ad-Hoc|Any CPU.Build.0 = Release|x86
		{C2E2D1C5-24EA-4CD7-BD5D-856879CD930D}.Ad-Hoc|Any CPU.Deploy.0 = Release|x86
		{C2E2D1C5-24EA-4CD7-BD5D-856879CD930D}.Ad-Hoc|ARM.ActiveCfg = Release|ARM
		{C2E2D1C5-24EA-4CD7-BD5D-856879CD930D}.Ad-Hoc|ARM.Build.0 = Release|ARM
		{C2E2D1C5-24EA-4CD7-BD5D-856879CD930D}.Ad-Hoc|ARM.Deploy.0 = Release|ARM
		{C2E2D1C5-24EA-4CD7-BD5D-856879CD930D}.Ad-Hoc|iPhone.ActiveCfg = Release|x86
		{C2E2D1C5-24EA-4CD7-BD5D-856879CD930D}.Ad-Hoc|iPhone.Build.0 = Release|x86
		{C2E2D1C5-24EA-4CD7-BD5D-856879CD930D}.Ad-Hoc|iPhone.Deploy.0 = Release|x86
		{C2E2D1C5-24EA-4CD7-BD5D-856879CD930D}.Ad-Hoc|iPhoneSimulator.ActiveCfg = Release|x86
		{C2E2D1C5-24EA-4CD7-BD5D-856879CD930D}.Ad-Hoc|iPhoneSimulator.Build.0 = Release|x86
		{C2E2D1C5-24EA-4CD7-BD5D-856879CD930D}.Ad-Hoc|iPhoneSimulator.Deploy.0 = Release|x86
		{C2E2D1C5-24EA-4CD7-BD5D-856879CD930D}.Ad-Hoc|x64.ActiveCfg = Release|x64
		{C2E2D1C5-24EA-4CD7-BD5D-856879CD930D}.Ad-Hoc|x64.Build.0 = Release|x64
		{C2E2D1C5-24EA-4CD7-BD5D-856879CD930D}.Ad-Hoc|x64.Deploy.0 = Release|x64
		{C2E2D1C5-24EA-4CD7-BD5D-856879CD930D}.Ad-Hoc|x86.ActiveCfg = Release|x86
		{C2E2D1C5-24EA-4CD7-BD5D-856879CD930D}.Ad-Hoc|x86.Build.0 = Release|x86
		{C2E2D1C5-24EA-4CD7-BD5D-856879CD930D}.Ad-Hoc|x86.Deploy.0 = Release|x86
		{C2E2D1C5-24EA-4CD7-BD5D-856879CD930D}.AppStore|Any CPU.ActiveCfg = Release|x86
		{C2E2D1C5-24EA-4CD7-BD5D-856879CD930D}.AppStore|Any CPU.Build.0 = Release|x86
		{C2E2D1C5-24EA-4CD7-BD5D-856879CD930D}.AppStore|Any CPU.Deploy.0 = Release|x86
		{C2E2D1C5-24EA-4CD7-BD5D-856879CD930D}.AppStore|ARM.ActiveCfg = Release|ARM
		{C2E2D1C5-24EA-4CD7-BD5D-856879CD930D}.AppStore|ARM.Build.0 = Release|ARM
		{C2E2D1C5-24EA-4CD7-BD5D-856879CD930D}.AppStore|ARM.Deploy.0 = Release|ARM
		{C2E2D1C5-24EA-4CD7-BD5D-856879CD930D}.AppStore|iPhone.ActiveCfg = Release|x86
		{C2E2D1C5-24EA-4CD7-BD5D-856879CD930D}.AppStore|iPhone.Build.0 = Release|x86
		{C2E2D1C5-24EA-4CD7-BD5D-856879CD930D}.AppStore|iPhone.Deploy.0 = Release|x86
		{C2E2D1C5-24EA-4CD7-BD5D-856879CD930D}.AppStore|iPhoneSimulator.ActiveCfg = Release|x86
		{C2E2D1C5-24EA-4CD7-BD5D-856879CD930D}.AppStore|iPhoneSimulator.Build.0 = Release|x86
		{C2E2D1C5-24EA-4CD7-BD5D-856879CD930D}.AppStore|iPhoneSimulator.Deploy.0 = Release|x86
		{C2E2D1C5-24EA-4CD7-BD5D-856879CD930D}.AppStore|x64.ActiveCfg = Release|x64
		{C2E2D1C5-24EA-4CD7-BD5D-856879CD930D}.AppStore|x64.Build.0 = Release|x64
		{C2E2D1C5-24EA-4CD7-BD5D-856879CD930D}.AppStore|x64.Deploy.0 = Release|x64
		{C2E2D1C5-24EA-4CD7-BD5D-856879CD930D}.AppStore|x86.ActiveCfg = Release|x86
		{C2E2D1C5-24EA-4CD7-BD5D-856879CD930D}.AppStore|x86.Build.0 = Release|x86
		{C2E2D1C5-24EA-4CD7-BD5D-856879CD930D}.AppStore|x86.Deploy.0 = Release|x86
		{C2E2D1C5-24EA-4CD7-BD5D-856879CD930D}.Debug|Any CPU.ActiveCfg = Debug|x86
		{C2E2D1C5-24EA-4CD7-BD5D-856879CD930D}.Debug|Any CPU.Build.0 = Debug|x86
		{C2E2D1C5-24EA-4CD7-BD5D-856879CD930D}.Debug|Any CPU.Deploy.0 = Debug|x86
		{C2E2D1C5-24EA-4CD7-BD5D-856879CD930D}.Debug|ARM.ActiveCfg = Debug|ARM
		{C2E2D1C5-24EA-4CD7-BD5D-856879CD930D}.Debug|ARM.Build.0 = Debug|ARM
		{C2E2D1C5-24EA-4CD7-BD5D-856879CD930D}.Debug|ARM.Deploy.0 = Debug|ARM
		{C2E2D1C5-24EA-4CD7-BD5D-856879CD930D}.Debug|iPhone.ActiveCfg = Debug|x86
		{C2E2D1C5-24EA-4CD7-BD5D-856879CD930D}.Debug|iPhoneSimulator.ActiveCfg = Debug|x86
		{C2E2D1C5-24EA-4CD7-BD5D-856879CD930D}.Debug|x64.ActiveCfg = Debug|x64
		{C2E2D1C5-24EA-4CD7-BD5D-856879CD930D}.Debug|x64.Build.0 = Debug|x64
		{C2E2D1C5-24EA-4CD7-BD5D-856879CD930D}.Debug|x64.Deploy.0 = Debug|x64
		{C2E2D1C5-24EA-4CD7-BD5D-856879CD930D}.Debug|x86.ActiveCfg = Debug|x86
		{C2E2D1C5-24EA-4CD7-BD5D-856879CD930D}.Debug|x86.Build.0 = Debug|x86
		{C2E2D1C5-24EA-4CD7-BD5D-856879CD930D}.Debug|x86.Deploy.0 = Debug|x86
		{C2E2D1C5-24EA-4CD7-BD5D-856879CD930D}.Release|Any CPU.ActiveCfg = Release|x86
		{C2E2D1C5-24EA-4CD7-BD5D-856879CD930D}.Release|Any CPU.Build.0 = Release|x86
		{C2E2D1C5-24EA-4CD7-BD5D-856879CD930D}.Release|Any CPU.Deploy.0 = Release|x86
		{C2E2D1C5-24EA-4CD7-BD5D-856879CD930D}.Release|ARM.ActiveCfg = Release|ARM
		{C2E2D1C5-24EA-4CD7-BD5D-856879CD930D}.Release|ARM.Build.0 = Release|ARM
		{C2E2D1C5-24EA-4CD7-BD5D-856879CD930D}.Release|ARM.Deploy.0 = Release|ARM
		{C2E2D1C5-24EA-4CD7-BD5D-856879CD930D}.Release|iPhone.ActiveCfg = Release|x86
		{C2E2D1C5-24EA-4CD7-BD5D-856879CD930D}.Release|iPhoneSimulator.ActiveCfg = Release|x64
		{C2E2D1C5-24EA-4CD7-BD5D-856879CD930D}.Release|iPhoneSimulator.Build.0 = Release|x64
		{C2E2D1C5-24EA-4CD7-BD5D-856879CD930D}.Release|x64.ActiveCfg = Release|x64
		{C2E2D1C5-24EA-4CD7-BD5D-856879CD930D}.Release|x64.Build.0 = Release|x64
		{C2E2D1C5-24EA-4CD7-BD5D-856879CD930D}.Release|x64.Deploy.0 = Release|x64
		{C2E2D1C5-24EA-4CD7-BD5D-856879CD930D}.Release|x86.ActiveCfg = Release|x86
		{C2E2D1C5-24EA-4CD7-BD5D-856879CD930D}.Release|x86.Build.0 = Release|x86
		{C2E2D1C5-24EA-4CD7-BD5D-856879CD930D}.Release|x86.Deploy.0 = Release|x86
		{4622D5EA-C1A7-4C07-95D1-237CDD10F331}.Ad-Hoc|Any CPU.ActiveCfg = Release|Any CPU
		{4622D5EA-C1A7-4C07-95D1-237CDD10F331}.Ad-Hoc|Any CPU.Build.0 = Release|Any CPU
		{4622D5EA-C1A7-4C07-95D1-237CDD10F331}.Ad-Hoc|Any CPU.Deploy.0 = Release|Any CPU
		{4622D5EA-C1A7-4C07-95D1-237CDD10F331}.Ad-Hoc|ARM.ActiveCfg = Release|ARM
		{4622D5EA-C1A7-4C07-95D1-237CDD10F331}.Ad-Hoc|ARM.Build.0 = Release|ARM
		{4622D5EA-C1A7-4C07-95D1-237CDD10F331}.Ad-Hoc|ARM.Deploy.0 = Release|ARM
		{4622D5EA-C1A7-4C07-95D1-237CDD10F331}.Ad-Hoc|iPhone.ActiveCfg = Release|Any CPU
		{4622D5EA-C1A7-4C07-95D1-237CDD10F331}.Ad-Hoc|iPhone.Build.0 = Release|Any CPU
		{4622D5EA-C1A7-4C07-95D1-237CDD10F331}.Ad-Hoc|iPhone.Deploy.0 = Release|Any CPU
		{4622D5EA-C1A7-4C07-95D1-237CDD10F331}.Ad-Hoc|iPhoneSimulator.ActiveCfg = Release|Any CPU
		{4622D5EA-C1A7-4C07-95D1-237CDD10F331}.Ad-Hoc|iPhoneSimulator.Build.0 = Release|Any CPU
		{4622D5EA-C1A7-4C07-95D1-237CDD10F331}.Ad-Hoc|iPhoneSimulator.Deploy.0 = Release|Any CPU
		{4622D5EA-C1A7-4C07-95D1-237CDD10F331}.Ad-Hoc|x64.ActiveCfg = Release|x64
		{4622D5EA-C1A7-4C07-95D1-237CDD10F331}.Ad-Hoc|x64.Build.0 = Release|x64
		{4622D5EA-C1A7-4C07-95D1-237CDD10F331}.Ad-Hoc|x64.Deploy.0 = Release|x64
		{4622D5EA-C1A7-4C07-95D1-237CDD10F331}.Ad-Hoc|x86.ActiveCfg = Release|x86
		{4622D5EA-C1A7-4C07-95D1-237CDD10F331}.Ad-Hoc|x86.Build.0 = Release|x86
		{4622D5EA-C1A7-4C07-95D1-237CDD10F331}.Ad-Hoc|x86.Deploy.0 = Release|x86
		{4622D5EA-C1A7-4C07-95D1-237CDD10F331}.AppStore|Any CPU.ActiveCfg = Release|Any CPU
		{4622D5EA-C1A7-4C07-95D1-237CDD10F331}.AppStore|Any CPU.Build.0 = Release|Any CPU
		{4622D5EA-C1A7-4C07-95D1-237CDD10F331}.AppStore|Any CPU.Deploy.0 = Release|Any CPU
		{4622D5EA-C1A7-4C07-95D1-237CDD10F331}.AppStore|ARM.ActiveCfg = Release|ARM
		{4622D5EA-C1A7-4C07-95D1-237CDD10F331}.AppStore|ARM.Build.0 = Release|ARM
		{4622D5EA-C1A7-4C07-95D1-237CDD10F331}.AppStore|ARM.Deploy.0 = Release|ARM
		{4622D5EA-C1A7-4C07-95D1-237CDD10F331}.AppStore|iPhone.ActiveCfg = Release|Any CPU
		{4622D5EA-C1A7-4C07-95D1-237CDD10F331}.AppStore|iPhone.Build.0 = Release|Any CPU
		{4622D5EA-C1A7-4C07-95D1-237CDD10F331}.AppStore|iPhone.Deploy.0 = Release|Any CPU
		{4622D5EA-C1A7-4C07-95D1-237CDD10F331}.AppStore|iPhoneSimulator.ActiveCfg = Release|Any CPU
		{4622D5EA-C1A7-4C07-95D1-237CDD10F331}.AppStore|iPhoneSimulator.Build.0 = Release|Any CPU
		{4622D5EA-C1A7-4C07-95D1-237CDD10F331}.AppStore|iPhoneSimulator.Deploy.0 = Release|Any CPU
		{4622D5EA-C1A7-4C07-95D1-237CDD10F331}.AppStore|x64.ActiveCfg = Release|x64
		{4622D5EA-C1A7-4C07-95D1-237CDD10F331}.AppStore|x64.Build.0 = Release|x64
		{4622D5EA-C1A7-4C07-95D1-237CDD10F331}.AppStore|x64.Deploy.0 = Release|x64
		{4622D5EA-C1A7-4C07-95D1-237CDD10F331}.AppStore|x86.ActiveCfg = Release|x86
		{4622D5EA-C1A7-4C07-95D1-237CDD10F331}.AppStore|x86.Build.0 = Release|x86
		{4622D5EA-C1A7-4C07-95D1-237CDD10F331}.AppStore|x86.Deploy.0 = Release|x86
		{4622D5EA-C1A7-4C07-95D1-237CDD10F331}.Debug|Any CPU.ActiveCfg = Debug|Any CPU
		{4622D5EA-C1A7-4C07-95D1-237CDD10F331}.Debug|Any CPU.Build.0 = Debug|Any CPU
		{4622D5EA-C1A7-4C07-95D1-237CDD10F331}.Debug|Any CPU.Deploy.0 = Debug|Any CPU
		{4622D5EA-C1A7-4C07-95D1-237CDD10F331}.Debug|ARM.ActiveCfg = Debug|ARM
		{4622D5EA-C1A7-4C07-95D1-237CDD10F331}.Debug|ARM.Build.0 = Debug|ARM
		{4622D5EA-C1A7-4C07-95D1-237CDD10F331}.Debug|ARM.Deploy.0 = Debug|ARM
		{4622D5EA-C1A7-4C07-95D1-237CDD10F331}.Debug|iPhone.ActiveCfg = Debug|Any CPU
		{4622D5EA-C1A7-4C07-95D1-237CDD10F331}.Debug|iPhone.Build.0 = Debug|Any CPU
		{4622D5EA-C1A7-4C07-95D1-237CDD10F331}.Debug|iPhone.Deploy.0 = Debug|Any CPU
		{4622D5EA-C1A7-4C07-95D1-237CDD10F331}.Debug|iPhoneSimulator.ActiveCfg = Debug|Any CPU
		{4622D5EA-C1A7-4C07-95D1-237CDD10F331}.Debug|iPhoneSimulator.Build.0 = Debug|Any CPU
		{4622D5EA-C1A7-4C07-95D1-237CDD10F331}.Debug|iPhoneSimulator.Deploy.0 = Debug|Any CPU
		{4622D5EA-C1A7-4C07-95D1-237CDD10F331}.Debug|x64.ActiveCfg = Debug|x64
		{4622D5EA-C1A7-4C07-95D1-237CDD10F331}.Debug|x64.Build.0 = Debug|x64
		{4622D5EA-C1A7-4C07-95D1-237CDD10F331}.Debug|x64.Deploy.0 = Debug|x64
		{4622D5EA-C1A7-4C07-95D1-237CDD10F331}.Debug|x86.ActiveCfg = Debug|x86
		{4622D5EA-C1A7-4C07-95D1-237CDD10F331}.Debug|x86.Build.0 = Debug|x86
		{4622D5EA-C1A7-4C07-95D1-237CDD10F331}.Debug|x86.Deploy.0 = Debug|x86
		{4622D5EA-C1A7-4C07-95D1-237CDD10F331}.Release|Any CPU.ActiveCfg = Release|Any CPU
		{4622D5EA-C1A7-4C07-95D1-237CDD10F331}.Release|Any CPU.Build.0 = Release|Any CPU
		{4622D5EA-C1A7-4C07-95D1-237CDD10F331}.Release|Any CPU.Deploy.0 = Release|Any CPU
		{4622D5EA-C1A7-4C07-95D1-237CDD10F331}.Release|ARM.ActiveCfg = Release|ARM
		{4622D5EA-C1A7-4C07-95D1-237CDD10F331}.Release|ARM.Build.0 = Release|ARM
		{4622D5EA-C1A7-4C07-95D1-237CDD10F331}.Release|ARM.Deploy.0 = Release|ARM
		{4622D5EA-C1A7-4C07-95D1-237CDD10F331}.Release|iPhone.ActiveCfg = Release|Any CPU
		{4622D5EA-C1A7-4C07-95D1-237CDD10F331}.Release|iPhone.Build.0 = Release|Any CPU
		{4622D5EA-C1A7-4C07-95D1-237CDD10F331}.Release|iPhone.Deploy.0 = Release|Any CPU
		{4622D5EA-C1A7-4C07-95D1-237CDD10F331}.Release|iPhoneSimulator.ActiveCfg = Release|Any CPU
		{4622D5EA-C1A7-4C07-95D1-237CDD10F331}.Release|iPhoneSimulator.Build.0 = Release|Any CPU
		{4622D5EA-C1A7-4C07-95D1-237CDD10F331}.Release|x64.ActiveCfg = Release|x64
		{4622D5EA-C1A7-4C07-95D1-237CDD10F331}.Release|x64.Build.0 = Release|x64
		{4622D5EA-C1A7-4C07-95D1-237CDD10F331}.Release|x64.Deploy.0 = Release|x64
		{4622D5EA-C1A7-4C07-95D1-237CDD10F331}.Release|x86.ActiveCfg = Release|x86
		{4622D5EA-C1A7-4C07-95D1-237CDD10F331}.Release|x86.Build.0 = Release|x86
		{4622D5EA-C1A7-4C07-95D1-237CDD10F331}.Release|x86.Deploy.0 = Release|x86
		{67F9D3A8-F71E-4428-913F-C37AE82CDB24}.Ad-Hoc|Any CPU.ActiveCfg = Release|Any CPU
		{67F9D3A8-F71E-4428-913F-C37AE82CDB24}.Ad-Hoc|Any CPU.Build.0 = Release|Any CPU
		{67F9D3A8-F71E-4428-913F-C37AE82CDB24}.Ad-Hoc|ARM.ActiveCfg = Release|Any CPU
		{67F9D3A8-F71E-4428-913F-C37AE82CDB24}.Ad-Hoc|ARM.Build.0 = Release|Any CPU
		{67F9D3A8-F71E-4428-913F-C37AE82CDB24}.Ad-Hoc|iPhone.ActiveCfg = Release|Any CPU
		{67F9D3A8-F71E-4428-913F-C37AE82CDB24}.Ad-Hoc|iPhone.Build.0 = Release|Any CPU
		{67F9D3A8-F71E-4428-913F-C37AE82CDB24}.Ad-Hoc|iPhoneSimulator.ActiveCfg = Release|Any CPU
		{67F9D3A8-F71E-4428-913F-C37AE82CDB24}.Ad-Hoc|iPhoneSimulator.Build.0 = Release|Any CPU
		{67F9D3A8-F71E-4428-913F-C37AE82CDB24}.Ad-Hoc|x64.ActiveCfg = Release|Any CPU
		{67F9D3A8-F71E-4428-913F-C37AE82CDB24}.Ad-Hoc|x64.Build.0 = Release|Any CPU
		{67F9D3A8-F71E-4428-913F-C37AE82CDB24}.Ad-Hoc|x86.ActiveCfg = Release|Any CPU
		{67F9D3A8-F71E-4428-913F-C37AE82CDB24}.Ad-Hoc|x86.Build.0 = Release|Any CPU
		{67F9D3A8-F71E-4428-913F-C37AE82CDB24}.AppStore|Any CPU.ActiveCfg = Release|Any CPU
		{67F9D3A8-F71E-4428-913F-C37AE82CDB24}.AppStore|Any CPU.Build.0 = Release|Any CPU
		{67F9D3A8-F71E-4428-913F-C37AE82CDB24}.AppStore|ARM.ActiveCfg = Release|Any CPU
		{67F9D3A8-F71E-4428-913F-C37AE82CDB24}.AppStore|ARM.Build.0 = Release|Any CPU
		{67F9D3A8-F71E-4428-913F-C37AE82CDB24}.AppStore|iPhone.ActiveCfg = Release|Any CPU
		{67F9D3A8-F71E-4428-913F-C37AE82CDB24}.AppStore|iPhone.Build.0 = Release|Any CPU
		{67F9D3A8-F71E-4428-913F-C37AE82CDB24}.AppStore|iPhoneSimulator.ActiveCfg = Release|Any CPU
		{67F9D3A8-F71E-4428-913F-C37AE82CDB24}.AppStore|iPhoneSimulator.Build.0 = Release|Any CPU
		{67F9D3A8-F71E-4428-913F-C37AE82CDB24}.AppStore|x64.ActiveCfg = Release|Any CPU
		{67F9D3A8-F71E-4428-913F-C37AE82CDB24}.AppStore|x64.Build.0 = Release|Any CPU
		{67F9D3A8-F71E-4428-913F-C37AE82CDB24}.AppStore|x86.ActiveCfg = Release|Any CPU
		{67F9D3A8-F71E-4428-913F-C37AE82CDB24}.AppStore|x86.Build.0 = Release|Any CPU
		{67F9D3A8-F71E-4428-913F-C37AE82CDB24}.Debug|Any CPU.ActiveCfg = Debug|Any CPU
		{67F9D3A8-F71E-4428-913F-C37AE82CDB24}.Debug|Any CPU.Build.0 = Debug|Any CPU
		{67F9D3A8-F71E-4428-913F-C37AE82CDB24}.Debug|ARM.ActiveCfg = Debug|Any CPU
		{67F9D3A8-F71E-4428-913F-C37AE82CDB24}.Debug|ARM.Build.0 = Debug|Any CPU
		{67F9D3A8-F71E-4428-913F-C37AE82CDB24}.Debug|iPhone.ActiveCfg = Debug|Any CPU
		{67F9D3A8-F71E-4428-913F-C37AE82CDB24}.Debug|iPhone.Build.0 = Debug|Any CPU
		{67F9D3A8-F71E-4428-913F-C37AE82CDB24}.Debug|iPhoneSimulator.ActiveCfg = Debug|Any CPU
		{67F9D3A8-F71E-4428-913F-C37AE82CDB24}.Debug|iPhoneSimulator.Build.0 = Debug|Any CPU
		{67F9D3A8-F71E-4428-913F-C37AE82CDB24}.Debug|x64.ActiveCfg = Debug|Any CPU
		{67F9D3A8-F71E-4428-913F-C37AE82CDB24}.Debug|x64.Build.0 = Debug|Any CPU
		{67F9D3A8-F71E-4428-913F-C37AE82CDB24}.Debug|x86.ActiveCfg = Debug|Any CPU
		{67F9D3A8-F71E-4428-913F-C37AE82CDB24}.Debug|x86.Build.0 = Debug|Any CPU
		{67F9D3A8-F71E-4428-913F-C37AE82CDB24}.Release|Any CPU.ActiveCfg = Release|Any CPU
		{67F9D3A8-F71E-4428-913F-C37AE82CDB24}.Release|Any CPU.Build.0 = Release|Any CPU
		{67F9D3A8-F71E-4428-913F-C37AE82CDB24}.Release|ARM.ActiveCfg = Release|Any CPU
		{67F9D3A8-F71E-4428-913F-C37AE82CDB24}.Release|ARM.Build.0 = Release|Any CPU
		{67F9D3A8-F71E-4428-913F-C37AE82CDB24}.Release|iPhone.ActiveCfg = Release|Any CPU
		{67F9D3A8-F71E-4428-913F-C37AE82CDB24}.Release|iPhone.Build.0 = Release|Any CPU
		{67F9D3A8-F71E-4428-913F-C37AE82CDB24}.Release|iPhoneSimulator.ActiveCfg = Release|Any CPU
		{67F9D3A8-F71E-4428-913F-C37AE82CDB24}.Release|iPhoneSimulator.Build.0 = Release|Any CPU
		{67F9D3A8-F71E-4428-913F-C37AE82CDB24}.Release|x64.ActiveCfg = Release|Any CPU
		{67F9D3A8-F71E-4428-913F-C37AE82CDB24}.Release|x64.Build.0 = Release|Any CPU
		{67F9D3A8-F71E-4428-913F-C37AE82CDB24}.Release|x86.ActiveCfg = Release|Any CPU
		{67F9D3A8-F71E-4428-913F-C37AE82CDB24}.Release|x86.Build.0 = Release|Any CPU
		{C939B2D9-94A6-4F5F-8F90-5555484713C6}.Ad-Hoc|Any CPU.ActiveCfg = Release|Any CPU
		{C939B2D9-94A6-4F5F-8F90-5555484713C6}.Ad-Hoc|Any CPU.Build.0 = Release|Any CPU
		{C939B2D9-94A6-4F5F-8F90-5555484713C6}.Ad-Hoc|ARM.ActiveCfg = Release|ARM
		{C939B2D9-94A6-4F5F-8F90-5555484713C6}.Ad-Hoc|ARM.Build.0 = Release|ARM
		{C939B2D9-94A6-4F5F-8F90-5555484713C6}.Ad-Hoc|iPhone.ActiveCfg = Release|Any CPU
		{C939B2D9-94A6-4F5F-8F90-5555484713C6}.Ad-Hoc|iPhone.Build.0 = Release|Any CPU
		{C939B2D9-94A6-4F5F-8F90-5555484713C6}.Ad-Hoc|iPhoneSimulator.ActiveCfg = Release|Any CPU
		{C939B2D9-94A6-4F5F-8F90-5555484713C6}.Ad-Hoc|iPhoneSimulator.Build.0 = Release|Any CPU
		{C939B2D9-94A6-4F5F-8F90-5555484713C6}.Ad-Hoc|x64.ActiveCfg = Release|x64
		{C939B2D9-94A6-4F5F-8F90-5555484713C6}.Ad-Hoc|x64.Build.0 = Release|x64
		{C939B2D9-94A6-4F5F-8F90-5555484713C6}.Ad-Hoc|x86.ActiveCfg = Release|x86
		{C939B2D9-94A6-4F5F-8F90-5555484713C6}.Ad-Hoc|x86.Build.0 = Release|x86
		{C939B2D9-94A6-4F5F-8F90-5555484713C6}.AppStore|Any CPU.ActiveCfg = Release|Any CPU
		{C939B2D9-94A6-4F5F-8F90-5555484713C6}.AppStore|Any CPU.Build.0 = Release|Any CPU
		{C939B2D9-94A6-4F5F-8F90-5555484713C6}.AppStore|ARM.ActiveCfg = Release|ARM
		{C939B2D9-94A6-4F5F-8F90-5555484713C6}.AppStore|ARM.Build.0 = Release|ARM
		{C939B2D9-94A6-4F5F-8F90-5555484713C6}.AppStore|iPhone.ActiveCfg = Release|Any CPU
		{C939B2D9-94A6-4F5F-8F90-5555484713C6}.AppStore|iPhone.Build.0 = Release|Any CPU
		{C939B2D9-94A6-4F5F-8F90-5555484713C6}.AppStore|iPhoneSimulator.ActiveCfg = Release|Any CPU
		{C939B2D9-94A6-4F5F-8F90-5555484713C6}.AppStore|iPhoneSimulator.Build.0 = Release|Any CPU
		{C939B2D9-94A6-4F5F-8F90-5555484713C6}.AppStore|x64.ActiveCfg = Release|x64
		{C939B2D9-94A6-4F5F-8F90-5555484713C6}.AppStore|x64.Build.0 = Release|x64
		{C939B2D9-94A6-4F5F-8F90-5555484713C6}.AppStore|x86.ActiveCfg = Release|x86
		{C939B2D9-94A6-4F5F-8F90-5555484713C6}.AppStore|x86.Build.0 = Release|x86
		{C939B2D9-94A6-4F5F-8F90-5555484713C6}.Debug|Any CPU.ActiveCfg = Debug|Any CPU
		{C939B2D9-94A6-4F5F-8F90-5555484713C6}.Debug|Any CPU.Build.0 = Debug|Any CPU
		{C939B2D9-94A6-4F5F-8F90-5555484713C6}.Debug|ARM.ActiveCfg = Debug|ARM
		{C939B2D9-94A6-4F5F-8F90-5555484713C6}.Debug|ARM.Build.0 = Debug|ARM
		{C939B2D9-94A6-4F5F-8F90-5555484713C6}.Debug|iPhone.ActiveCfg = Debug|Any CPU
		{C939B2D9-94A6-4F5F-8F90-5555484713C6}.Debug|iPhone.Build.0 = Debug|Any CPU
		{C939B2D9-94A6-4F5F-8F90-5555484713C6}.Debug|iPhoneSimulator.ActiveCfg = Debug|Any CPU
		{C939B2D9-94A6-4F5F-8F90-5555484713C6}.Debug|iPhoneSimulator.Build.0 = Debug|Any CPU
		{C939B2D9-94A6-4F5F-8F90-5555484713C6}.Debug|x64.ActiveCfg = Debug|x64
		{C939B2D9-94A6-4F5F-8F90-5555484713C6}.Debug|x64.Build.0 = Debug|x64
		{C939B2D9-94A6-4F5F-8F90-5555484713C6}.Debug|x86.ActiveCfg = Debug|x86
		{C939B2D9-94A6-4F5F-8F90-5555484713C6}.Debug|x86.Build.0 = Debug|x86
		{C939B2D9-94A6-4F5F-8F90-5555484713C6}.Release|Any CPU.ActiveCfg = Release|Any CPU
		{C939B2D9-94A6-4F5F-8F90-5555484713C6}.Release|Any CPU.Build.0 = Release|Any CPU
		{C939B2D9-94A6-4F5F-8F90-5555484713C6}.Release|ARM.ActiveCfg = Release|ARM
		{C939B2D9-94A6-4F5F-8F90-5555484713C6}.Release|ARM.Build.0 = Release|ARM
		{C939B2D9-94A6-4F5F-8F90-5555484713C6}.Release|iPhone.ActiveCfg = Release|Any CPU
		{C939B2D9-94A6-4F5F-8F90-5555484713C6}.Release|iPhone.Build.0 = Release|Any CPU
		{C939B2D9-94A6-4F5F-8F90-5555484713C6}.Release|iPhoneSimulator.ActiveCfg = Release|Any CPU
		{C939B2D9-94A6-4F5F-8F90-5555484713C6}.Release|iPhoneSimulator.Build.0 = Release|Any CPU
		{C939B2D9-94A6-4F5F-8F90-5555484713C6}.Release|x64.ActiveCfg = Release|x64
		{C939B2D9-94A6-4F5F-8F90-5555484713C6}.Release|x64.Build.0 = Release|x64
		{C939B2D9-94A6-4F5F-8F90-5555484713C6}.Release|x86.ActiveCfg = Release|x86
		{C939B2D9-94A6-4F5F-8F90-5555484713C6}.Release|x86.Build.0 = Release|x86
		{5860580E-CAAF-425A-936E-EC3FA0312855}.Ad-Hoc|Any CPU.ActiveCfg = Release|Any CPU
		{5860580E-CAAF-425A-936E-EC3FA0312855}.Ad-Hoc|Any CPU.Build.0 = Release|Any CPU
		{5860580E-CAAF-425A-936E-EC3FA0312855}.Ad-Hoc|ARM.ActiveCfg = Release|ARM
		{5860580E-CAAF-425A-936E-EC3FA0312855}.Ad-Hoc|ARM.Build.0 = Release|ARM
		{5860580E-CAAF-425A-936E-EC3FA0312855}.Ad-Hoc|iPhone.ActiveCfg = Release|Any CPU
		{5860580E-CAAF-425A-936E-EC3FA0312855}.Ad-Hoc|iPhone.Build.0 = Release|Any CPU
		{5860580E-CAAF-425A-936E-EC3FA0312855}.Ad-Hoc|iPhoneSimulator.ActiveCfg = Release|Any CPU
		{5860580E-CAAF-425A-936E-EC3FA0312855}.Ad-Hoc|iPhoneSimulator.Build.0 = Release|Any CPU
		{5860580E-CAAF-425A-936E-EC3FA0312855}.Ad-Hoc|x64.ActiveCfg = Release|Any CPU
		{5860580E-CAAF-425A-936E-EC3FA0312855}.Ad-Hoc|x64.Build.0 = Release|Any CPU
		{5860580E-CAAF-425A-936E-EC3FA0312855}.Ad-Hoc|x86.ActiveCfg = Release|x86
		{5860580E-CAAF-425A-936E-EC3FA0312855}.Ad-Hoc|x86.Build.0 = Release|x86
		{5860580E-CAAF-425A-936E-EC3FA0312855}.AppStore|Any CPU.ActiveCfg = Release|Any CPU
		{5860580E-CAAF-425A-936E-EC3FA0312855}.AppStore|Any CPU.Build.0 = Release|Any CPU
		{5860580E-CAAF-425A-936E-EC3FA0312855}.AppStore|ARM.ActiveCfg = Release|ARM
		{5860580E-CAAF-425A-936E-EC3FA0312855}.AppStore|ARM.Build.0 = Release|ARM
		{5860580E-CAAF-425A-936E-EC3FA0312855}.AppStore|iPhone.ActiveCfg = Release|Any CPU
		{5860580E-CAAF-425A-936E-EC3FA0312855}.AppStore|iPhone.Build.0 = Release|Any CPU
		{5860580E-CAAF-425A-936E-EC3FA0312855}.AppStore|iPhoneSimulator.ActiveCfg = Release|Any CPU
		{5860580E-CAAF-425A-936E-EC3FA0312855}.AppStore|iPhoneSimulator.Build.0 = Release|Any CPU
		{5860580E-CAAF-425A-936E-EC3FA0312855}.AppStore|x64.ActiveCfg = Release|Any CPU
		{5860580E-CAAF-425A-936E-EC3FA0312855}.AppStore|x64.Build.0 = Release|Any CPU
		{5860580E-CAAF-425A-936E-EC3FA0312855}.AppStore|x86.ActiveCfg = Release|x86
		{5860580E-CAAF-425A-936E-EC3FA0312855}.AppStore|x86.Build.0 = Release|x86
		{5860580E-CAAF-425A-936E-EC3FA0312855}.Debug|Any CPU.ActiveCfg = Debug|Any CPU
		{5860580E-CAAF-425A-936E-EC3FA0312855}.Debug|Any CPU.Build.0 = Debug|Any CPU
		{5860580E-CAAF-425A-936E-EC3FA0312855}.Debug|ARM.ActiveCfg = Debug|ARM
		{5860580E-CAAF-425A-936E-EC3FA0312855}.Debug|ARM.Build.0 = Debug|ARM
		{5860580E-CAAF-425A-936E-EC3FA0312855}.Debug|iPhone.ActiveCfg = Debug|Any CPU
		{5860580E-CAAF-425A-936E-EC3FA0312855}.Debug|iPhone.Build.0 = Debug|Any CPU
		{5860580E-CAAF-425A-936E-EC3FA0312855}.Debug|iPhoneSimulator.ActiveCfg = Debug|Any CPU
		{5860580E-CAAF-425A-936E-EC3FA0312855}.Debug|iPhoneSimulator.Build.0 = Debug|Any CPU
		{5860580E-CAAF-425A-936E-EC3FA0312855}.Debug|x64.ActiveCfg = Debug|Any CPU
		{5860580E-CAAF-425A-936E-EC3FA0312855}.Debug|x64.Build.0 = Debug|Any CPU
		{5860580E-CAAF-425A-936E-EC3FA0312855}.Debug|x86.ActiveCfg = Debug|x86
		{5860580E-CAAF-425A-936E-EC3FA0312855}.Debug|x86.Build.0 = Debug|x86
		{5860580E-CAAF-425A-936E-EC3FA0312855}.Release|Any CPU.ActiveCfg = Release|Any CPU
		{5860580E-CAAF-425A-936E-EC3FA0312855}.Release|Any CPU.Build.0 = Release|Any CPU
		{5860580E-CAAF-425A-936E-EC3FA0312855}.Release|ARM.ActiveCfg = Release|ARM
		{5860580E-CAAF-425A-936E-EC3FA0312855}.Release|ARM.Build.0 = Release|ARM
		{5860580E-CAAF-425A-936E-EC3FA0312855}.Release|iPhone.ActiveCfg = Release|Any CPU
		{5860580E-CAAF-425A-936E-EC3FA0312855}.Release|iPhone.Build.0 = Release|Any CPU
		{5860580E-CAAF-425A-936E-EC3FA0312855}.Release|iPhoneSimulator.ActiveCfg = Release|Any CPU
		{5860580E-CAAF-425A-936E-EC3FA0312855}.Release|iPhoneSimulator.Build.0 = Release|Any CPU
		{5860580E-CAAF-425A-936E-EC3FA0312855}.Release|x64.ActiveCfg = Release|Any CPU
		{5860580E-CAAF-425A-936E-EC3FA0312855}.Release|x64.Build.0 = Release|Any CPU
		{5860580E-CAAF-425A-936E-EC3FA0312855}.Release|x86.ActiveCfg = Release|x86
		{5860580E-CAAF-425A-936E-EC3FA0312855}.Release|x86.Build.0 = Release|x86
		{12441EE0-4769-459E-8B3C-ACA72A77CF69}.Ad-Hoc|Any CPU.ActiveCfg = Release|Any CPU
		{12441EE0-4769-459E-8B3C-ACA72A77CF69}.Ad-Hoc|Any CPU.Build.0 = Release|Any CPU
		{12441EE0-4769-459E-8B3C-ACA72A77CF69}.Ad-Hoc|ARM.ActiveCfg = Release|ARM
		{12441EE0-4769-459E-8B3C-ACA72A77CF69}.Ad-Hoc|ARM.Build.0 = Release|ARM
		{12441EE0-4769-459E-8B3C-ACA72A77CF69}.Ad-Hoc|iPhone.ActiveCfg = Release|Any CPU
		{12441EE0-4769-459E-8B3C-ACA72A77CF69}.Ad-Hoc|iPhone.Build.0 = Release|Any CPU
		{12441EE0-4769-459E-8B3C-ACA72A77CF69}.Ad-Hoc|iPhoneSimulator.ActiveCfg = Release|Any CPU
		{12441EE0-4769-459E-8B3C-ACA72A77CF69}.Ad-Hoc|iPhoneSimulator.Build.0 = Release|Any CPU
		{12441EE0-4769-459E-8B3C-ACA72A77CF69}.Ad-Hoc|x64.ActiveCfg = Release|x64
		{12441EE0-4769-459E-8B3C-ACA72A77CF69}.Ad-Hoc|x64.Build.0 = Release|x64
		{12441EE0-4769-459E-8B3C-ACA72A77CF69}.Ad-Hoc|x86.ActiveCfg = Release|x86
		{12441EE0-4769-459E-8B3C-ACA72A77CF69}.Ad-Hoc|x86.Build.0 = Release|x86
		{12441EE0-4769-459E-8B3C-ACA72A77CF69}.AppStore|Any CPU.ActiveCfg = Release|Any CPU
		{12441EE0-4769-459E-8B3C-ACA72A77CF69}.AppStore|Any CPU.Build.0 = Release|Any CPU
		{12441EE0-4769-459E-8B3C-ACA72A77CF69}.AppStore|ARM.ActiveCfg = Release|ARM
		{12441EE0-4769-459E-8B3C-ACA72A77CF69}.AppStore|ARM.Build.0 = Release|ARM
		{12441EE0-4769-459E-8B3C-ACA72A77CF69}.AppStore|iPhone.ActiveCfg = Release|Any CPU
		{12441EE0-4769-459E-8B3C-ACA72A77CF69}.AppStore|iPhone.Build.0 = Release|Any CPU
		{12441EE0-4769-459E-8B3C-ACA72A77CF69}.AppStore|iPhoneSimulator.ActiveCfg = Release|Any CPU
		{12441EE0-4769-459E-8B3C-ACA72A77CF69}.AppStore|iPhoneSimulator.Build.0 = Release|Any CPU
		{12441EE0-4769-459E-8B3C-ACA72A77CF69}.AppStore|x64.ActiveCfg = Release|x64
		{12441EE0-4769-459E-8B3C-ACA72A77CF69}.AppStore|x64.Build.0 = Release|x64
		{12441EE0-4769-459E-8B3C-ACA72A77CF69}.AppStore|x86.ActiveCfg = Release|x86
		{12441EE0-4769-459E-8B3C-ACA72A77CF69}.AppStore|x86.Build.0 = Release|x86
		{12441EE0-4769-459E-8B3C-ACA72A77CF69}.Debug|Any CPU.ActiveCfg = Debug|Any CPU
		{12441EE0-4769-459E-8B3C-ACA72A77CF69}.Debug|Any CPU.Build.0 = Debug|Any CPU
		{12441EE0-4769-459E-8B3C-ACA72A77CF69}.Debug|ARM.ActiveCfg = Debug|ARM
		{12441EE0-4769-459E-8B3C-ACA72A77CF69}.Debug|ARM.Build.0 = Debug|ARM
		{12441EE0-4769-459E-8B3C-ACA72A77CF69}.Debug|iPhone.ActiveCfg = Debug|Any CPU
		{12441EE0-4769-459E-8B3C-ACA72A77CF69}.Debug|iPhone.Build.0 = Debug|Any CPU
		{12441EE0-4769-459E-8B3C-ACA72A77CF69}.Debug|iPhoneSimulator.ActiveCfg = Debug|Any CPU
		{12441EE0-4769-459E-8B3C-ACA72A77CF69}.Debug|iPhoneSimulator.Build.0 = Debug|Any CPU
		{12441EE0-4769-459E-8B3C-ACA72A77CF69}.Debug|x64.ActiveCfg = Debug|x64
		{12441EE0-4769-459E-8B3C-ACA72A77CF69}.Debug|x64.Build.0 = Debug|x64
		{12441EE0-4769-459E-8B3C-ACA72A77CF69}.Debug|x86.ActiveCfg = Debug|x86
		{12441EE0-4769-459E-8B3C-ACA72A77CF69}.Debug|x86.Build.0 = Debug|x86
		{12441EE0-4769-459E-8B3C-ACA72A77CF69}.Release|Any CPU.ActiveCfg = Release|Any CPU
		{12441EE0-4769-459E-8B3C-ACA72A77CF69}.Release|Any CPU.Build.0 = Release|Any CPU
		{12441EE0-4769-459E-8B3C-ACA72A77CF69}.Release|ARM.ActiveCfg = Release|ARM
		{12441EE0-4769-459E-8B3C-ACA72A77CF69}.Release|ARM.Build.0 = Release|ARM
		{12441EE0-4769-459E-8B3C-ACA72A77CF69}.Release|iPhone.ActiveCfg = Release|Any CPU
		{12441EE0-4769-459E-8B3C-ACA72A77CF69}.Release|iPhone.Build.0 = Release|Any CPU
		{12441EE0-4769-459E-8B3C-ACA72A77CF69}.Release|iPhoneSimulator.ActiveCfg = Release|Any CPU
		{12441EE0-4769-459E-8B3C-ACA72A77CF69}.Release|iPhoneSimulator.Build.0 = Release|Any CPU
		{12441EE0-4769-459E-8B3C-ACA72A77CF69}.Release|x64.ActiveCfg = Release|x64
		{12441EE0-4769-459E-8B3C-ACA72A77CF69}.Release|x64.Build.0 = Release|x64
		{12441EE0-4769-459E-8B3C-ACA72A77CF69}.Release|x86.ActiveCfg = Release|x86
		{12441EE0-4769-459E-8B3C-ACA72A77CF69}.Release|x86.Build.0 = Release|x86
		{050DB3FB-3823-4D7F-A7F1-62A632179700}.Ad-Hoc|Any CPU.ActiveCfg = Release|Any CPU
		{050DB3FB-3823-4D7F-A7F1-62A632179700}.Ad-Hoc|Any CPU.Build.0 = Release|Any CPU
		{050DB3FB-3823-4D7F-A7F1-62A632179700}.Ad-Hoc|ARM.ActiveCfg = Release|Any CPU
		{050DB3FB-3823-4D7F-A7F1-62A632179700}.Ad-Hoc|ARM.Build.0 = Release|Any CPU
		{050DB3FB-3823-4D7F-A7F1-62A632179700}.Ad-Hoc|iPhone.ActiveCfg = Release|Any CPU
		{050DB3FB-3823-4D7F-A7F1-62A632179700}.Ad-Hoc|iPhone.Build.0 = Release|Any CPU
		{050DB3FB-3823-4D7F-A7F1-62A632179700}.Ad-Hoc|iPhoneSimulator.ActiveCfg = Release|Any CPU
		{050DB3FB-3823-4D7F-A7F1-62A632179700}.Ad-Hoc|iPhoneSimulator.Build.0 = Release|Any CPU
		{050DB3FB-3823-4D7F-A7F1-62A632179700}.Ad-Hoc|x64.ActiveCfg = Release|Any CPU
		{050DB3FB-3823-4D7F-A7F1-62A632179700}.Ad-Hoc|x64.Build.0 = Release|Any CPU
		{050DB3FB-3823-4D7F-A7F1-62A632179700}.Ad-Hoc|x86.ActiveCfg = Release|Any CPU
		{050DB3FB-3823-4D7F-A7F1-62A632179700}.Ad-Hoc|x86.Build.0 = Release|Any CPU
		{050DB3FB-3823-4D7F-A7F1-62A632179700}.AppStore|Any CPU.ActiveCfg = Release|Any CPU
		{050DB3FB-3823-4D7F-A7F1-62A632179700}.AppStore|Any CPU.Build.0 = Release|Any CPU
		{050DB3FB-3823-4D7F-A7F1-62A632179700}.AppStore|ARM.ActiveCfg = Release|Any CPU
		{050DB3FB-3823-4D7F-A7F1-62A632179700}.AppStore|ARM.Build.0 = Release|Any CPU
		{050DB3FB-3823-4D7F-A7F1-62A632179700}.AppStore|iPhone.ActiveCfg = Release|Any CPU
		{050DB3FB-3823-4D7F-A7F1-62A632179700}.AppStore|iPhone.Build.0 = Release|Any CPU
		{050DB3FB-3823-4D7F-A7F1-62A632179700}.AppStore|iPhoneSimulator.ActiveCfg = Release|Any CPU
		{050DB3FB-3823-4D7F-A7F1-62A632179700}.AppStore|iPhoneSimulator.Build.0 = Release|Any CPU
		{050DB3FB-3823-4D7F-A7F1-62A632179700}.AppStore|x64.ActiveCfg = Release|Any CPU
		{050DB3FB-3823-4D7F-A7F1-62A632179700}.AppStore|x64.Build.0 = Release|Any CPU
		{050DB3FB-3823-4D7F-A7F1-62A632179700}.AppStore|x86.ActiveCfg = Release|Any CPU
		{050DB3FB-3823-4D7F-A7F1-62A632179700}.AppStore|x86.Build.0 = Release|Any CPU
		{050DB3FB-3823-4D7F-A7F1-62A632179700}.Debug|Any CPU.ActiveCfg = Debug|Any CPU
		{050DB3FB-3823-4D7F-A7F1-62A632179700}.Debug|Any CPU.Build.0 = Debug|Any CPU
		{050DB3FB-3823-4D7F-A7F1-62A632179700}.Debug|ARM.ActiveCfg = Debug|Any CPU
		{050DB3FB-3823-4D7F-A7F1-62A632179700}.Debug|ARM.Build.0 = Debug|Any CPU
		{050DB3FB-3823-4D7F-A7F1-62A632179700}.Debug|iPhone.ActiveCfg = Debug|Any CPU
		{050DB3FB-3823-4D7F-A7F1-62A632179700}.Debug|iPhone.Build.0 = Debug|Any CPU
		{050DB3FB-3823-4D7F-A7F1-62A632179700}.Debug|iPhoneSimulator.ActiveCfg = Debug|Any CPU
		{050DB3FB-3823-4D7F-A7F1-62A632179700}.Debug|iPhoneSimulator.Build.0 = Debug|Any CPU
		{050DB3FB-3823-4D7F-A7F1-62A632179700}.Debug|x64.ActiveCfg = Debug|Any CPU
		{050DB3FB-3823-4D7F-A7F1-62A632179700}.Debug|x64.Build.0 = Debug|Any CPU
		{050DB3FB-3823-4D7F-A7F1-62A632179700}.Debug|x86.ActiveCfg = Debug|Any CPU
		{050DB3FB-3823-4D7F-A7F1-62A632179700}.Debug|x86.Build.0 = Debug|Any CPU
		{050DB3FB-3823-4D7F-A7F1-62A632179700}.Release|Any CPU.ActiveCfg = Release|Any CPU
		{050DB3FB-3823-4D7F-A7F1-62A632179700}.Release|Any CPU.Build.0 = Release|Any CPU
		{050DB3FB-3823-4D7F-A7F1-62A632179700}.Release|ARM.ActiveCfg = Release|Any CPU
		{050DB3FB-3823-4D7F-A7F1-62A632179700}.Release|ARM.Build.0 = Release|Any CPU
		{050DB3FB-3823-4D7F-A7F1-62A632179700}.Release|iPhone.ActiveCfg = Release|Any CPU
		{050DB3FB-3823-4D7F-A7F1-62A632179700}.Release|iPhone.Build.0 = Release|Any CPU
		{050DB3FB-3823-4D7F-A7F1-62A632179700}.Release|iPhoneSimulator.ActiveCfg = Release|Any CPU
		{050DB3FB-3823-4D7F-A7F1-62A632179700}.Release|iPhoneSimulator.Build.0 = Release|Any CPU
		{050DB3FB-3823-4D7F-A7F1-62A632179700}.Release|x64.ActiveCfg = Release|Any CPU
		{050DB3FB-3823-4D7F-A7F1-62A632179700}.Release|x64.Build.0 = Release|Any CPU
		{050DB3FB-3823-4D7F-A7F1-62A632179700}.Release|x86.ActiveCfg = Release|Any CPU
		{050DB3FB-3823-4D7F-A7F1-62A632179700}.Release|x86.Build.0 = Release|Any CPU
		{05BC7C4A-CCBD-4F19-8DEB-02801DBB2E55}.Ad-Hoc|Any CPU.ActiveCfg = Release|Any CPU
		{05BC7C4A-CCBD-4F19-8DEB-02801DBB2E55}.Ad-Hoc|Any CPU.Build.0 = Release|Any CPU
		{05BC7C4A-CCBD-4F19-8DEB-02801DBB2E55}.Ad-Hoc|ARM.ActiveCfg = Release|Any CPU
		{05BC7C4A-CCBD-4F19-8DEB-02801DBB2E55}.Ad-Hoc|ARM.Build.0 = Release|Any CPU
		{05BC7C4A-CCBD-4F19-8DEB-02801DBB2E55}.Ad-Hoc|iPhone.ActiveCfg = Release|Any CPU
		{05BC7C4A-CCBD-4F19-8DEB-02801DBB2E55}.Ad-Hoc|iPhone.Build.0 = Release|Any CPU
		{05BC7C4A-CCBD-4F19-8DEB-02801DBB2E55}.Ad-Hoc|iPhoneSimulator.ActiveCfg = Release|Any CPU
		{05BC7C4A-CCBD-4F19-8DEB-02801DBB2E55}.Ad-Hoc|iPhoneSimulator.Build.0 = Release|Any CPU
		{05BC7C4A-CCBD-4F19-8DEB-02801DBB2E55}.Ad-Hoc|x64.ActiveCfg = Release|Any CPU
		{05BC7C4A-CCBD-4F19-8DEB-02801DBB2E55}.Ad-Hoc|x64.Build.0 = Release|Any CPU
		{05BC7C4A-CCBD-4F19-8DEB-02801DBB2E55}.Ad-Hoc|x86.ActiveCfg = Release|Any CPU
		{05BC7C4A-CCBD-4F19-8DEB-02801DBB2E55}.Ad-Hoc|x86.Build.0 = Release|Any CPU
		{05BC7C4A-CCBD-4F19-8DEB-02801DBB2E55}.AppStore|Any CPU.ActiveCfg = Release|Any CPU
		{05BC7C4A-CCBD-4F19-8DEB-02801DBB2E55}.AppStore|Any CPU.Build.0 = Release|Any CPU
		{05BC7C4A-CCBD-4F19-8DEB-02801DBB2E55}.AppStore|ARM.ActiveCfg = Release|Any CPU
		{05BC7C4A-CCBD-4F19-8DEB-02801DBB2E55}.AppStore|ARM.Build.0 = Release|Any CPU
		{05BC7C4A-CCBD-4F19-8DEB-02801DBB2E55}.AppStore|iPhone.ActiveCfg = Release|Any CPU
		{05BC7C4A-CCBD-4F19-8DEB-02801DBB2E55}.AppStore|iPhone.Build.0 = Release|Any CPU
		{05BC7C4A-CCBD-4F19-8DEB-02801DBB2E55}.AppStore|iPhoneSimulator.ActiveCfg = Release|Any CPU
		{05BC7C4A-CCBD-4F19-8DEB-02801DBB2E55}.AppStore|iPhoneSimulator.Build.0 = Release|Any CPU
		{05BC7C4A-CCBD-4F19-8DEB-02801DBB2E55}.AppStore|x64.ActiveCfg = Release|Any CPU
		{05BC7C4A-CCBD-4F19-8DEB-02801DBB2E55}.AppStore|x64.Build.0 = Release|Any CPU
		{05BC7C4A-CCBD-4F19-8DEB-02801DBB2E55}.AppStore|x86.ActiveCfg = Release|Any CPU
		{05BC7C4A-CCBD-4F19-8DEB-02801DBB2E55}.AppStore|x86.Build.0 = Release|Any CPU
		{05BC7C4A-CCBD-4F19-8DEB-02801DBB2E55}.Debug|Any CPU.ActiveCfg = Debug|Any CPU
		{05BC7C4A-CCBD-4F19-8DEB-02801DBB2E55}.Debug|Any CPU.Build.0 = Debug|Any CPU
		{05BC7C4A-CCBD-4F19-8DEB-02801DBB2E55}.Debug|ARM.ActiveCfg = Debug|Any CPU
		{05BC7C4A-CCBD-4F19-8DEB-02801DBB2E55}.Debug|ARM.Build.0 = Debug|Any CPU
		{05BC7C4A-CCBD-4F19-8DEB-02801DBB2E55}.Debug|iPhone.ActiveCfg = Debug|Any CPU
		{05BC7C4A-CCBD-4F19-8DEB-02801DBB2E55}.Debug|iPhone.Build.0 = Debug|Any CPU
		{05BC7C4A-CCBD-4F19-8DEB-02801DBB2E55}.Debug|iPhoneSimulator.ActiveCfg = Debug|Any CPU
		{05BC7C4A-CCBD-4F19-8DEB-02801DBB2E55}.Debug|iPhoneSimulator.Build.0 = Debug|Any CPU
		{05BC7C4A-CCBD-4F19-8DEB-02801DBB2E55}.Debug|x64.ActiveCfg = Debug|Any CPU
		{05BC7C4A-CCBD-4F19-8DEB-02801DBB2E55}.Debug|x64.Build.0 = Debug|Any CPU
		{05BC7C4A-CCBD-4F19-8DEB-02801DBB2E55}.Debug|x86.ActiveCfg = Debug|Any CPU
		{05BC7C4A-CCBD-4F19-8DEB-02801DBB2E55}.Debug|x86.Build.0 = Debug|Any CPU
		{05BC7C4A-CCBD-4F19-8DEB-02801DBB2E55}.Release|Any CPU.ActiveCfg = Release|Any CPU
		{05BC7C4A-CCBD-4F19-8DEB-02801DBB2E55}.Release|Any CPU.Build.0 = Release|Any CPU
		{05BC7C4A-CCBD-4F19-8DEB-02801DBB2E55}.Release|ARM.ActiveCfg = Release|Any CPU
		{05BC7C4A-CCBD-4F19-8DEB-02801DBB2E55}.Release|ARM.Build.0 = Release|Any CPU
		{05BC7C4A-CCBD-4F19-8DEB-02801DBB2E55}.Release|iPhone.ActiveCfg = Release|Any CPU
		{05BC7C4A-CCBD-4F19-8DEB-02801DBB2E55}.Release|iPhone.Build.0 = Release|Any CPU
		{05BC7C4A-CCBD-4F19-8DEB-02801DBB2E55}.Release|iPhoneSimulator.ActiveCfg = Release|Any CPU
		{05BC7C4A-CCBD-4F19-8DEB-02801DBB2E55}.Release|iPhoneSimulator.Build.0 = Release|Any CPU
		{05BC7C4A-CCBD-4F19-8DEB-02801DBB2E55}.Release|x64.ActiveCfg = Release|Any CPU
		{05BC7C4A-CCBD-4F19-8DEB-02801DBB2E55}.Release|x64.Build.0 = Release|Any CPU
		{05BC7C4A-CCBD-4F19-8DEB-02801DBB2E55}.Release|x86.ActiveCfg = Release|Any CPU
		{05BC7C4A-CCBD-4F19-8DEB-02801DBB2E55}.Release|x86.Build.0 = Release|Any CPU
	EndGlobalSection
	GlobalSection(SolutionProperties) = preSolution
		HideSolutionNode = FALSE
	EndGlobalSection
EndGlobal
